# Generated by conda-lock.
# platform: linux-64
# input_hash: 45129d4891600cbebed054af93f99df16f4911de4fc4048069748c4c59c09eef
@EXPLICIT
https://conda.anaconda.org/conda-forge/linux-64/_libgcc_mutex-0.1-conda_forge.tar.bz2#d7c89558ba9fa0495403155b64376d81
https://conda.anaconda.org/conda-forge/linux-64/ca-certificates-2023.7.22-hbcca054_0.conda#a73ecd2988327ad4c8f2c331482917f2
https://conda.anaconda.org/conda-forge/noarch/font-ttf-dejavu-sans-mono-2.37-hab24e00_0.tar.bz2#0c96522c6bdaed4b1566d11387caaf45
https://conda.anaconda.org/conda-forge/noarch/font-ttf-inconsolata-3.000-h77eed37_0.tar.bz2#34893075a5c9e55cdafac56607368fc6
https://conda.anaconda.org/conda-forge/noarch/font-ttf-source-code-pro-2.038-h77eed37_0.tar.bz2#4d59c254e01d9cde7957100457e2d5fb
https://conda.anaconda.org/conda-forge/noarch/font-ttf-ubuntu-0.83-hab24e00_0.tar.bz2#19410c3df09dfb12d1206132a1d357c5
https://conda.anaconda.org/conda-forge/linux-64/ld_impl_linux-64-2.40-h41732ed_0.conda#7aca3059a1729aa76c597603f10b0dd3
https://conda.anaconda.org/conda-forge/linux-64/libgfortran5-13.1.0-h15d22d2_0.conda#afb656a334c409dd9805508af1c89c7a
https://conda.anaconda.org/conda-forge/linux-64/libstdcxx-ng-13.1.0-hfd8a6a1_0.conda#067bcc23164642f4c226da631f2a2e1d
https://conda.anaconda.org/conda-forge/linux-64/python_abi-3.8-3_cp38.conda#2f3f7af062b42d664117662612022204
https://conda.anaconda.org/conda-forge/noarch/fonts-conda-forge-1-0.tar.bz2#f766549260d6815b0c52253f1fb1bb29
https://conda.anaconda.org/conda-forge/linux-64/libgfortran-ng-13.1.0-h69a702a_0.conda#506dc07710dd5b0ba63cbf134897fc10
https://conda.anaconda.org/conda-forge/noarch/fonts-conda-ecosystem-1-0.tar.bz2#fee5683a3f04bd15cbd8318b096a27ab
https://conda.anaconda.org/conda-forge/linux-64/_openmp_mutex-4.5-2_kmp_llvm.tar.bz2#562b26ba2e19059551a811e72ab7f793
https://conda.anaconda.org/conda-forge/linux-64/libgcc-ng-13.1.0-he5830b7_0.conda#cd93f779ff018dd85c7544c015c9db3c
https://conda.anaconda.org/conda-forge/linux-64/alsa-lib-1.2.9-hd590300_0.conda#a0c6f0e7e1a467f5678f94dea18c8aa7
https://conda.anaconda.org/conda-forge/linux-64/attr-2.5.1-h166bdaf_1.tar.bz2#d9c69a24ad678ffce24c6543a0176b00
https://conda.anaconda.org/conda-forge/linux-64/bzip2-1.0.8-h7f98852_4.tar.bz2#a1fd65c7ccbf10880423d82bca54eb54
https://conda.anaconda.org/conda-forge/linux-64/gettext-0.21.1-h27087fc_0.tar.bz2#14947d8770185e5153fdd04d4673ed37
https://conda.anaconda.org/conda-forge/linux-64/graphite2-1.3.13-h58526e2_1001.tar.bz2#8c54672728e8ec6aa6db90cf2806d220
https://conda.anaconda.org/conda-forge/linux-64/icu-72.1-hcb278e6_0.conda#7c8d20d847bb45f56bd941578fcfa146
https://conda.anaconda.org/conda-forge/linux-64/keyutils-1.6.1-h166bdaf_0.tar.bz2#30186d27e2c9fa62b45fb1476b7200e3
https://conda.anaconda.org/conda-forge/linux-64/lame-3.100-h166bdaf_1003.tar.bz2#a8832b479f93521a9e7b5b743803be51
https://conda.anaconda.org/conda-forge/linux-64/lerc-4.0.0-h27087fc_0.tar.bz2#76bbff344f0134279f225174e9064c8f
https://conda.anaconda.org/conda-forge/linux-64/libbrotlicommon-1.1.0-hd590300_0.conda#e805cbec4c29feb22e019245f7e47b6c
https://conda.anaconda.org/conda-forge/linux-64/libdeflate-1.18-h0b41bf4_0.conda#6aa9c9de5542ecb07fdda9ca626252d8
https://conda.anaconda.org/conda-forge/linux-64/libexpat-2.5.0-hcb278e6_1.conda#6305a3dd2752c76335295da4e581f2fd
https://conda.anaconda.org/conda-forge/linux-64/libffi-3.4.2-h7f98852_5.tar.bz2#d645c6d2ac96843a2bfaccd2d62b3ac3
https://conda.anaconda.org/conda-forge/linux-64/libhiredis-1.0.2-h2cc385e_0.tar.bz2#b34907d3a81a3cd8095ee83d174c074a
https://conda.anaconda.org/conda-forge/linux-64/libiconv-1.17-h166bdaf_0.tar.bz2#b62b52da46c39ee2bc3c162ac7f1804d
https://conda.anaconda.org/conda-forge/linux-64/libjpeg-turbo-2.1.5.1-h0b41bf4_0.conda#1edd9e67bdb90d78cea97733ff6b54e6
https://conda.anaconda.org/conda-forge/linux-64/libnsl-2.0.0-h7f98852_0.tar.bz2#39b1328babf85c7c3a61636d9cd50206
https://conda.anaconda.org/conda-forge/linux-64/libogg-1.3.4-h7f98852_1.tar.bz2#6e8cc2173440d77708196c5b93771680
https://conda.anaconda.org/conda-forge/linux-64/libopenblas-0.3.23-pthreads_h80387f5_0.conda#9c5ea51ccb8ffae7d06c645869d24ce6
https://conda.anaconda.org/conda-forge/linux-64/libopus-1.3.1-h7f98852_1.tar.bz2#15345e56d527b330e1cacbdf58676e8f
https://conda.anaconda.org/conda-forge/linux-64/libuuid-2.38.1-h0b41bf4_0.conda#40b61aab5c7ba9ff276c41cfffe6b80b
https://conda.anaconda.org/conda-forge/linux-64/libwebp-base-1.3.1-hd590300_0.conda#82bf6f63eb15ef719b556b63feec3a77
https://conda.anaconda.org/conda-forge/linux-64/libzlib-1.2.13-hd590300_5.conda#f36c115f1ee199da648e0597ec2047ad
https://conda.anaconda.org/conda-forge/linux-64/lz4-c-1.9.4-hcb278e6_0.conda#318b08df404f9c9be5712aaa5a6f0bb0
https://conda.anaconda.org/conda-forge/linux-64/mpg123-1.31.3-hcb278e6_0.conda#141a126675b6d1a4eabb111a4a353898
https://conda.anaconda.org/conda-forge/linux-64/ncurses-6.4-hcb278e6_0.conda#681105bccc2a3f7f1a837d47d39c9179
https://conda.anaconda.org/conda-forge/linux-64/nspr-4.35-h27087fc_0.conda#da0ec11a6454ae19bff5b02ed881a2b1
https://conda.anaconda.org/conda-forge/linux-64/openssl-3.1.2-hd590300_0.conda#e5ac5227582d6c83ccf247288c0eb095
https://conda.anaconda.org/conda-forge/linux-64/pixman-0.40.0-h36c2ea0_0.tar.bz2#660e72c82f2e75a6b3fe6a6e75c79f19
https://conda.anaconda.org/conda-forge/linux-64/pthread-stubs-0.4-h36c2ea0_1001.tar.bz2#22dad4df6e8630e8dff2428f6f6a7036
https://conda.anaconda.org/conda-forge/linux-64/xorg-kbproto-1.0.7-h7f98852_1002.tar.bz2#4b230e8381279d76131116660f5a241a
https://conda.anaconda.org/conda-forge/linux-64/xorg-libice-1.1.1-hd590300_0.conda#b462a33c0be1421532f28bfe8f4a7514
https://conda.anaconda.org/conda-forge/linux-64/xorg-libxau-1.0.11-hd590300_0.conda#2c80dc38fface310c9bd81b17037fee5
https://conda.anaconda.org/conda-forge/linux-64/xorg-libxdmcp-1.1.3-h7f98852_0.tar.bz2#be93aabceefa2fac576e971aef407908
https://conda.anaconda.org/conda-forge/linux-64/xorg-renderproto-0.11.1-h7f98852_1002.tar.bz2#06feff3d2634e3097ce2fe681474b534
https://conda.anaconda.org/conda-forge/linux-64/xorg-xextproto-7.3.0-h0b41bf4_1003.conda#bce9f945da8ad2ae9b1d7165a64d0f87
https://conda.anaconda.org/conda-forge/linux-64/xorg-xf86vidmodeproto-2.3.1-h7f98852_1002.tar.bz2#3ceea9668625c18f19530de98b15d5b0
https://conda.anaconda.org/conda-forge/linux-64/xorg-xproto-7.0.31-h7f98852_1007.tar.bz2#b4a4381d54784606820704f7b5f05a15
https://conda.anaconda.org/conda-forge/linux-64/xz-5.2.6-h166bdaf_0.tar.bz2#2161070d867d1b1204ea749c8eec4ef0
https://conda.anaconda.org/conda-forge/linux-64/expat-2.5.0-hcb278e6_1.conda#8b9b5aca60558d02ddaa09d599e55920
https://conda.anaconda.org/conda-forge/linux-64/libblas-3.9.0-17_linux64_openblas.conda#57fb44770b1bc832fb2dbefa1bd502de
https://conda.anaconda.org/conda-forge/linux-64/libbrotlidec-1.1.0-hd590300_0.conda#43017394a280a42b48d11d2a6e169901
https://conda.anaconda.org/conda-forge/linux-64/libbrotlienc-1.1.0-hd590300_0.conda#8e3e1cb77c4b355a3776bdfb74095bed
https://conda.anaconda.org/conda-forge/linux-64/libcap-2.69-h0f662aa_0.conda#25cb5999faa414e5ccb2c1388f62d3d5
https://conda.anaconda.org/conda-forge/linux-64/libedit-3.1.20191231-he28a2e2_2.tar.bz2#4d331e44109e3f0e19b4cb8f9b82f3e1
https://conda.anaconda.org/conda-forge/linux-64/libevent-2.1.12-hf998b51_1.conda#a1cfcc585f0c42bf8d5546bb1dfb668d
https://conda.anaconda.org/conda-forge/linux-64/libflac-1.4.3-h59595ed_0.conda#ee48bf17cc83a00f59ca1494d5646869
https://conda.anaconda.org/conda-forge/linux-64/libgpg-error-1.47-h71f35ed_0.conda#c2097d0b46367996f09b4e8e4920384a
https://conda.anaconda.org/conda-forge/linux-64/libpng-1.6.39-h753d276_0.conda#e1c890aebdebbfbf87e2c917187b4416
https://conda.anaconda.org/conda-forge/linux-64/libsqlite-3.43.0-h2797004_0.conda#903fa782a9067d5934210df6d79220f6
https://conda.anaconda.org/conda-forge/linux-64/libvorbis-1.3.7-h9c3ff4c_0.tar.bz2#309dec04b70a3cc0f1e84a4013683bc0
https://conda.anaconda.org/conda-forge/linux-64/libxcb-1.15-h0b41bf4_0.conda#33277193f5b92bad9fdd230eb700929c
https://conda.anaconda.org/conda-forge/linux-64/libxml2-2.11.5-h0d562d8_0.conda#558ab736404275d7df61c473c1af35aa
https://conda.anaconda.org/conda-forge/linux-64/mysql-common-8.0.33-hf1915f5_2.conda#a55ff0ed12efd86cf3a3dfb750adb950
https://conda.anaconda.org/conda-forge/linux-64/openblas-0.3.23-pthreads_h855a84d_0.conda#ba8810202f8879562f01b4f9957c1ada
https://conda.anaconda.org/conda-forge/linux-64/pcre2-10.40-hc3806b6_0.tar.bz2#69e2c796349cd9b273890bee0febfe1b
https://conda.anaconda.org/conda-forge/linux-64/readline-8.2-h8228510_1.conda#47d31b792659ce70f470b5c82fdfb7a4
https://conda.anaconda.org/conda-forge/linux-64/tk-8.6.12-h27826a3_0.tar.bz2#5b8c42eb62e9fc961af70bdd6a26e168
https://conda.anaconda.org/conda-forge/linux-64/xorg-libsm-1.2.4-h7391055_0.conda#93ee23f12bc2e684548181256edd2cf6
https://conda.anaconda.org/conda-forge/linux-64/zlib-1.2.13-hd590300_5.conda#68c34ec6149623be41a1933ab996a209
https://conda.anaconda.org/conda-forge/linux-64/zstd-1.5.5-hfc55251_0.conda#04b88013080254850d6c01ed54810589
https://conda.anaconda.org/conda-forge/linux-64/brotli-bin-1.1.0-hd590300_0.conda#aeafb07a327e3f14a796bf081ea07472
https://conda.anaconda.org/conda-forge/linux-64/ccache-4.8.1-h1fcd64f_0.conda#fd37a0c47d8b3667b73af0549037ce83
https://conda.anaconda.org/conda-forge/linux-64/freetype-2.12.1-hca18f0e_1.conda#e1232042de76d24539a436d37597eb06
https://conda.anaconda.org/conda-forge/linux-64/krb5-1.21.2-h659d440_0.conda#cd95826dbd331ed1be26bdf401432844
https://conda.anaconda.org/conda-forge/linux-64/libcblas-3.9.0-17_linux64_openblas.conda#7ef0969b00fe3d6eef56a8151d3afb29
https://conda.anaconda.org/conda-forge/linux-64/libgcrypt-1.10.1-h166bdaf_0.tar.bz2#f967fc95089cd247ceed56eda31de3a9
https://conda.anaconda.org/conda-forge/linux-64/libglib-2.76.4-hebfc3b9_0.conda#c6f951789c888f7bbd2dd6858eab69de
https://conda.anaconda.org/conda-forge/linux-64/liblapack-3.9.0-17_linux64_openblas.conda#a2103882c46492e26500fcb56c03de8b
https://conda.anaconda.org/conda-forge/linux-64/libllvm15-15.0.7-h5cf9203_3.conda#9efe82d44b76a7529a1d702e5a37752e
https://conda.anaconda.org/conda-forge/linux-64/libsndfile-1.2.2-hbc2eb40_0.conda#38f84d395629e48b7c7b48a8ca740341
https://conda.anaconda.org/conda-forge/linux-64/libtiff-4.5.1-h8b53f26_1.conda#5b09e13d732dda1a2bc9adc711164f4d
https://conda.anaconda.org/conda-forge/linux-64/llvm-openmp-16.0.6-h4dfa4b3_0.conda#b096c85c415519259e731d8fb719a3ef
https://conda.anaconda.org/conda-forge/linux-64/mysql-libs-8.0.33-hca2cd23_2.conda#b2f09078f50b9e859aca3f0dc1cc8b7e
https://conda.anaconda.org/conda-forge/linux-64/nss-3.92-h1d7d5a4_0.conda#22c89a3d87828fe925b310b9cdf0f574
https://conda.anaconda.org/conda-forge/linux-64/python-3.8.17-he550d4f_0_cpython.conda#72d038de0a228e4f0ef4011940641293
https://conda.anaconda.org/conda-forge/linux-64/xcb-util-0.4.0-hd590300_1.conda#9bfac7ccd94d54fd21a0501296d60424
https://conda.anaconda.org/conda-forge/linux-64/xcb-util-keysyms-0.4.0-h8ee46fc_1.conda#632413adcd8bc16b515cab87a2932913
https://conda.anaconda.org/conda-forge/linux-64/xcb-util-renderutil-0.3.9-hd590300_1.conda#e995b155d938b6779da6ace6c6b13816
https://conda.anaconda.org/conda-forge/linux-64/xcb-util-wm-0.4.1-h8ee46fc_1.conda#90108a432fb5c6150ccfee3f03388656
https://conda.anaconda.org/conda-forge/linux-64/xorg-libx11-1.8.6-h8ee46fc_0.conda#7590b76c3d11d21caa44f3fc38ac584a
https://conda.anaconda.org/conda-forge/linux-64/brotli-1.1.0-hd590300_0.conda#3db48055eab680e43a122e2c7494e7ae
https://conda.anaconda.org/conda-forge/linux-64/brotli-python-1.1.0-py38h17151c0_0.conda#5b332445993432e76df706fe1ebe776d
https://conda.anaconda.org/conda-forge/noarch/certifi-2023.7.22-pyhd8ed1ab_0.conda#7f3dbc9179b4dde7da98dfb151d0ad22
https://conda.anaconda.org/conda-forge/noarch/charset-normalizer-3.2.0-pyhd8ed1ab_0.conda#313516e9a4b08b12dfb1e1cd390a96e3
https://conda.anaconda.org/conda-forge/noarch/colorama-0.4.6-pyhd8ed1ab_0.tar.bz2#3faab06a954c2a04039983f2c4a50d99
https://conda.anaconda.org/conda-forge/noarch/cycler-0.11.0-pyhd8ed1ab_0.tar.bz2#a50559fad0affdbb33729a68669ca1cb
https://conda.anaconda.org/conda-forge/linux-64/cython-0.29.36-py38h17151c0_0.conda#db0e2e64a90671e2b0821c785e1d90f2
https://conda.anaconda.org/conda-forge/linux-64/dbus-1.13.6-h5008d03_3.tar.bz2#ecfff944ba3960ecb334b9a2663d708d
https://conda.anaconda.org/conda-forge/noarch/exceptiongroup-1.1.3-pyhd8ed1ab_0.conda#e6518222753f519e911e83136d2158d9
https://conda.anaconda.org/conda-forge/noarch/execnet-2.0.2-pyhd8ed1ab_0.conda#67de0d8241e1060a479e3c37793e26f9
https://conda.anaconda.org/conda-forge/linux-64/fontconfig-2.14.2-h14ed4e7_0.conda#0f69b688f52ff6da70bccb7ff7001d1d
https://conda.anaconda.org/conda-forge/linux-64/glib-tools-2.76.4-hfc55251_0.conda#76ac435b8668f636a39fcb155c3543fd
https://conda.anaconda.org/conda-forge/noarch/idna-3.4-pyhd8ed1ab_0.tar.bz2#34272b248891bddccc64479f9a7fffed
https://conda.anaconda.org/conda-forge/noarch/iniconfig-2.0.0-pyhd8ed1ab_0.conda#f800d2da156d08e289b14e87e43c1ae5
https://conda.anaconda.org/conda-forge/linux-64/kiwisolver-1.4.5-py38h7f3f72f_0.conda#eec56ac40315e360dd57c2de6604a325
https://conda.anaconda.org/conda-forge/linux-64/lcms2-2.15-haa2dc70_1.conda#980d8aca0bc23ca73fa8caa3e7c84c28
https://conda.anaconda.org/conda-forge/linux-64/libclang13-15.0.7-default_h9986a30_3.conda#1720df000b48e31842500323cb7be18c
https://conda.anaconda.org/conda-forge/linux-64/libcups-2.3.3-h4637d8d_4.conda#d4529f4dff3057982a7617c7ac58fde3
https://conda.anaconda.org/conda-forge/linux-64/liblapacke-3.9.0-17_linux64_openblas.conda#949709aa6ee6a2dcdb3de6dd99147d17
https://conda.anaconda.org/conda-forge/linux-64/libpq-15.4-hfc447b1_0.conda#b9ce311e7aba8b5fc3122254f0a6e97e
https://conda.anaconda.org/conda-forge/linux-64/libsystemd0-254-h3516f8a_0.conda#df4b1cd0c91b4234fb02b5701a4cdddc
https://conda.anaconda.org/conda-forge/noarch/munkres-1.1.4-pyh9f0ad1d_0.tar.bz2#2ba8498c1018c1e9c61eb99b973dfe19
https://conda.anaconda.org/conda-forge/linux-64/numpy-1.24.4-py38h59b608b_0.conda#8c3e050afeeb2b32575bdb8955cc67b2
https://conda.anaconda.org/conda-forge/linux-64/openjpeg-2.5.0-hfec8fc6_2.conda#5ce6a42505c6e9e6151c54c3ec8d68ea
https://conda.anaconda.org/conda-forge/noarch/packaging-23.1-pyhd8ed1ab_0.conda#91cda59e66e1e4afe9476f8ef98f5c30
https://conda.anaconda.org/conda-forge/noarch/pluggy-1.3.0-pyhd8ed1ab_0.conda#2390bd10bed1f3fdc7a537fb5a447d8d
https://conda.anaconda.org/conda-forge/noarch/ply-3.11-py_1.tar.bz2#7205635cd71531943440fbfe3b6b5727
https://conda.anaconda.org/conda-forge/noarch/py-1.11.0-pyh6c4a22f_0.tar.bz2#b4613d7e7a493916d867842a6a148054
https://conda.anaconda.org/conda-forge/noarch/pyparsing-3.0.9-pyhd8ed1ab_0.tar.bz2#e8fbc1b54b25f4b08281467bc13b70cc
https://conda.anaconda.org/conda-forge/noarch/pysocks-1.7.1-pyha2e5f31_6.tar.bz2#2a7de29fb590ca14b5243c4c812c8025
https://conda.anaconda.org/conda-forge/noarch/python-tzdata-2023.3-pyhd8ed1ab_0.conda#2590495f608a63625e165915fb4e2e34
https://conda.anaconda.org/conda-forge/noarch/pytz-2023.3-pyhd8ed1ab_0.conda#d3076b483092a435832603243567bc31
https://conda.anaconda.org/conda-forge/noarch/setuptools-68.1.2-pyhd8ed1ab_0.conda#4fe12573bf499ff85a0a364e00cc5c53
https://conda.anaconda.org/conda-forge/noarch/six-1.16.0-pyh6c4a22f_0.tar.bz2#e5f25f8dbc060e9a8d912e432202afc2
https://conda.anaconda.org/conda-forge/noarch/threadpoolctl-3.2.0-pyha21a80b_0.conda#978d03388b62173b8e6f79162cf52b86
https://conda.anaconda.org/conda-forge/noarch/toml-0.10.2-pyhd8ed1ab_0.tar.bz2#f832c45a477c78bebd107098db465095
https://conda.anaconda.org/conda-forge/noarch/tomli-2.0.1-pyhd8ed1ab_0.tar.bz2#5844808ffab9ebdb694585b50ba02a96
https://conda.anaconda.org/conda-forge/linux-64/tornado-6.3.3-py38h01eb140_0.conda#465bbfc0eb2022837d957d045b6b627a
https://conda.anaconda.org/conda-forge/noarch/typing_extensions-4.7.1-pyha770c72_0.conda#c39d6a09fe819de4951c2642629d9115
https://conda.anaconda.org/conda-forge/linux-64/unicodedata2-15.0.0-py38h0a891b7_0.tar.bz2#44421904760e9f5ae2035193e04360f0
https://conda.anaconda.org/conda-forge/linux-64/xcb-util-image-0.4.0-h8ee46fc_1.conda#9d7bcddf49cbf727730af10e71022c73
https://conda.anaconda.org/conda-forge/linux-64/xkeyboard-config-2.39-hd590300_0.conda#d88c7fc8a11858fb14761832e4da1954
https://conda.anaconda.org/conda-forge/linux-64/xorg-libxext-1.3.4-h0b41bf4_2.conda#82b6df12252e6f32402b96dacc656fec
https://conda.anaconda.org/conda-forge/linux-64/xorg-libxrender-0.9.11-hd590300_0.conda#ed67c36f215b310412b2af935bf3e530
https://conda.anaconda.org/conda-forge/noarch/zipp-3.16.2-pyhd8ed1ab_0.conda#2da0451b54c4563c32490cb1b7cf68a1
https://conda.anaconda.org/conda-forge/linux-64/blas-devel-3.9.0-17_linux64_openblas.conda#fde382e41d77b65315fab79ab93a20ab
https://conda.anaconda.org/conda-forge/linux-64/cairo-1.16.0-hbbf8b49_1016.conda#c1dd96500b9b1a75e9e511931f415cbc
https://conda.anaconda.org/conda-forge/linux-64/contourpy-1.1.0-py38h7f3f72f_0.conda#0fdf3cc879156e0234e05962d55b6502
https://conda.anaconda.org/conda-forge/linux-64/fonttools-4.42.1-py38h01eb140_0.conda#2badb9c3e1f9c3e51c0e69146f7be4d4
https://conda.anaconda.org/conda-forge/linux-64/glib-2.76.4-hfc55251_0.conda#dbcec5fd9c6c8be24b23575048755a59
https://conda.anaconda.org/conda-forge/noarch/importlib_resources-6.0.1-pyhd8ed1ab_0.conda#d978c61aa5fc2c69380d53ad56b5ae86
https://conda.anaconda.org/conda-forge/noarch/joblib-1.3.2-pyhd8ed1ab_0.conda#4da50d410f553db77e62ab62ffaa1abc
https://conda.anaconda.org/conda-forge/linux-64/libclang-15.0.7-default_h7634d5b_3.conda#0922208521c0463e690bbaebba7eb551
https://conda.anaconda.org/conda-forge/linux-64/libxkbcommon-1.5.0-h5d7e998_3.conda#c91ea308d7bf70b62ddda568478aa03b
https://conda.anaconda.org/conda-forge/linux-64/pillow-10.0.0-py38h885162f_0.conda#777c54134d5422a867aed7084cf5db5e
https://conda.anaconda.org/conda-forge/linux-64/pulseaudio-client-16.1-hb77b528_4.conda#8f349ca16d30950aa00870484d9d30c4
https://conda.anaconda.org/conda-forge/noarch/pytest-7.4.0-pyhd8ed1ab_0.conda#3cfe9b9e958e7238a386933c75d190db
https://conda.anaconda.org/conda-forge/noarch/python-dateutil-2.8.2-pyhd8ed1ab_0.tar.bz2#dd999d1cc9f79e67dbb855c8924c7984
https://conda.anaconda.org/conda-forge/linux-64/sip-6.7.11-py38h17151c0_0.conda#f05f0120127bac812e948b02997e4374
https://conda.anaconda.org/conda-forge/noarch/typing-extensions-4.7.1-hd8ed1ab_0.conda#f96688577f1faa58096d06a45136afa2
https://conda.anaconda.org/conda-forge/noarch/urllib3-2.0.4-pyhd8ed1ab_0.conda#18badd8fa3648d1beb1fcc7f2e0f756e
https://conda.anaconda.org/conda-forge/linux-64/blas-2.117-openblas.conda#54b4b02b897156056f3056f992261d0c
https://conda.anaconda.org/conda-forge/linux-64/gstreamer-1.22.5-h98fc4e7_0.conda#2f45c1da3828ec2dc44d84b68916e3e7
https://conda.anaconda.org/conda-forge/linux-64/harfbuzz-7.3.0-hdb3a94d_0.conda#765bc76c0dfaf24ff9d8a2935b2510df
https://conda.anaconda.org/conda-forge/noarch/importlib-resources-6.0.1-pyhd8ed1ab_0.conda#54661981fd331e20847d8a49543dd9af
https://conda.anaconda.org/conda-forge/linux-64/pandas-2.0.3-py38h01efb38_1.conda#01a2b6144e65631e2fe24e569d0738ee
https://conda.anaconda.org/conda-forge/noarch/platformdirs-3.10.0-pyhd8ed1ab_0.conda#0809187ef9b89a3d94a5c24d13936236
https://conda.anaconda.org/conda-forge/linux-64/pyqt5-sip-12.12.2-py38h17151c0_4.conda#95447fd7bd5b420df7e7eb405f19f463
https://conda.anaconda.org/conda-forge/noarch/pytest-forked-1.6.0-pyhd8ed1ab_0.conda#a46947638b6e005b63d2d6271da529b0
https://conda.anaconda.org/conda-forge/noarch/requests-2.31.0-pyhd8ed1ab_0.conda#a30144e4156cdbb236f99ebb49828f8b
https://conda.anaconda.org/conda-forge/linux-64/gst-plugins-base-1.22.5-hf7dbed1_0.conda#ad8e8068208846032d6e9ce73d406cee
https://conda.anaconda.org/conda-forge/linux-64/matplotlib-base-3.7.2-py38hf5b0b65_0.conda#e98a10bb5dd27b540d07a4d37214b85c
https://conda.anaconda.org/conda-forge/noarch/pooch-1.7.0-pyha770c72_3.conda#5936894aade8240c867d292aa0d980c6
https://conda.anaconda.org/conda-forge/noarch/pytest-xdist-2.5.0-pyhd8ed1ab_0.tar.bz2#1fdd1f3baccf0deb647385c677a1a48e
https://conda.anaconda.org/conda-forge/linux-64/qt-main-5.15.8-h7fe3ca9_15.conda#f09d307dd78e61e4eb2c6c2f81056d0e
https://conda.anaconda.org/conda-forge/linux-64/scipy-1.10.1-py38h59b608b_3.conda#2f2a57462fcfbc67dfdbb0de6f7484c2
https://conda.anaconda.org/conda-forge/linux-64/pyamg-5.0.1-py38h905acbe_0.conda#82480fd649a2e1ed61baac8b0e0387a2
https://conda.anaconda.org/conda-forge/linux-64/pyqt-5.15.9-py38hffdaa6c_4.conda#8a230666b1e346b9bc995a8eef0c732e
https://conda.anaconda.org/conda-forge/linux-64/matplotlib-3.7.2-py38h578d9bd_0.conda#ab4f8f744029755778a4876559bec6ec
