# Generated by conda-lock.
# platform: linux-64
# input_hash: bc3205329e5f838f2018cbcf919b18b3b16ead68f2ae45e3f1b4518b73dc95e2
@EXPLICIT
https://repo.anaconda.com/pkgs/main/linux-64/_libgcc_mutex-0.1-main.conda#c3473ff8bdb3d124ed5ff11ec380d6f9
https://repo.anaconda.com/pkgs/main/linux-64/blas-1.0-openblas.conda#9ddfcaef10d79366c90128f5dc444be8
https://repo.anaconda.com/pkgs/main/linux-64/ca-certificates-2022.4.26-h06a4308_0.conda#fc9c0bf2e7893f5407ff74289dbcf295
https://repo.anaconda.com/pkgs/main/linux-64/ld_impl_linux-64-2.38-h1181459_1.conda#68eedfd9c06f2b0e6888d8db345b7f5b
https://repo.anaconda.com/pkgs/main/linux-64/libgfortran4-7.5.0-ha8ba4b0_17.conda#e3883581cbf0a98672250c3e80d292bf
https://repo.anaconda.com/pkgs/main/linux-64/libstdcxx-ng-11.2.0-h1234567_1.conda#57623d10a70e09e1d048c2b2b6f4e2dd
https://repo.anaconda.com/pkgs/main/linux-64/libgfortran-ng-7.5.0-ha8ba4b0_17.conda#ecb35c8952579d5c8dc56c6e076ba948
https://repo.anaconda.com/pkgs/main/linux-64/libgomp-11.2.0-h1234567_1.conda#b372c0eea9b60732fdae4b817a63c8cd
https://repo.anaconda.com/pkgs/main/linux-64/_openmp_mutex-5.1-1_gnu.conda#71d281e9c2192cb3fa425655a8defb85
https://repo.anaconda.com/pkgs/main/linux-64/libgcc-ng-11.2.0-h1234567_1.conda#a87728dabf3151fb9cfa990bd2eb0464
https://repo.anaconda.com/pkgs/main/linux-64/expat-2.4.4-h295c915_0.conda#f9930c60940181cf06d0bd0b8095063c
https://repo.anaconda.com/pkgs/main/linux-64/giflib-5.2.1-h7b6447c_0.conda#c2583ad8de5051f19479580c58336f15
https://repo.anaconda.com/pkgs/main/linux-64/icu-58.2-he6710b0_3.conda#48cc14d5ad1a9bcd8dac17211a8deb8b
https://repo.anaconda.com/pkgs/main/linux-64/jpeg-9e-h7f8727e_0.conda#a0571bd2254b360aef526307a17f3526
https://repo.anaconda.com/pkgs/main/linux-64/libffi-3.3-he6710b0_2.conda#88a54b8f50e351c650e16f4ee781440c
https://repo.anaconda.com/pkgs/main/linux-64/libopenblas-0.3.18-hf726d26_0.conda#10422bb3b9b022e27798fc368cda69ba
https://repo.anaconda.com/pkgs/main/linux-64/libuuid-1.0.3-h7f8727e_2.conda#6c4c9e96bfa4744d4839b9ed128e1114
https://repo.anaconda.com/pkgs/main/linux-64/libwebp-base-1.2.2-h7f8727e_0.conda#162451b4884cfc7db8400580c711e83a
https://repo.anaconda.com/pkgs/main/linux-64/libxcb-1.15-h7f8727e_0.conda#ada518dcadd6aaee9aae47ba9a671553
https://repo.anaconda.com/pkgs/main/linux-64/lz4-c-1.9.3-h295c915_1.conda#d9bd18f73ff566e08add10a54a3463cf
https://repo.anaconda.com/pkgs/main/linux-64/ncurses-6.3-h7f8727e_2.conda#4edf660a09cc7adcb21120464b2a1783
https://repo.anaconda.com/pkgs/main/linux-64/openssl-1.1.1o-h7f8727e_0.conda#dff07c1e2347fed6e5a3afbbcd5bddcc
https://repo.anaconda.com/pkgs/main/linux-64/pcre-8.45-h295c915_0.conda#b32ccc24d1d9808618c1e898da60f68d
https://repo.anaconda.com/pkgs/main/linux-64/xz-5.2.5-h7f8727e_1.conda#5d01fcf310bf465237f6b95a019d73bc
https://repo.anaconda.com/pkgs/main/linux-64/zlib-1.2.12-h7f8727e_2.conda#4f4080e9939f082332cd8be7fedad087
https://repo.anaconda.com/pkgs/main/linux-64/ccache-3.7.9-hfe4627d_0.conda#bef6fc681c273bb7bd0c67d1a591365e
https://repo.anaconda.com/pkgs/main/linux-64/glib-2.69.1-h4ff587b_1.conda#4c3eae7c0b8b1c8fb3046a0740313bbf
https://repo.anaconda.com/pkgs/main/linux-64/libpng-1.6.37-hbc83047_0.conda#689f903925dcf6c5ab7bc1de0f58b67b
https://repo.anaconda.com/pkgs/main/linux-64/libxml2-2.9.14-h74e7548_0.conda#2eafeb1cb5f00b034d150f3d70436e52
https://repo.anaconda.com/pkgs/main/linux-64/readline-8.1.2-h7f8727e_1.conda#ea33f478fea12406f394944e7e4f3d20
https://repo.anaconda.com/pkgs/main/linux-64/tk-8.6.12-h1ccaba5_0.conda#fa10ff4aa631fa4aa090a6234d7770b9
https://repo.anaconda.com/pkgs/main/linux-64/zstd-1.5.2-ha4553b6_0.conda#0e926a5f2e02fe4a9376ece4b732ce36
https://repo.anaconda.com/pkgs/main/linux-64/dbus-1.13.18-hb2f20db_0.conda#6a6a6f1391f807847404344489ef6cf4
https://repo.anaconda.com/pkgs/main/linux-64/freetype-2.11.0-h70c0345_0.conda#b767874a6273e1058027cb2e300d00ac
https://repo.anaconda.com/pkgs/main/linux-64/gstreamer-1.14.0-h28cd5cc_2.conda#6af5d0cbd7310e1cd8a6a5c1c99649b2
https://repo.anaconda.com/pkgs/main/linux-64/libtiff-4.2.0-h2818925_1.conda#4197d70794ffb5386cf9d4b59233c481
https://repo.anaconda.com/pkgs/main/linux-64/sqlite-3.38.5-hc218d9a_0.conda#ed2668e84d5e2730827ad737bc5231a3
https://repo.anaconda.com/pkgs/main/linux-64/fontconfig-2.13.1-h6c09931_0.conda#fa04e89166d4b44326c6d76e2f708715
https://repo.anaconda.com/pkgs/main/linux-64/gst-plugins-base-1.14.0-h8213a91_2.conda#838648422452405b86699e780e293c1d
https://repo.anaconda.com/pkgs/main/linux-64/lcms2-2.12-h3be6417_0.conda#719db47afba9f6586eecb5eacac70bff
https://repo.anaconda.com/pkgs/main/linux-64/libwebp-1.2.2-h55f646e_0.conda#c9ed6bddefc09dbfc246301c3ce3ca14
https://repo.anaconda.com/pkgs/main/linux-64/python-3.8.13-h12debd9_0.conda#edc17980bae484b711e090f0a0cbbaef
https://repo.anaconda.com/pkgs/main/noarch/attrs-21.4.0-pyhd3eb1b0_0.conda#3bc977a57587a7964921e3e1e2e31f9e
https://repo.anaconda.com/pkgs/main/linux-64/certifi-2022.6.15-py38h06a4308_0.conda#ebd13bbcc4bd93d8e743be775cc9b865
https://repo.anaconda.com/pkgs/main/noarch/charset-normalizer-2.0.4-pyhd3eb1b0_0.conda#e7a441d94234b2b5fafee06e25dbf076
https://repo.anaconda.com/pkgs/main/linux-64/coverage-6.2-py38h7f8727e_0.conda#34a3006ca7d8d286b63593b31b845ace
https://repo.anaconda.com/pkgs/main/noarch/cycler-0.11.0-pyhd3eb1b0_0.conda#f5e365d2cdb66d547eb8c3ab93843aab
https://repo.anaconda.com/pkgs/main/linux-64/cython-0.29.28-py38h295c915_0.conda#5c546bcf04d20b8291d5794227de04fa
https://repo.anaconda.com/pkgs/main/noarch/execnet-1.9.0-pyhd3eb1b0_0.conda#f895937671af67cebb8af617494b3513
https://repo.anaconda.com/pkgs/main/noarch/idna-3.3-pyhd3eb1b0_0.conda#8f43a528cf83b43af38a4d142fa38b8a
https://repo.anaconda.com/pkgs/main/noarch/iniconfig-1.1.1-pyhd3eb1b0_0.tar.bz2#e40edff2c5708f342cef43c7f280c507
https://repo.anaconda.com/pkgs/main/noarch/joblib-1.1.0-pyhd3eb1b0_0.conda#cae25b839f3b24686e683addde01b742
https://repo.anaconda.com/pkgs/main/linux-64/kiwisolver-1.4.2-py38h295c915_0.conda#00e5f5a50b547c8c31d1a559828f3251
https://repo.anaconda.com/pkgs/main/linux-64/numpy-base-1.17.3-py38h2f8d375_0.conda#40edbb76ecacefb1e6ab639b514822b1
https://repo.anaconda.com/pkgs/main/linux-64/pillow-9.0.1-py38h22f2fdc_0.conda#13c7b8b727dc6af99e9f6d75b3ec18f3
https://repo.anaconda.com/pkgs/main/linux-64/pluggy-1.0.0-py38h06a4308_1.conda#87bb1d3f6cf3e409a1dac38cee99918e
https://repo.anaconda.com/pkgs/main/noarch/py-1.11.0-pyhd3eb1b0_0.conda#7205a898ed2abbf6e9b903dff6abe08e
https://repo.anaconda.com/pkgs/main/noarch/pycparser-2.21-pyhd3eb1b0_0.conda#135a72ff2a31150a3a3ff0b1edd41ca9
https://repo.anaconda.com/pkgs/main/noarch/pyparsing-3.0.4-pyhd3eb1b0_0.conda#6bca2ae9c9aae9ccdebcb8cf2aa87cb3
https://repo.anaconda.com/pkgs/main/linux-64/pysocks-1.7.1-py38h06a4308_0.conda#21c67581f3a81ffbb02728eb2178d693
https://repo.anaconda.com/pkgs/main/linux-64/pytz-2022.1-py38h06a4308_0.conda#d9e022584b586338e235e41a76ccc657
https://repo.anaconda.com/pkgs/main/linux-64/qt-5.9.7-h5867ecd_1.conda#05507dbc35c46ac5a7066fc860a62341
https://repo.anaconda.com/pkgs/main/linux-64/sip-4.19.13-py38h295c915_0.conda#2046e66b7d12f7c0cda5687e4c27b692
https://repo.anaconda.com/pkgs/main/noarch/six-1.16.0-pyhd3eb1b0_1.conda#34586824d411d36af2fa40e799c172d0
https://repo.anaconda.com/pkgs/main/noarch/threadpoolctl-2.2.0-pyh0d69192_0.conda#bbfdbae4934150b902f97daaf287efe2
https://repo.anaconda.com/pkgs/main/noarch/toml-0.10.2-pyhd3eb1b0_0.conda#cda05f5f6d8509529d1a2743288d197a
https://repo.anaconda.com/pkgs/main/noarch/tomli-1.2.2-pyhd3eb1b0_0.conda#8fa7bbbcaeed916ec190614d21b7a9ce
https://repo.anaconda.com/pkgs/main/linux-64/tornado-6.1-py38h27cfd23_0.conda#d2d3043f631807af72b0fde504baf625
https://repo.anaconda.com/pkgs/main/linux-64/cffi-1.15.0-py38hd667e15_1.conda#7b12fe728b28de7b8851af1eb1ba1d38
https://repo.anaconda.com/pkgs/main/linux-64/numpy-1.17.3-py38h7e8d029_0.conda#5f2b196b515f8fe6b37e3d224650577d
https://repo.anaconda.com/pkgs/main/noarch/packaging-21.3-pyhd3eb1b0_0.conda#07bbfbb961db7fa329cc42716943ea62
https://repo.anaconda.com/pkgs/main/linux-64/pyqt-5.9.2-py38h05f1152_4.conda#d3e6b8e1a634125414f87f231c755dae
https://repo.anaconda.com/pkgs/main/noarch/python-dateutil-2.8.2-pyhd3eb1b0_0.conda#211ee00320b08a1ac9fea6677649f6c9
https://repo.anaconda.com/pkgs/main/linux-64/setuptools-61.2.0-py38h06a4308_0.conda#c5e94bc1e8e443ae6d53b191a351591e
https://repo.anaconda.com/pkgs/main/linux-64/brotlipy-0.7.0-py38h27cfd23_1003.conda#e881c8ee8a4048f29da5d20f0330fe37
https://repo.anaconda.com/pkgs/main/linux-64/cryptography-37.0.1-py38h9ce1e76_0.conda#16d301ed789096eb9881a25ed7a1155e
https://repo.anaconda.com/pkgs/main/linux-64/matplotlib-base-3.1.2-py38hef1b27d_1.conda#5e99f974f4c2757791aa10a27596230a
https://repo.anaconda.com/pkgs/main/linux-64/pandas-1.2.4-py38ha9443f7_0.conda#5bd3fd807a294f387feabc65821b75d0
https://repo.anaconda.com/pkgs/main/linux-64/pytest-7.1.2-py38h06a4308_0.conda#8d7f526a3d29273e06957d302f515755
https://repo.anaconda.com/pkgs/main/linux-64/scipy-1.3.2-py38he2b7bc3_0.conda#a9df91d5a41c1f39524fc8a53c56bc29
https://repo.anaconda.com/pkgs/main/linux-64/matplotlib-3.1.2-py38_1.conda#1781036a02c5def820ea2923074d158a
https://repo.anaconda.com/pkgs/main/linux-64/pyamg-4.1.0-py38h9a67853_0.conda#9b0bffd5f67e0c5ee3c226e5518991fb
https://repo.anaconda.com/pkgs/main/noarch/pyopenssl-22.0.0-pyhd3eb1b0_0.conda#1dbbf9422269cd62c7094960d9b43f36
https://repo.anaconda.com/pkgs/main/noarch/pytest-cov-3.0.0-pyhd3eb1b0_0.conda#bbdaac2947f507399816d509107945c2
https://repo.anaconda.com/pkgs/main/noarch/pytest-forked-1.3.0-pyhd3eb1b0_0.tar.bz2#07970bffdc78f417d7f8f1c7e620f5c4
https://repo.anaconda.com/pkgs/main/noarch/pytest-xdist-2.5.0-pyhd3eb1b0_0.conda#d15cdc4207bcf8ca920822597f1d138d
https://repo.anaconda.com/pkgs/main/linux-64/urllib3-1.26.9-py38h06a4308_0.conda#40c1c6f5e634ec77344a822ab3aa84cc
https://repo.anaconda.com/pkgs/main/noarch/requests-2.27.1-pyhd3eb1b0_0.conda#9b593f86737e69140c47c2107ecf277c
https://repo.anaconda.com/pkgs/main/noarch/codecov-2.1.11-pyhd3eb1b0_0.conda#83a743cc928162d53d4066c43468b2c7
