# Generated by conda-lock.
# platform: linux-64
# input_hash: d4063b0b99f7a39e30c5f6e2d9c5dd293d9b206ce326841bf811534ea1be79f0
@EXPLICIT
https://repo.anaconda.com/pkgs/main/linux-64/_libgcc_mutex-0.1-main.conda#c3473ff8bdb3d124ed5ff11ec380d6f9
https://repo.anaconda.com/pkgs/main/linux-64/ca-certificates-2024.3.11-h06a4308_0.conda#08529eb3504712baabcbda266a19feb7
https://repo.anaconda.com/pkgs/main/linux-64/ld_impl_linux-64-2.38-h1181459_1.conda#68eedfd9c06f2b0e6888d8db345b7f5b
https://repo.anaconda.com/pkgs/main/noarch/tzdata-2024a-h04d1e81_0.conda#452af53adae0a5b06eb5d05c707b2f25
https://repo.anaconda.com/pkgs/main/linux-64/libgomp-11.2.0-h1234567_1.conda#b372c0eea9b60732fdae4b817a63c8cd
https://repo.anaconda.com/pkgs/main/linux-64/libstdcxx-ng-11.2.0-h1234567_1.conda#57623d10a70e09e1d048c2b2b6f4e2dd
https://repo.anaconda.com/pkgs/main/linux-64/_openmp_mutex-5.1-1_gnu.conda#71d281e9c2192cb3fa425655a8defb85
https://repo.anaconda.com/pkgs/main/linux-64/libgcc-ng-11.2.0-h1234567_1.conda#a87728dabf3151fb9cfa990bd2eb0464
https://repo.anaconda.com/pkgs/main/linux-64/libffi-3.4.4-h6a678d5_0.conda#06e288f9250abef59b9a367d151fc339
https://repo.anaconda.com/pkgs/main/linux-64/ncurses-6.4-h6a678d5_0.conda#5558eec6e2191741a92f832ea826251c
https://repo.anaconda.com/pkgs/main/linux-64/openssl-3.0.13-h7f8727e_0.conda#c73d46a4d666da0ae3dcd3fd8f805122
https://repo.anaconda.com/pkgs/main/linux-64/xz-5.4.6-h5eee18b_0.conda#81a9916f581d4da15a3839216a487c66
https://repo.anaconda.com/pkgs/main/linux-64/zlib-1.2.13-h5eee18b_0.conda#333e31fbfbb5057c92fa845ad6adef93
https://repo.anaconda.com/pkgs/main/linux-64/ccache-3.7.9-hfe4627d_0.conda#bef6fc681c273bb7bd0c67d1a591365e
https://repo.anaconda.com/pkgs/main/linux-64/readline-8.2-h5eee18b_0.conda#be42180685cce6e6b0329201d9f48efb
https://repo.anaconda.com/pkgs/main/linux-64/tk-8.6.12-h1ccaba5_0.conda#fa10ff4aa631fa4aa090a6234d7770b9
https://repo.anaconda.com/pkgs/main/linux-64/sqlite-3.41.2-h5eee18b_0.conda#c7086c9ceb6cfe1c4c729a774a2d88a5
https://repo.anaconda.com/pkgs/main/linux-64/python-3.9.19-h955ad1f_0.conda#33cb019c40e3409df392c99e3c34f352
https://repo.anaconda.com/pkgs/main/linux-64/setuptools-68.2.2-py39h06a4308_0.conda#5b42cae5548732ae5c167bb1066085de
https://repo.anaconda.com/pkgs/main/linux-64/wheel-0.41.2-py39h06a4308_0.conda#ec1b8213c3585defaa6042ed2f95861d
https://repo.anaconda.com/pkgs/main/linux-64/pip-23.3.1-py39h06a4308_0.conda#685007e3dae59d211620f19926577bd6
# pip alabaster @ https://files.pythonhosted.org/packages/32/34/d4e1c02d3bee589efb5dfa17f88ea08bdb3e3eac12bc475462aec52ed223/alabaster-0.7.16-py3-none-any.whl#sha256=b46733c07dce03ae4e150330b975c75737fa60f0a7c591b6c8bf4928a28e2c92
# pip babel @ https://files.pythonhosted.org/packages/0d/35/4196b21041e29a42dc4f05866d0c94fa26c9da88ce12c38c2265e42c82fb/Babel-2.14.0-py3-none-any.whl#sha256=efb1a25b7118e67ce3a259bed20545c29cb68be8ad2c784c83689981b7a57287
# pip certifi @ https://files.pythonhosted.org/packages/ba/06/a07f096c664aeb9f01624f858c3add0a4e913d6c96257acb4fce61e7de14/certifi-2024.2.2-py3-none-any.whl#sha256=dc383c07b76109f368f6106eee2b593b04a011ea4d55f652c6ca24a754d1cdd1
# pip charset-normalizer @ https://files.pythonhosted.org/packages/98/69/5d8751b4b670d623aa7a47bef061d69c279e9f922f6705147983aa76c3ce/charset_normalizer-3.3.2-cp39-cp39-manylinux_2_17_x86_64.manylinux2014_x86_64.whl#sha256=b261ccdec7821281dade748d088bb6e9b69e6d15b30652b74cbbac25e280b796
# pip cycler @ https://files.pythonhosted.org/packages/e7/05/c19819d5e3d95294a6f5947fb9b9629efb316b96de511b418c53d245aae6/cycler-0.12.1-py3-none-any.whl#sha256=85cef7cff222d8644161529808465972e51340599459b8ac3ccbac5a854e0d30
# pip cython @ https://files.pythonhosted.org/packages/a7/f5/3dde4d96076888ceaa981827b098274c2b45ddd4b20d75a8cfaa92b91eec/Cython-3.0.10-cp39-cp39-manylinux_2_17_x86_64.manylinux2014_x86_64.whl#sha256=651a15a8534ebfb9b58cb0b87c269c70984b6f9c88bfe65e4f635f0e3f07dfcd
# pip docutils @ https://files.pythonhosted.org/packages/26/87/f238c0670b94533ac0353a4e2a1a771a0cc73277b88bff23d3ae35a256c1/docutils-0.20.1-py3-none-any.whl#sha256=96f387a2c5562db4476f09f13bbab2192e764cac08ebbf3a34a95d9b1e4a59d6
# pip exceptiongroup @ https://files.pythonhosted.org/packages/b8/9a/5028fd52db10e600f1c4674441b968cf2ea4959085bfb5b99fb1250e5f68/exceptiongroup-1.2.0-py3-none-any.whl#sha256=4bfd3996ac73b41e9b9628b04e079f193850720ea5945fc96a08633c66912f14
# pip execnet @ https://files.pythonhosted.org/packages/43/09/2aea36ff60d16dd8879bdb2f5b3ee0ba8d08cbbdcdfe870e695ce3784385/execnet-2.1.1-py3-none-any.whl#sha256=26dee51f1b80cebd6d0ca8e74dd8745419761d3bef34163928cbebbdc4749fdc
# pip fonttools @ https://files.pythonhosted.org/packages/8b/c6/636f008104908a93b80419f756be755bb91df4b8a0c88d5158bb52c82c3a/fonttools-4.51.0-cp39-cp39-manylinux_2_17_x86_64.manylinux2014_x86_64.whl#sha256=0d145976194a5242fdd22df18a1b451481a88071feadf251221af110ca8f00ce
# pip idna @ https://files.pythonhosted.org/packages/e5/3e/741d8c82801c347547f8a2a06aa57dbb1992be9e948df2ea0eda2c8b79e8/idna-3.7-py3-none-any.whl#sha256=82fee1fc78add43492d3a1898bfa6d8a904cc97d8427f683ed8e798d07761aa0
# pip imagesize @ https://files.pythonhosted.org/packages/ff/62/85c4c919272577931d407be5ba5d71c20f0b616d31a0befe0ae45bb79abd/imagesize-1.4.1-py2.py3-none-any.whl#sha256=0d8d18d08f840c19d0ee7ca1fd82490fdc3729b7ac93f49870406ddde8ef8d8b
# pip iniconfig @ https://files.pythonhosted.org/packages/ef/a6/62565a6e1cf69e10f5727360368e451d4b7f58beeac6173dc9db836a5b46/iniconfig-2.0.0-py3-none-any.whl#sha256=b6a85871a79d2e3b22d2d1b94ac2824226a63c6b741c88f7ae975f18b6778374
# pip joblib @ https://files.pythonhosted.org/packages/ae/e2/4dea6313ef2b38442fccbbaf4017e50a6c3c8a50e8ee9b512783e5c90409/joblib-1.4.0-py3-none-any.whl#sha256=42942470d4062537be4d54c83511186da1fc14ba354961a2114da91efa9a4ed7
# pip kiwisolver @ https://files.pythonhosted.org/packages/c0/a8/841594f11d0b88d8aeb26991bc4dac38baa909dc58d0c4262a4f7893bcbf/kiwisolver-1.4.5-cp39-cp39-manylinux_2_12_x86_64.manylinux2010_x86_64.whl#sha256=6c3bd3cde54cafb87d74d8db50b909705c62b17c2099b8f2e25b461882e544ff
# pip markupsafe @ https://files.pythonhosted.org/packages/5f/5a/360da85076688755ea0cceb92472923086993e86b5613bbae9fbc14136b0/MarkupSafe-2.1.5-cp39-cp39-manylinux_2_17_x86_64.manylinux2014_x86_64.whl#sha256=17b950fccb810b3293638215058e432159d2b71005c74371d784862b7e4683f3
# pip meson @ https://files.pythonhosted.org/packages/33/75/b1a37fa7b2dbca8c0dbb04d5cdd7e2720c8ef6febe41b4a74866350e041c/meson-1.4.0-py3-none-any.whl#sha256=476a458d51fcfa322a6bdc64da5138997c542d08e6b2e49b9fa68c46fd7c4475
# pip networkx @ https://files.pythonhosted.org/packages/d5/f0/8fbc882ca80cf077f1b246c0e3c3465f7f415439bdea6b899f6b19f61f70/networkx-3.2.1-py3-none-any.whl#sha256=f18c69adc97877c42332c170849c96cefa91881c99a7cb3e95b7c659ebdc1ec2
# pip ninja @ https://files.pythonhosted.org/packages/6d/92/8d7aebd4430ab5ff65df2bfee6d5745f95c004284db2d8ca76dcbfd9de47/ninja-1.11.1.1-py2.py3-none-manylinux1_x86_64.manylinux_2_5_x86_64.whl#sha256=84502ec98f02a037a169c4b0d5d86075eaf6afc55e1879003d6cab51ced2ea4b
# pip numpy @ https://files.pythonhosted.org/packages/54/30/c2a907b9443cf42b90c17ad10c1e8fa801975f01cb9764f3f8eb8aea638b/numpy-1.26.4-cp39-cp39-manylinux_2_17_x86_64.manylinux2014_x86_64.whl#sha256=f870204a840a60da0b12273ef34f7051e98c3b5961b61b0c2c1be6dfd64fbcd3
# pip packaging @ https://files.pythonhosted.org/packages/49/df/1fceb2f8900f8639e278b056416d49134fb8d84c5942ffaa01ad34782422/packaging-24.0-py3-none-any.whl#sha256=2ddfb553fdf02fb784c234c7ba6ccc288296ceabec964ad2eae3777778130bc5
# pip pillow @ https://files.pythonhosted.org/packages/f5/6d/52e82352670e850f468de9e6bccced4202a09f58e7ea5ecdbf08283d85cb/pillow-10.3.0-cp39-cp39-manylinux_2_28_x86_64.whl#sha256=1dfc94946bc60ea375cc39cff0b8da6c7e5f8fcdc1d946beb8da5c216156ddd8
# pip pluggy @ https://files.pythonhosted.org/packages/a5/5b/0cc789b59e8cc1bf288b38111d002d8c5917123194d45b29dcdac64723cc/pluggy-1.4.0-py3-none-any.whl#sha256=7db9f7b503d67d1c5b95f59773ebb58a8c1c288129a88665838012cfb07b8981
# pip pygments @ https://files.pythonhosted.org/packages/97/9c/372fef8377a6e340b1704768d20daaded98bf13282b5327beb2e2fe2c7ef/pygments-2.17.2-py3-none-any.whl#sha256=b27c2826c47d0f3219f29554824c30c5e8945175d888647acd804ddd04af846c
# pip pyparsing @ https://files.pythonhosted.org/packages/9d/ea/6d76df31432a0e6fdf81681a895f009a4bb47b3c39036db3e1b528191d52/pyparsing-3.1.2-py3-none-any.whl#sha256=f9db75911801ed778fe61bb643079ff86601aca99fcae6345aa67292038fb742
# pip pytz @ https://files.pythonhosted.org/packages/9c/3d/a121f284241f08268b21359bd425f7d4825cffc5ac5cd0e1b3d82ffd2b10/pytz-2024.1-py2.py3-none-any.whl#sha256=328171f4e3623139da4983451950b28e95ac706e13f3f2630a879749e7a8b319
# pip six @ https://files.pythonhosted.org/packages/d9/5a/e7c31adbe875f2abbb91bd84cf2dc52d792b5a01506781dbcf25c91daf11/six-1.16.0-py2.py3-none-any.whl#sha256=8abb2f1d86890a2dfb989f9a77cfcfd3e47c2a354b01111771326f8aa26e0254
# pip snowballstemmer @ https://files.pythonhosted.org/packages/ed/dc/c02e01294f7265e63a7315fe086dd1df7dacb9f840a804da846b96d01b96/snowballstemmer-2.2.0-py2.py3-none-any.whl#sha256=c8e1716e83cc398ae16824e5572ae04e0d9fc2c6b985fb0f900f5f0c96ecba1a
# pip sphinxcontrib-applehelp @ https://files.pythonhosted.org/packages/56/89/fea3fbf6785b388e6cb8a1beaf62f96e80b37311bdeed6e133388a732426/sphinxcontrib_applehelp-1.0.8-py3-none-any.whl#sha256=cb61eb0ec1b61f349e5cc36b2028e9e7ca765be05e49641c97241274753067b4
# pip sphinxcontrib-devhelp @ https://files.pythonhosted.org/packages/a0/52/1049d918d1d1c72857d285c3f0c64c1cbe0be394ce1c93a3d2aa4f39fe3b/sphinxcontrib_devhelp-1.0.6-py3-none-any.whl#sha256=6485d09629944511c893fa11355bda18b742b83a2b181f9a009f7e500595c90f
# pip sphinxcontrib-htmlhelp @ https://files.pythonhosted.org/packages/c2/e9/74c4cda5b409af3222fda38f0774e616011bc935f639dbc0da5ca2d1be7d/sphinxcontrib_htmlhelp-2.0.5-py3-none-any.whl#sha256=393f04f112b4d2f53d93448d4bce35842f62b307ccdc549ec1585e950bc35e04
# pip sphinxcontrib-jsmath @ https://files.pythonhosted.org/packages/c2/42/4c8646762ee83602e3fb3fbe774c2fac12f317deb0b5dbeeedd2d3ba4b77/sphinxcontrib_jsmath-1.0.1-py2.py3-none-any.whl#sha256=2ec2eaebfb78f3f2078e73666b1415417a116cc848b72e5172e596c871103178
# pip sphinxcontrib-qthelp @ https://files.pythonhosted.org/packages/80/b3/1beac14a88654d2e5120d0143b49be5ad450b86eb1963523d8dbdcc51eb2/sphinxcontrib_qthelp-1.0.7-py3-none-any.whl#sha256=e2ae3b5c492d58fcbd73281fbd27e34b8393ec34a073c792642cd8e529288182
# pip sphinxcontrib-serializinghtml @ https://files.pythonhosted.org/packages/38/24/228bb903ea87b9e08ab33470e6102402a644127108c7117ac9c00d849f82/sphinxcontrib_serializinghtml-1.1.10-py3-none-any.whl#sha256=326369b8df80a7d2d8d7f99aa5ac577f51ea51556ed974e7716cfd4fca3f6cb7
# pip tabulate @ https://files.pythonhosted.org/packages/40/44/4a5f08c96eb108af5cb50b41f76142f0afa346dfa99d5296fe7202a11854/tabulate-0.9.0-py3-none-any.whl#sha256=024ca478df22e9340661486f85298cff5f6dcdba14f3813e8830015b9ed1948f
# pip threadpoolctl @ https://files.pythonhosted.org/packages/1e/84/ccd9b08653022b7785b6e3ee070ffb2825841e0dc119be22f0840b2b35cb/threadpoolctl-3.4.0-py3-none-any.whl#sha256=8f4c689a65b23e5ed825c8436a92b818aac005e0f3715f6a1664d7c7ee29d262
# pip tomli @ https://files.pythonhosted.org/packages/97/75/10a9ebee3fd790d20926a90a2547f0bf78f371b2f13aa822c759680ca7b9/tomli-2.0.1-py3-none-any.whl#sha256=939de3e7a6161af0c887ef91b7d41a53e7c5a1ca976325f429cb46ea9bc30ecc
# pip tzdata @ https://files.pythonhosted.org/packages/65/58/f9c9e6be752e9fcb8b6a0ee9fb87e6e7a1f6bcab2cdc73f02bb7ba91ada0/tzdata-2024.1-py2.py3-none-any.whl#sha256=9068bc196136463f5245e51efda838afa15aaeca9903f49050dfa2679db4d252
# pip urllib3 @ https://files.pythonhosted.org/packages/a2/73/a68704750a7679d0b6d3ad7aa8d4da8e14e151ae82e6fee774e6e0d05ec8/urllib3-2.2.1-py3-none-any.whl#sha256=450b20ec296a467077128bff42b73080516e71b56ff59a60a02bef2232c4fa9d
# pip zipp @ https://files.pythonhosted.org/packages/c2/0a/ba9d0ee9536d3ef73a3448e931776e658b36f128d344e175bc32b092a8bf/zipp-3.18.1-py3-none-any.whl#sha256=206f5a15f2af3dbaee80769fb7dc6f249695e940acca08dfb2a4769fe61e538b
# pip contourpy @ https://files.pythonhosted.org/packages/31/a2/2f12e3a6e45935ff694654b710961b03310b0e1ec997ee9f416d3c873f87/contourpy-1.2.1-cp39-cp39-manylinux_2_17_x86_64.manylinux2014_x86_64.whl#sha256=e1d59258c3c67c865435d8fbeb35f8c59b8bef3d6f46c1f29f6123556af28445
# pip coverage @ https://files.pythonhosted.org/packages/5b/ec/9bd500128995e9eec2ab50361ce8b853bab2b4839316ddcfd6a34f5bbfed/coverage-7.4.4-cp39-cp39-manylinux_2_5_x86_64.manylinux1_x86_64.manylinux_2_17_x86_64.manylinux2014_x86_64.whl#sha256=ff7687ca3d7028d8a5f0ebae95a6e4827c5616b31a4ee1192bdfde697db110d4
# pip imageio @ https://files.pythonhosted.org/packages/02/25/66533a8390e3763cf8254dee143dbf8a830391ea60d2762512ba7f9ddfbe/imageio-2.34.0-py3-none-any.whl#sha256=08082bf47ccb54843d9c73fe9fc8f3a88c72452ab676b58aca74f36167e8ccba
# pip importlib-metadata @ https://files.pythonhosted.org/packages/2d/0a/679461c511447ffaf176567d5c496d1de27cbe34a87df6677d7171b2fbd4/importlib_metadata-7.1.0-py3-none-any.whl#sha256=30962b96c0c223483ed6cc7280e7f0199feb01a0e40cfae4d4450fc6fab1f570
# pip importlib-resources @ https://files.pythonhosted.org/packages/75/06/4df55e1b7b112d183f65db9503bff189e97179b256e1ea450a3c365241e0/importlib_resources-6.4.0-py3-none-any.whl#sha256=50d10f043df931902d4194ea07ec57960f66a80449ff867bfe782b4c486ba78c
# pip jinja2 @ https://files.pythonhosted.org/packages/30/6d/6de6be2d02603ab56e72997708809e8a5b0fbfee080735109b40a3564843/Jinja2-3.1.3-py3-none-any.whl#sha256=7d6d50dd97d52cbc355597bd845fabfbac3f551e1f99619e39a35ce8c370b5fa
# pip lazy-loader @ https://files.pythonhosted.org/packages/83/60/d497a310bde3f01cb805196ac61b7ad6dc5dcf8dce66634dc34364b20b4f/lazy_loader-0.4-py3-none-any.whl#sha256=342aa8e14d543a154047afb4ba8ef17f5563baad3fc610d7b15b213b0f119efc
# pip pyproject-metadata @ https://files.pythonhosted.org/packages/c4/cb/4678dfd70cd2f2d8969e571cdc1bb1e9293c698f8d1cf428fadcf48d6e9f/pyproject_metadata-0.7.1-py3-none-any.whl#sha256=28691fbb36266a819ec56c9fa1ecaf36f879d6944dfde5411e87fc4ff793aa60
# pip pytest @ https://files.pythonhosted.org/packages/51/ff/f6e8b8f39e08547faece4bd80f89d5a8de68a38b2d179cc1c4490ffa3286/pytest-7.4.4-py3-none-any.whl#sha256=b090cdf5ed60bf4c45261be03239c2c1c22df034fbffe691abe93cd80cea01d8
# pip python-dateutil @ https://files.pythonhosted.org/packages/ec/57/56b9bcc3c9c6a792fcbaf139543cee77261f3651ca9da0c93f5c1221264b/python_dateutil-2.9.0.post0-py2.py3-none-any.whl#sha256=a8b2bc7bffae282281c8140a97d3aa9c14da0b136dfe83f850eea9a5f7470427
# pip requests @ https://files.pythonhosted.org/packages/70/8e/0e2d847013cb52cd35b38c009bb167a1a26b2ce6cd6965bf26b47bc0bf44/requests-2.31.0-py3-none-any.whl#sha256=58cd2187c01e70e6e26505bca751777aa9f2ee0b7f4300988b709f44e013003f
# pip scipy @ https://files.pythonhosted.org/packages/c6/ba/a778e6c0020d728c119b0379805a357135fe8c9bc87fdb7e0750ca11319f/scipy-1.13.0-cp39-cp39-manylinux_2_17_x86_64.manylinux2014_x86_64.whl#sha256=28e286bf9ac422d6beb559bc61312c348ca9b0f0dae0d7c5afde7f722d6ea13d
# pip tifffile @ https://files.pythonhosted.org/packages/cd/0b/33610b4d0d1bb83a6bfd20ed838f52e02a44e9b439116cd4f3d424e81a80/tifffile-2024.2.12-py3-none-any.whl#sha256=870998f82fbc94ff7c3528884c1b0ae54863504ff51dbebea431ac3fa8fb7c21
# pip lightgbm @ https://files.pythonhosted.org/packages/ba/11/cb8b67f3cbdca05b59a032bb57963d4fe8c8d18c3870f30bed005b7f174d/lightgbm-4.3.0-py3-none-manylinux_2_28_x86_64.whl#sha256=104496a3404cb2452d3412cbddcfbfadbef9c372ea91e3a9b8794bcc5183bf07
# pip matplotlib @ https://files.pythonhosted.org/packages/5e/2c/513395a63a9e1124a5648addbf73be23cc603f955af026b04416da98dc96/matplotlib-3.8.4-cp39-cp39-manylinux_2_17_x86_64.manylinux2014_x86_64.whl#sha256=606e3b90897554c989b1e38a258c626d46c873523de432b1462f295db13de6f9
# pip meson-python @ https://files.pythonhosted.org/packages/1f/60/b10b11ab470a690d5777310d6cfd1c9bdbbb0a1313a78c34a1e82e0b9d27/meson_python-0.15.0-py3-none-any.whl#sha256=3ae38253ff02b2e947a05e362a2eaf5a9a09d133c5666b4123399ee5fbf2e591
# pip pandas @ https://files.pythonhosted.org/packages/bb/30/f6f1f1ac36250f50c421b1b6af08c35e5a8b5a84385ef928625336b93e6f/pandas-2.2.2-cp39-cp39-manylinux_2_17_x86_64.manylinux2014_x86_64.whl#sha256=66b479b0bd07204e37583c191535505410daa8df638fd8e75ae1b383851fe921
# pip pyamg @ https://files.pythonhosted.org/packages/68/a9/aed9f557e7eb779d2cb4fa090663f8540979e0c04dadd16e9a0bdc9632c5/pyamg-5.1.0-cp39-cp39-manylinux_2_17_x86_64.manylinux2014_x86_64.whl#sha256=5817d4567fb240dab4779bb1630bbb3035b3827731fcdaeb9ecc9c8814319995
# pip pytest-cov @ https://files.pythonhosted.org/packages/78/3a/af5b4fa5961d9a1e6237b530eb87dd04aea6eb83da09d2a4073d81b54ccf/pytest_cov-5.0.0-py3-none-any.whl#sha256=4f0764a1219df53214206bf1feea4633c3b558a2925c8b59f144f682861ce652
# pip pytest-xdist @ https://files.pythonhosted.org/packages/50/37/125fe5ec459321e2d48a0c38672cfc2419ad87d580196fd894e5f25230b0/pytest_xdist-3.5.0-py3-none-any.whl#sha256=d075629c7e00b611df89f490a5063944bee7a4362a5ff11c7cc7824a03dfce24
# pip scikit-image @ https://files.pythonhosted.org/packages/a3/7e/4cd853a855ac34b4ef3ef6a5c3d1c2e96eaca1154fc6be75db55ffa87393/scikit_image-0.22.0-cp39-cp39-manylinux_2_17_x86_64.manylinux2014_x86_64.whl#sha256=3b7a6c89e8d6252332121b58f50e1625c35f7d6a85489c0b6b7ee4f5155d547a
# pip sphinx @ https://files.pythonhosted.org/packages/b2/b6/8ed35256aa530a9d3da15d20bdc0ba888d5364441bb50a5a83ee7827affe/sphinx-7.2.6-py3-none-any.whl#sha256=1e09160a40b956dc623c910118fa636da93bd3ca0b9876a7b3df90f07d691560
# pip numpydoc @ https://files.pythonhosted.org/packages/f0/fa/dcfe0f65660661db757ee9ebd84e170ff98edd5d80235f62457d9088f85f/numpydoc-1.7.0-py3-none-any.whl#sha256=5a56419d931310d79a06cfc2a126d1558700feeb9b4f3d8dcae1a8134be829c9
