# Generated by conda-lock.
# platform: linux-64
# input_hash: b76364b5635e8c36a0fc0777955b5664a336ba94ac96f3ade7aad842ab7e15c5
@EXPLICIT
https://conda.anaconda.org/conda-forge/linux-64/_libgcc_mutex-0.1-conda_forge.tar.bz2#d7c89558ba9fa0495403155b64376d81
https://conda.anaconda.org/conda-forge/noarch/python_abi-3.13-7_cp313t.conda#df81edcc11a1176315e8226acab83eec
https://conda.anaconda.org/conda-forge/noarch/tzdata-2025b-h78e105d_0.conda#4222072737ccff51314b5ece9c7d6f5a
https://conda.anaconda.org/conda-forge/noarch/ca-certificates-2025.4.26-hbd8a1cb_0.conda#95db94f75ba080a22eb623590993167b
https://conda.anaconda.org/conda-forge/linux-64/ld_impl_linux-64-2.43-h712a8e2_4.conda#01f8d123c96816249efd255a31ad7712
https://conda.anaconda.org/conda-forge/linux-64/libgomp-15.1.0-h767d61c_2.conda#fbe7d535ff9d3a168c148e07358cd5b1
https://conda.anaconda.org/conda-forge/linux-64/_openmp_mutex-4.5-2_gnu.tar.bz2#73aaf86a425cc6e73fcf236a5a46396d
https://conda.anaconda.org/conda-forge/linux-64/libgcc-15.1.0-h767d61c_2.conda#ea8ac52380885ed41c1baa8f1d6d2b93
https://conda.anaconda.org/conda-forge/linux-64/libexpat-2.7.0-h5888daf_0.conda#db0bfbe7dd197b68ad5f30333bae6ce0
https://conda.anaconda.org/conda-forge/linux-64/libffi-3.4.6-h2dba641_1.conda#ede4673863426c0883c0063d853bbd85
https://conda.anaconda.org/conda-forge/linux-64/libgcc-ng-15.1.0-h69a702a_2.conda#ddca86c7040dd0e73b2b69bd7833d225
https://conda.anaconda.org/conda-forge/linux-64/libgfortran5-15.1.0-hcea5267_2.conda#01de444988ed960031dbe84cf4f9b1fc
https://conda.anaconda.org/conda-forge/linux-64/liblzma-5.8.1-hb9d3cd8_2.conda#1a580f7796c7bf6393fddb8bbbde58dc
https://conda.anaconda.org/conda-forge/linux-64/libmpdec-4.0.0-hb9d3cd8_0.conda#c7e925f37e3b40d893459e625f6a53f1
https://conda.anaconda.org/conda-forge/linux-64/libstdcxx-15.1.0-h8f9b012_2.conda#1cb1c67961f6dd257eae9e9691b341aa
https://conda.anaconda.org/conda-forge/linux-64/libzlib-1.3.1-hb9d3cd8_2.conda#edb0dca6bc32e4f4789199455a1dbeb8
https://conda.anaconda.org/conda-forge/linux-64/ncurses-6.5-h2d0b736_3.conda#47e340acb35de30501a76c7c799c41d7
https://conda.anaconda.org/conda-forge/linux-64/openssl-3.5.0-h7b32b05_1.conda#de356753cfdbffcde5bb1e86e3aa6cd0
https://conda.anaconda.org/conda-forge/linux-64/bzip2-1.0.8-h4bc722e_7.conda#62ee74e96c5ebb0af99386de58cf9553
https://conda.anaconda.org/conda-forge/linux-64/libgfortran-15.1.0-h69a702a_2.conda#f92e6e0a3c0c0c85561ef61aa59d555d
https://conda.anaconda.org/conda-forge/linux-64/libsqlite-3.50.1-hee588c1_0.conda#96a7e36bff29f1d0ddf5b771e0da373a
https://conda.anaconda.org/conda-forge/linux-64/libstdcxx-ng-15.1.0-h4852527_2.conda#9d2072af184b5caa29492bf2344597bb
https://conda.anaconda.org/conda-forge/linux-64/libuuid-2.38.1-h0b41bf4_0.conda#40b61aab5c7ba9ff276c41cfffe6b80b
https://conda.anaconda.org/conda-forge/linux-64/ninja-1.12.1-hff21bea_1.conda#2322531904f27501ee19847b87ba7c64
https://conda.anaconda.org/conda-forge/linux-64/readline-8.2-h8c095d6_2.conda#283b96675859b20a825f8fa30f311446
https://conda.anaconda.org/conda-forge/linux-64/tk-8.6.13-noxft_hd72426e_102.conda#a0116df4f4ed05c303811a837d5b39d8
https://conda.anaconda.org/conda-forge/linux-64/zstd-1.5.7-hb8e6e7a_2.conda#6432cb5d4ac0046c3ac0a8a0f95842f9
https://conda.anaconda.org/conda-forge/linux-64/libgfortran-ng-15.1.0-h69a702a_2.conda#a483a87b71e974bb75d1b9413d4436dd
https://conda.anaconda.org/conda-forge/linux-64/libopenblas-0.3.29-pthreads_h94d23a6_0.conda#0a4d0252248ef9a0f88f2ba8b8a08e12
https://conda.anaconda.org/conda-forge/linux-64/python-3.13.3-h4724d56_1_cp313t.conda#8193603fe48ace3d8801cfb246f44491
https://conda.anaconda.org/conda-forge/noarch/colorama-0.4.6-pyhd8ed1ab_1.conda#962b9857ee8e7018c22f2776ffa0b2d7
https://conda.anaconda.org/conda-forge/noarch/cpython-3.13.3-py313hd8ed1ab_1.conda#6ba9ba47b91b7758cb963d0f0eaf3422
https://conda.anaconda.org/conda-forge/noarch/cython-3.1.1-pyh2c78169_101.conda#f085516359786c4fea51bf05227ef3d2
https://conda.anaconda.org/conda-forge/noarch/execnet-2.1.1-pyhd8ed1ab_1.conda#a71efeae2c160f6789900ba2631a2c90
https://conda.anaconda.org/conda-forge/noarch/iniconfig-2.0.0-pyhd8ed1ab_1.conda#6837f3eff7dcea42ecd714ce1ac2b108
https://conda.anaconda.org/conda-forge/linux-64/libblas-3.9.0-31_h59b9bed_openblas.conda#728dbebd0f7a20337218beacffd37916
https://conda.anaconda.org/conda-forge/linux-64/libhiredis-1.0.2-h2cc385e_0.tar.bz2#b34907d3a81a3cd8095ee83d174c074a
https://conda.anaconda.org/conda-forge/noarch/meson-1.8.1-pyhe01879c_0.conda#f3cccd9a6ce5331ae33f69ade5529162
https://conda.anaconda.org/conda-forge/noarch/packaging-25.0-pyh29332c3_1.conda#58335b26c38bf4a20f399384c33cbcf9
https://conda.anaconda.org/conda-forge/noarch/pip-25.1.1-pyh145f28c_0.conda#01384ff1639c6330a0924791413b8714
https://conda.anaconda.org/conda-forge/noarch/pluggy-1.6.0-pyhd8ed1ab_0.conda#7da7ccd349dbf6487a7778579d2bb971
https://conda.anaconda.org/conda-forge/noarch/pygments-2.19.1-pyhd8ed1ab_0.conda#232fb4577b6687b2d503ef8e254270c9
https://conda.anaconda.org/conda-forge/noarch/setuptools-80.9.0-pyhff2d567_0.conda#4de79c071274a53dcaf2a8c749d1499e
https://conda.anaconda.org/conda-forge/noarch/threadpoolctl-3.6.0-pyhecae5ae_0.conda#9d64911b31d57ca443e9f1e36b04385f
https://conda.anaconda.org/conda-forge/noarch/tomli-2.2.1-pyhd8ed1ab_1.conda#ac944244f1fed2eb49bae07193ae8215
https://conda.anaconda.org/conda-forge/noarch/typing_extensions-4.14.0-pyhe01879c_0.conda#2adcd9bb86f656d3d43bf84af59a1faf
https://conda.anaconda.org/conda-forge/linux-64/ccache-4.11.3-h80c52d3_0.conda#eb517c6a2b960c3ccb6f1db1005f063a
https://conda.anaconda.org/conda-forge/noarch/exceptiongroup-1.3.0-pyhd8ed1ab_0.conda#72e42d28960d875c7654614f8b50939a
https://conda.anaconda.org/conda-forge/noarch/joblib-1.5.1-pyhd8ed1ab_0.conda#fb1c14694de51a476ce8636d92b6f42c
https://conda.anaconda.org/conda-forge/linux-64/libcblas-3.9.0-31_he106b2a_openblas.conda#abb32c727da370c481a1c206f5159ce9
https://conda.anaconda.org/conda-forge/linux-64/liblapack-3.9.0-31_h7ac8fdf_openblas.conda#452b98eafe050ecff932f0ec832dd03f
https://conda.anaconda.org/conda-forge/noarch/pyproject-metadata-0.9.1-pyhd8ed1ab_0.conda#22ae7c6ea81e0c8661ef32168dda929b
https://conda.anaconda.org/conda-forge/noarch/python-freethreading-3.13.3-h92d6c8b_1.conda#4fa25290aec662a01642ba4b3c0ff5c1
https://conda.anaconda.org/conda-forge/noarch/meson-python-0.18.0-pyh70fd9c4_0.conda#576c04b9d9f8e45285fb4d9452c26133
https://conda.anaconda.org/conda-forge/linux-64/numpy-2.3.0-py313h103f029_0.conda#d24d95f39ffa3c70827df0183b01df04
https://conda.anaconda.org/conda-forge/noarch/pytest-8.4.0-pyhd8ed1ab_0.conda#516d31f063ce7e49ced17f105b63a1f1
https://conda.anaconda.org/conda-forge/noarch/pytest-xdist-3.7.0-pyhd8ed1ab_0.conda#15353a2a0ea6dfefaa52fc5ab5b98f41
https://conda.anaconda.org/conda-forge/linux-64/scipy-1.15.2-py313h7f7b39c_0.conda#65f0c403e4324062633e648933f20a2e
