# Generated by conda-lock.
# platform: linux-64
# input_hash: 193ec0257842997716ceb9bf419cbc54d52357ac3159daf1465c788e8bcf0c13
@EXPLICIT
https://conda.anaconda.org/conda-forge/noarch/font-ttf-dejavu-sans-mono-2.37-hab24e00_0.tar.bz2#0c96522c6bdaed4b1566d11387caaf45
https://conda.anaconda.org/conda-forge/noarch/font-ttf-inconsolata-3.000-h77eed37_0.tar.bz2#34893075a5c9e55cdafac56607368fc6
https://conda.anaconda.org/conda-forge/noarch/font-ttf-source-code-pro-2.038-h77eed37_0.tar.bz2#4d59c254e01d9cde7957100457e2d5fb
https://conda.anaconda.org/conda-forge/noarch/font-ttf-ubuntu-0.83-h77eed37_3.conda#49023d73832ef61042f6a237cb2687e7
https://conda.anaconda.org/conda-forge/linux-64/libopentelemetry-cpp-headers-1.21.0-ha770c72_1.conda#9e298d76f543deb06eb0f3413675e13a
https://conda.anaconda.org/conda-forge/linux-64/mkl-include-2024.2.2-ha770c72_17.conda#c18fd07c02239a7eb744ea728db39630
https://conda.anaconda.org/conda-forge/linux-64/nlohmann_json-3.12.0-h3f2d84a_0.conda#d76872d096d063e226482c99337209dc
https://conda.anaconda.org/conda-forge/noarch/python_abi-3.13-8_cp313.conda#94305520c52a4aa3f6c2b1ff6008d9f8
https://conda.anaconda.org/conda-forge/noarch/tzdata-2025b-h78e105d_0.conda#4222072737ccff51314b5ece9c7d6f5a
https://conda.anaconda.org/conda-forge/noarch/ca-certificates-2025.8.3-hbd8a1cb_0.conda#74784ee3d225fc3dca89edb635b4e5cc
https://conda.anaconda.org/conda-forge/noarch/fonts-conda-forge-1-0.tar.bz2#f766549260d6815b0c52253f1fb1bb29
https://conda.anaconda.org/conda-forge/linux-64/ld_impl_linux-64-2.44-h1423503_1.conda#0be7c6e070c19105f966d3758448d018
https://conda.anaconda.org/conda-forge/linux-64/libglvnd-1.7.0-ha4b6fd6_2.conda#434ca7e50e40f4918ab701e3facd59a0
https://conda.anaconda.org/conda-forge/linux-64/llvm-openmp-20.1.8-h4922eb0_1.conda#5d5099916a3659a46cca8f974d0455b9
https://conda.anaconda.org/conda-forge/linux-64/_openmp_mutex-4.5-3_kmp_llvm.conda#ee5c2118262e30b972bc0b4db8ef0ba5
https://conda.anaconda.org/conda-forge/noarch/fonts-conda-ecosystem-1-0.tar.bz2#fee5683a3f04bd15cbd8318b096a27ab
https://conda.anaconda.org/conda-forge/linux-64/libegl-1.7.0-ha4b6fd6_2.conda#c151d5eb730e9b7480e6d48c0fc44048
https://conda.anaconda.org/conda-forge/linux-64/libopengl-1.7.0-ha4b6fd6_2.conda#7df50d44d4a14d6c31a2c54f2cd92157
https://conda.anaconda.org/conda-forge/linux-64/libgcc-15.1.0-h767d61c_4.conda#f406dcbb2e7bef90d793e50e79a2882b
https://conda.anaconda.org/conda-forge/linux-64/alsa-lib-1.2.14-hb9d3cd8_0.conda#76df83c2a9035c54df5d04ff81bcc02d
https://conda.anaconda.org/conda-forge/linux-64/aws-c-common-0.12.4-hb03c661_0.conda#ae5621814cb99642c9308977fe90ed0d
https://conda.anaconda.org/conda-forge/linux-64/c-ares-1.34.5-hb9d3cd8_0.conda#f7f0d6cc2dc986d42ac2689ec88192be
https://conda.anaconda.org/conda-forge/linux-64/libbrotlicommon-1.1.0-hb9d3cd8_3.conda#cb98af5db26e3f482bebb80ce9d947d3
https://conda.anaconda.org/conda-forge/linux-64/libdeflate-1.24-h86f0d12_0.conda#64f0c503da58ec25ebd359e4d990afa8
https://conda.anaconda.org/conda-forge/linux-64/libexpat-2.7.1-hecca717_0.conda#4211416ecba1866fab0c6470986c22d6
https://conda.anaconda.org/conda-forge/linux-64/libffi-3.4.6-h2dba641_1.conda#ede4673863426c0883c0063d853bbd85
https://conda.anaconda.org/conda-forge/linux-64/libgcc-ng-15.1.0-h69a702a_4.conda#28771437ffcd9f3417c66012dc49a3be
https://conda.anaconda.org/conda-forge/linux-64/libgfortran5-15.1.0-hcea5267_4.conda#8a4ab7ff06e4db0be22485332666da0f
https://conda.anaconda.org/conda-forge/linux-64/libiconv-1.18-h4ce23a2_1.conda#e796ff8ddc598affdf7c173d6145f087
https://conda.anaconda.org/conda-forge/linux-64/libjpeg-turbo-3.1.0-hb9d3cd8_0.conda#9fa334557db9f63da6c9285fd2a48638
https://conda.anaconda.org/conda-forge/linux-64/liblzma-5.8.1-hb9d3cd8_2.conda#1a580f7796c7bf6393fddb8bbbde58dc
https://conda.anaconda.org/conda-forge/linux-64/libmpdec-4.0.0-hb9d3cd8_0.conda#c7e925f37e3b40d893459e625f6a53f1
https://conda.anaconda.org/conda-forge/linux-64/libntlm-1.8-hb9d3cd8_0.conda#7c7927b404672409d9917d49bff5f2d6
https://conda.anaconda.org/conda-forge/linux-64/libpciaccess-0.18-hb9d3cd8_0.conda#70e3400cbbfa03e96dcde7fc13e38c7b
https://conda.anaconda.org/conda-forge/linux-64/libstdcxx-15.1.0-h8f9b012_4.conda#3c376af8888c386b9d3d1c2701e2f3ab
https://conda.anaconda.org/conda-forge/linux-64/libutf8proc-2.10.0-h202a827_0.conda#0f98f3e95272d118f7931b6bef69bfe5
https://conda.anaconda.org/conda-forge/linux-64/libuv-1.51.0-hb03c661_1.conda#0f03292cc56bf91a077a134ea8747118
https://conda.anaconda.org/conda-forge/linux-64/libwebp-base-1.6.0-hd42ef1d_0.conda#aea31d2e5b1091feca96fcfe945c3cf9
https://conda.anaconda.org/conda-forge/linux-64/libzlib-1.3.1-hb9d3cd8_2.conda#edb0dca6bc32e4f4789199455a1dbeb8
https://conda.anaconda.org/conda-forge/linux-64/ncurses-6.5-h2d0b736_3.conda#47e340acb35de30501a76c7c799c41d7
https://conda.anaconda.org/conda-forge/linux-64/openssl-3.5.1-h7b32b05_0.conda#c87df2ab1448ba69169652ab9547082d
https://conda.anaconda.org/conda-forge/linux-64/pthread-stubs-0.4-hb9d3cd8_1002.conda#b3c17d95b5a10c6e64a21fa17573e70e
https://conda.anaconda.org/conda-forge/linux-64/xorg-libice-1.1.2-hb9d3cd8_0.conda#fb901ff28063514abb6046c9ec2c4a45
https://conda.anaconda.org/conda-forge/linux-64/xorg-libxau-1.0.12-hb9d3cd8_0.conda#f6ebe2cb3f82ba6c057dde5d9debe4f7
https://conda.anaconda.org/conda-forge/linux-64/xorg-libxdmcp-1.1.5-hb9d3cd8_0.conda#8035c64cb77ed555e3f150b7b3972480
https://conda.anaconda.org/conda-forge/linux-64/aws-c-cal-0.9.2-he7b75e1_1.conda#c04d1312e7feec369308d656c18e7f3e
https://conda.anaconda.org/conda-forge/linux-64/aws-c-compression-0.3.1-h92c474e_6.conda#3490e744cb8b9d5a3b9785839d618a17
https://conda.anaconda.org/conda-forge/linux-64/aws-c-sdkutils-0.2.4-h92c474e_1.conda#4ab554b102065910f098f88b40163835
https://conda.anaconda.org/conda-forge/linux-64/aws-checksums-0.2.7-h92c474e_2.conda#248831703050fe9a5b2680a7589fdba9
https://conda.anaconda.org/conda-forge/linux-64/bzip2-1.0.8-h4bc722e_7.conda#62ee74e96c5ebb0af99386de58cf9553
https://conda.anaconda.org/conda-forge/linux-64/double-conversion-3.3.1-h5888daf_0.conda#bfd56492d8346d669010eccafe0ba058
https://conda.anaconda.org/conda-forge/linux-64/gflags-2.2.2-h5888daf_1005.conda#d411fc29e338efb48c5fd4576d71d881
https://conda.anaconda.org/conda-forge/linux-64/graphite2-1.3.14-hecca717_1.conda#d8f05f0493cacd0b29cbc0049669151f
https://conda.anaconda.org/conda-forge/linux-64/keyutils-1.6.1-h166bdaf_0.tar.bz2#30186d27e2c9fa62b45fb1476b7200e3
https://conda.anaconda.org/conda-forge/linux-64/lerc-4.0.0-h0aef613_1.conda#9344155d33912347b37f0ae6c410a835
https://conda.anaconda.org/conda-forge/linux-64/libabseil-20250512.1-cxx17_hba17884_0.conda#83b160d4da3e1e847bf044997621ed63
https://conda.anaconda.org/conda-forge/linux-64/libbrotlidec-1.1.0-hb9d3cd8_3.conda#1c6eecffad553bde44c5238770cfb7da
https://conda.anaconda.org/conda-forge/linux-64/libbrotlienc-1.1.0-hb9d3cd8_3.conda#3facafe58f3858eb95527c7d3a3fc578
https://conda.anaconda.org/conda-forge/linux-64/libdrm-2.4.125-hb9d3cd8_0.conda#4c0ab57463117fbb8df85268415082f5
https://conda.anaconda.org/conda-forge/linux-64/libedit-3.1.20250104-pl5321h7949ede_0.conda#c277e0a4d549b03ac1e9d6cbbe3d017b
https://conda.anaconda.org/conda-forge/linux-64/libev-4.33-hd590300_2.conda#172bf1cd1ff8629f2b1179945ed45055
https://conda.anaconda.org/conda-forge/linux-64/libevent-2.1.12-hf998b51_1.conda#a1cfcc585f0c42bf8d5546bb1dfb668d
https://conda.anaconda.org/conda-forge/linux-64/libgfortran-15.1.0-h69a702a_4.conda#53e876bc2d2648319e94c33c57b9ec74
https://conda.anaconda.org/conda-forge/linux-64/libpng-1.6.50-h421ea60_1.conda#7af8e91b0deb5f8e25d1a595dea79614
https://conda.anaconda.org/conda-forge/linux-64/libsqlite-3.50.4-h0c1763c_0.conda#0b367fad34931cb79e0d6b7e5c06bb1c
https://conda.anaconda.org/conda-forge/linux-64/libssh2-1.11.1-hcf80075_0.conda#eecce068c7e4eddeb169591baac20ac4
https://conda.anaconda.org/conda-forge/linux-64/libstdcxx-ng-15.1.0-h4852527_4.conda#2d34729cbc1da0ec988e57b13b712067
https://conda.anaconda.org/conda-forge/linux-64/libuuid-2.38.1-h0b41bf4_0.conda#40b61aab5c7ba9ff276c41cfffe6b80b
https://conda.anaconda.org/conda-forge/linux-64/libxcb-1.17.0-h8a09558_0.conda#92ed62436b625154323d40d5f2f11dd7
https://conda.anaconda.org/conda-forge/linux-64/libxcrypt-4.4.36-hd590300_1.conda#5aa797f8787fe7a17d1b0821485b5adc
https://conda.anaconda.org/conda-forge/linux-64/lz4-c-1.10.0-h5888daf_1.conda#9de5350a85c4a20c685259b889aa6393
https://conda.anaconda.org/conda-forge/linux-64/ninja-1.13.1-h171cf75_0.conda#6567fa1d9ca189076d9443a0b125541c
https://conda.anaconda.org/conda-forge/linux-64/pixman-0.46.4-h537e5f6_0.conda#b0674781beef9e302a17c330213ec41a
https://conda.anaconda.org/conda-forge/linux-64/readline-8.2-h8c095d6_2.conda#283b96675859b20a825f8fa30f311446
https://conda.anaconda.org/conda-forge/linux-64/s2n-1.5.23-h8e187f5_0.conda#edd15d7a5914dc1d87617a2b7c582d23
https://conda.anaconda.org/conda-forge/linux-64/sleef-3.8-h1b44611_0.conda#aec4dba5d4c2924730088753f6fa164b
https://conda.anaconda.org/conda-forge/linux-64/snappy-1.2.2-h03e3b7b_0.conda#3d8da0248bdae970b4ade636a104b7f5
https://conda.anaconda.org/conda-forge/linux-64/tk-8.6.13-noxft_hd72426e_102.conda#a0116df4f4ed05c303811a837d5b39d8
https://conda.anaconda.org/conda-forge/linux-64/wayland-1.24.0-h3e06ad9_0.conda#0f2ca7906bf166247d1d760c3422cb8a
https://conda.anaconda.org/conda-forge/linux-64/zlib-1.3.1-hb9d3cd8_2.conda#c9f075ab2f33b3bbee9e62d4ad0a6cd8
https://conda.anaconda.org/conda-forge/linux-64/zstd-1.5.7-hb8e6e7a_2.conda#6432cb5d4ac0046c3ac0a8a0f95842f9
https://conda.anaconda.org/conda-forge/linux-64/aws-c-io-0.21.2-h6252d9a_1.conda#cf5e9b21384fdb75b15faf397551c247
https://conda.anaconda.org/conda-forge/linux-64/brotli-bin-1.1.0-hb9d3cd8_3.conda#58178ef8ba927229fba6d84abf62c108
https://conda.anaconda.org/conda-forge/linux-64/glog-0.7.1-hbabe93e_0.conda#ff862eebdfeb2fd048ae9dc92510baca
https://conda.anaconda.org/conda-forge/linux-64/gmp-6.3.0-hac33072_2.conda#c94a5994ef49749880a8139cf9afcbe1
https://conda.anaconda.org/conda-forge/linux-64/icu-75.1-he02047a_0.conda#8b189310083baabfb622af68fd9d3ae3
https://conda.anaconda.org/conda-forge/linux-64/krb5-1.21.3-h659f571_0.conda#3f43953b7d3fb3aaa1d0d0723d91e368
https://conda.anaconda.org/conda-forge/linux-64/libcrc32c-1.1.2-h9c3ff4c_0.tar.bz2#c965a5aa0d5c1c37ffc62dff36e28400
https://conda.anaconda.org/conda-forge/linux-64/libfreetype6-2.13.3-h48d6fc4_1.conda#3c255be50a506c50765a93a6644f32fe
https://conda.anaconda.org/conda-forge/linux-64/libgfortran-ng-15.1.0-h69a702a_4.conda#b1a97c0f2c4f1bb2b8872a21fc7e17a7
https://conda.anaconda.org/conda-forge/linux-64/libnghttp2-1.64.0-h161d5f1_0.conda#19e57602824042dfd0446292ef90488b
https://conda.anaconda.org/conda-forge/linux-64/libprotobuf-6.31.1-h9ef548d_1.conda#b92e2a26764fcadb4304add7e698ccf2
https://conda.anaconda.org/conda-forge/linux-64/libre2-11-2025.07.22-h7b12aa8_0.conda#f9ad3f5d2eb40a8322d4597dca780d82
https://conda.anaconda.org/conda-forge/linux-64/libthrift-0.22.0-h454ac66_1.conda#8ed82d90e6b1686f5e98f8b7825a15ef
https://conda.anaconda.org/conda-forge/linux-64/libtiff-4.7.0-hf01ce69_5.conda#e79a094918988bb1807462cd42c83962
https://conda.anaconda.org/conda-forge/linux-64/pcre2-10.45-hc749103_0.conda#b90bece58b4c2bf25969b70f3be42d25
https://conda.anaconda.org/conda-forge/linux-64/python-3.13.5-hec9711d_102_cp313.conda#89e07d92cf50743886f41638d58c4328
https://conda.anaconda.org/conda-forge/linux-64/qhull-2020.2-h434a139_5.conda#353823361b1d27eb3960efb076dfcaf6
https://conda.anaconda.org/conda-forge/linux-64/xcb-util-0.4.1-h4f16b4b_2.conda#fdc27cb255a7a2cc73b7919a968b48f0
https://conda.anaconda.org/conda-forge/linux-64/xcb-util-keysyms-0.4.1-hb711507_0.conda#ad748ccca349aec3e91743e08b5e2b50
https://conda.anaconda.org/conda-forge/linux-64/xcb-util-renderutil-0.3.10-hb711507_0.conda#0e0cbe0564d03a99afd5fd7b362feecd
https://conda.anaconda.org/conda-forge/linux-64/xcb-util-wm-0.4.2-hb711507_0.conda#608e0ef8256b81d04456e8d211eee3e8
https://conda.anaconda.org/conda-forge/linux-64/xorg-libsm-1.2.6-he73a12e_0.conda#1c74ff8c35dcadf952a16f752ca5aa49
https://conda.anaconda.org/conda-forge/linux-64/xorg-libx11-1.8.12-h4f16b4b_0.conda#db038ce880f100acc74dba10302b5630
https://conda.anaconda.org/conda-forge/linux-64/aws-c-event-stream-0.5.5-h149bd38_3.conda#f9bff8c2a205ee0f28b0c61dad849a98
https://conda.anaconda.org/conda-forge/linux-64/aws-c-http-0.10.4-h37a7233_0.conda#d828cb0be64d51e27eebe354a2907a98
https://conda.anaconda.org/conda-forge/linux-64/brotli-1.1.0-hb9d3cd8_3.conda#5d08a0ac29e6a5a984817584775d4131
https://conda.anaconda.org/conda-forge/noarch/colorama-0.4.6-pyhd8ed1ab_1.conda#962b9857ee8e7018c22f2776ffa0b2d7
https://conda.anaconda.org/conda-forge/noarch/cpython-3.13.5-py313hd8ed1ab_102.conda#0401f31e3c9e48cebf215472aa3e7104
https://conda.anaconda.org/conda-forge/noarch/cycler-0.12.1-pyhd8ed1ab_1.conda#44600c4667a319d67dbe0681fc0bc833
https://conda.anaconda.org/conda-forge/linux-64/cyrus-sasl-2.1.28-hd9c7081_0.conda#cae723309a49399d2949362f4ab5c9e4
https://conda.anaconda.org/conda-forge/linux-64/cython-3.1.2-py313h5dec8f5_2.conda#790ba9e115dfa69fde25212a51fe3d30
https://conda.anaconda.org/conda-forge/noarch/execnet-2.1.1-pyhd8ed1ab_1.conda#a71efeae2c160f6789900ba2631a2c90
https://conda.anaconda.org/conda-forge/noarch/filelock-3.18.0-pyhd8ed1ab_0.conda#4547b39256e296bb758166893e909a7c
https://conda.anaconda.org/conda-forge/noarch/fsspec-2025.7.0-pyhd8ed1ab_0.conda#a31ce802cd0ebfce298f342c02757019
https://conda.anaconda.org/conda-forge/noarch/iniconfig-2.0.0-pyhd8ed1ab_1.conda#6837f3eff7dcea42ecd714ce1ac2b108
https://conda.anaconda.org/conda-forge/linux-64/kiwisolver-1.4.8-py313h33d0bda_1.conda#6d8d806d9db877ace75ca67aa572bf84
https://conda.anaconda.org/conda-forge/linux-64/lcms2-2.17-h717163a_0.conda#000e85703f0fd9594c81710dd5066471
https://conda.anaconda.org/conda-forge/linux-64/libcups-2.3.3-hb8b1518_5.conda#d4a250da4737ee127fb1fa6452a9002e
https://conda.anaconda.org/conda-forge/linux-64/libcurl-8.14.1-h332b0f4_0.conda#45f6713cb00f124af300342512219182
https://conda.anaconda.org/conda-forge/linux-64/libfreetype-2.13.3-ha770c72_1.conda#51f5be229d83ecd401fb369ab96ae669
https://conda.anaconda.org/conda-forge/linux-64/libglib-2.84.2-h3618099_0.conda#072ab14a02164b7c0c089055368ff776
https://conda.anaconda.org/conda-forge/linux-64/libglx-1.7.0-ha4b6fd6_2.conda#c8013e438185f33b13814c5c488acd5c
https://conda.anaconda.org/conda-forge/linux-64/libhiredis-1.0.2-h2cc385e_0.tar.bz2#b34907d3a81a3cd8095ee83d174c074a
https://conda.anaconda.org/conda-forge/linux-64/libxml2-2.13.8-h4bc477f_0.conda#14dbe05b929e329dbaa6f2d0aa19466d
https://conda.anaconda.org/conda-forge/linux-64/markupsafe-3.0.2-py313h8060acc_1.conda#21b62c55924f01b6eef6827167b46acb
https://conda.anaconda.org/conda-forge/noarch/meson-1.8.3-pyhe01879c_0.conda#ed40b34242ec6d216605db54d19c6df5
https://conda.anaconda.org/conda-forge/linux-64/mpfr-4.2.1-h90cbb55_3.conda#2eeb50cab6652538eee8fc0bc3340c81
https://conda.anaconda.org/conda-forge/noarch/mpmath-1.3.0-pyhd8ed1ab_1.conda#3585aa87c43ab15b167b574cd73b057b
https://conda.anaconda.org/conda-forge/noarch/munkres-1.1.4-pyhd8ed1ab_1.conda#37293a85a0f4f77bbd9cf7aaefc62609
https://conda.anaconda.org/conda-forge/noarch/networkx-3.5-pyhe01879c_0.conda#16bff3d37a4f99e3aa089c36c2b8d650
https://conda.anaconda.org/conda-forge/linux-64/openjpeg-2.5.3-h5fbd93e_0.conda#9e5816bc95d285c115a3ebc2f8563564
https://conda.anaconda.org/conda-forge/linux-64/orc-2.1.3-h61e0c1e_0.conda#451e93e0c51efff54f9e91d61187a572
https://conda.anaconda.org/conda-forge/noarch/packaging-25.0-pyh29332c3_1.conda#58335b26c38bf4a20f399384c33cbcf9
https://conda.anaconda.org/conda-forge/noarch/pip-25.2-pyh145f28c_0.conda#e7ab34d5a93e0819b62563c78635d937
https://conda.anaconda.org/conda-forge/noarch/pluggy-1.6.0-pyhd8ed1ab_0.conda#7da7ccd349dbf6487a7778579d2bb971
https://conda.anaconda.org/conda-forge/noarch/pybind11-global-3.0.0-pyhf748d72_1.conda#5da3d3a7c804a3cd719448b81dd3dcb5
https://conda.anaconda.org/conda-forge/noarch/pygments-2.19.2-pyhd8ed1ab_0.conda#6b6ece66ebcae2d5f326c77ef2c5a066
https://conda.anaconda.org/conda-forge/noarch/pyparsing-3.2.3-pyhe01879c_2.conda#aa0028616c0750c773698fdc254b2b8d
https://conda.anaconda.org/conda-forge/noarch/python-tzdata-2025.2-pyhd8ed1ab_0.conda#88476ae6ebd24f39261e0854ac244f33
https://conda.anaconda.org/conda-forge/noarch/pytz-2025.2-pyhd8ed1ab_0.conda#bc8e3267d44011051f2eb14d22fb0960
https://conda.anaconda.org/conda-forge/linux-64/re2-2025.07.22-h5a314c3_0.conda#40a7d4cef7d034026e0d6b29af54b5ce
https://conda.anaconda.org/conda-forge/noarch/setuptools-80.9.0-pyhff2d567_0.conda#4de79c071274a53dcaf2a8c749d1499e
https://conda.anaconda.org/conda-forge/noarch/six-1.17.0-pyhe01879c_1.conda#3339e3b65d58accf4ca4fb8748ab16b3
https://conda.anaconda.org/conda-forge/noarch/threadpoolctl-3.6.0-pyhecae5ae_0.conda#9d64911b31d57ca443e9f1e36b04385f
https://conda.anaconda.org/conda-forge/noarch/toml-0.10.2-pyhd8ed1ab_1.conda#b0dd904de08b7db706167240bf37b164
https://conda.anaconda.org/conda-forge/noarch/tomli-2.2.1-pyhe01879c_2.conda#30a0a26c8abccf4b7991d590fe17c699
https://conda.anaconda.org/conda-forge/linux-64/tornado-6.5.1-py313h536fd9c_0.conda#e9434a5155db25c38ade26f71a2f5a48
https://conda.anaconda.org/conda-forge/noarch/typing_extensions-4.14.1-pyhe01879c_0.conda#e523f4f1e980ed7a4240d7e27e9ec81f
https://conda.anaconda.org/conda-forge/linux-64/xcb-util-image-0.4.0-hb711507_2.conda#a0901183f08b6c7107aab109733a3c91
https://conda.anaconda.org/conda-forge/linux-64/xkeyboard-config-2.45-hb9d3cd8_0.conda#397a013c2dc5145a70737871aaa87e98
https://conda.anaconda.org/conda-forge/linux-64/xorg-libxext-1.3.6-hb9d3cd8_0.conda#febbab7d15033c913d53c7a2c102309d
https://conda.anaconda.org/conda-forge/linux-64/xorg-libxfixes-6.0.1-hb9d3cd8_0.conda#4bdb303603e9821baf5fe5fdff1dc8f8
https://conda.anaconda.org/conda-forge/linux-64/xorg-libxrender-0.9.12-hb9d3cd8_0.conda#96d57aba173e878a2089d5638016dc5e
https://conda.anaconda.org/conda-forge/linux-64/aws-c-auth-0.9.0-h0fbd49f_19.conda#24139f2990e92effbeb374a0eb33fdb1
https://conda.anaconda.org/conda-forge/linux-64/aws-c-mqtt-0.13.3-h19deb91_3.conda#1680d64986f8263978c3624f677656c8
https://conda.anaconda.org/conda-forge/linux-64/azure-core-cpp-1.16.0-h3a458e0_0.conda#c09adf9bb0f9310cf2d7af23a4fbf1ff
https://conda.anaconda.org/conda-forge/linux-64/ccache-4.11.3-h80c52d3_0.conda#eb517c6a2b960c3ccb6f1db1005f063a
https://conda.anaconda.org/conda-forge/linux-64/coverage-7.10.1-py313h3dea7bd_0.conda#082db3aff0cf22b5bddfcca9cb13461f
https://conda.anaconda.org/conda-forge/linux-64/dbus-1.16.2-h3c4dab8_0.conda#679616eb5ad4e521c83da4650860aba7
https://conda.anaconda.org/conda-forge/noarch/exceptiongroup-1.3.0-pyhd8ed1ab_0.conda#72e42d28960d875c7654614f8b50939a
https://conda.anaconda.org/conda-forge/linux-64/fonttools-4.59.0-py313h3dea7bd_0.conda#9ab0ef93a0904a39910d1835588e25cd
https://conda.anaconda.org/conda-forge/linux-64/freetype-2.13.3-ha770c72_1.conda#9ccd736d31e0c6e41f54e704e5312811
https://conda.anaconda.org/conda-forge/noarch/jinja2-3.1.6-pyhd8ed1ab_0.conda#446bd6c8cb26050d528881df495ce646
https://conda.anaconda.org/conda-forge/noarch/joblib-1.5.1-pyhd8ed1ab_0.conda#fb1c14694de51a476ce8636d92b6f42c
https://conda.anaconda.org/conda-forge/linux-64/libgl-1.7.0-ha4b6fd6_2.conda#928b8be80851f5d8ffb016f9c81dae7a
https://conda.anaconda.org/conda-forge/linux-64/libgrpc-1.73.1-h1e535eb_0.conda#8075d8550f773a17288c7ec2cf2f2d56
https://conda.anaconda.org/conda-forge/linux-64/libhwloc-2.11.2-default_h3d81e11_1002.conda#56aacccb6356b6b6134a79cdf5688506
https://conda.anaconda.org/conda-forge/linux-64/libllvm20-20.1.8-hecd9e04_0.conda#59a7b967b6ef5d63029b1712f8dcf661
https://conda.anaconda.org/conda-forge/linux-64/libxkbcommon-1.10.0-h65c71a3_0.conda#fedf6bfe5d21d21d2b1785ec00a8889a
https://conda.anaconda.org/conda-forge/linux-64/libxslt-1.1.43-h7a3aeb2_0.conda#31059dc620fa57d787e3899ed0421e6d
https://conda.anaconda.org/conda-forge/linux-64/mpc-1.3.1-h24ddda3_1.conda#aa14b9a5196a6d8dd364164b7ce56acf
https://conda.anaconda.org/conda-forge/linux-64/openldap-2.6.10-he970967_0.conda#2e5bf4f1da39c0b32778561c3c4e5878
https://conda.anaconda.org/conda-forge/linux-64/pillow-11.3.0-py313h8db990d_0.conda#114a74a6e184101112fdffd3a1cb5b8f
https://conda.anaconda.org/conda-forge/linux-64/prometheus-cpp-1.3.0-ha5d0236_0.conda#a83f6a2fdc079e643237887a37460668
https://conda.anaconda.org/conda-forge/noarch/pybind11-3.0.0-pyh9380348_1.conda#309c97c5918389f181cc7d9c29e2a6e5
https://conda.anaconda.org/conda-forge/noarch/pyproject-metadata-0.9.1-pyhd8ed1ab_0.conda#22ae7c6ea81e0c8661ef32168dda929b
https://conda.anaconda.org/conda-forge/noarch/python-dateutil-2.9.0.post0-pyhe01879c_2.conda#5b8d21249ff20967101ffa321cab24e8
https://conda.anaconda.org/conda-forge/noarch/python-gil-3.13.5-h4df99d1_102.conda#2eabcede0db21acee23c181db58b4128
https://conda.anaconda.org/conda-forge/noarch/typing-extensions-4.14.1-h4440ef1_0.conda#75be1a943e0a7f99fcf118309092c635
https://conda.anaconda.org/conda-forge/linux-64/xcb-util-cursor-0.1.5-hb9d3cd8_0.conda#eb44b3b6deb1cab08d72cb61686fe64c
https://conda.anaconda.org/conda-forge/linux-64/xorg-libxcomposite-0.4.6-hb9d3cd8_2.conda#d3c295b50f092ab525ffe3c2aa4b7413
https://conda.anaconda.org/conda-forge/linux-64/xorg-libxcursor-1.2.3-hb9d3cd8_0.conda#2ccd714aa2242315acaf0a67faea780b
https://conda.anaconda.org/conda-forge/linux-64/xorg-libxdamage-1.1.6-hb9d3cd8_0.conda#b5fcc7172d22516e1f965490e65e33a4
https://conda.anaconda.org/conda-forge/linux-64/xorg-libxi-1.8.2-hb9d3cd8_0.conda#17dcc85db3c7886650b8908b183d6876
https://conda.anaconda.org/conda-forge/linux-64/xorg-libxrandr-1.5.4-hb9d3cd8_0.conda#2de7f99d6581a4a7adbff607b5c278ca
https://conda.anaconda.org/conda-forge/linux-64/xorg-libxxf86vm-1.1.6-hb9d3cd8_0.conda#5efa5fa6243a622445fdfd72aee15efa
https://conda.anaconda.org/conda-forge/noarch/_python_abi3_support-1.0-hd8ed1ab_2.conda#aaa2a381ccc56eac91d63b6c1240312f
https://conda.anaconda.org/conda-forge/linux-64/aws-c-s3-0.8.6-h800fcd2_2.conda#50e0900a33add0c715f17648de6be786
https://conda.anaconda.org/conda-forge/linux-64/azure-identity-cpp-1.12.0-ha729027_0.conda#3dab8d6fa3d10fe4104f1fbe59c10176
https://conda.anaconda.org/conda-forge/linux-64/azure-storage-common-cpp-12.10.0-hebae86a_2.conda#0d93ce986d13e46a8fc91c289597d78f
https://conda.anaconda.org/conda-forge/linux-64/fontconfig-2.15.0-h7e30c49_1.conda#8f5b0b297b59e1ac160ad4beec99dbee
https://conda.anaconda.org/conda-forge/linux-64/gmpy2-2.2.1-py313h11186cd_0.conda#54d020e0eaacf1e99bfb2410b9aa2e5e
https://conda.anaconda.org/conda-forge/linux-64/libclang-cpp20.1-20.1.8-default_hddf928d_0.conda#b939740734ad5a8e8f6c942374dee68d
https://conda.anaconda.org/conda-forge/linux-64/libclang13-20.1.8-default_ha444ac7_0.conda#783f9cdcb0255ed00e3f1be22e16de40
https://conda.anaconda.org/conda-forge/linux-64/libgoogle-cloud-2.39.0-hdb79228_0.conda#a2e30ccd49f753fd30de0d30b1569789
https://conda.anaconda.org/conda-forge/linux-64/libopentelemetry-cpp-1.21.0-hb9b0907_1.conda#1c0320794855f457dea27d35c4c71e23
https://conda.anaconda.org/conda-forge/linux-64/libpq-17.5-h27ae623_0.conda#6458be24f09e1b034902ab44fe9de908
https://conda.anaconda.org/conda-forge/noarch/meson-python-0.18.0-pyh70fd9c4_0.conda#576c04b9d9f8e45285fb4d9452c26133
https://conda.anaconda.org/conda-forge/linux-64/optree-0.17.0-py313h7037e92_0.conda#21ca2b3ea73b2143033cd87ceadf270e
https://conda.anaconda.org/conda-forge/noarch/pytest-8.4.1-pyhd8ed1ab_0.conda#a49c2283f24696a7b30367b7346a0144
https://conda.anaconda.org/conda-forge/linux-64/tbb-2021.13.0-hceb3a55_1.conda#ba7726b8df7b9d34ea80e82b097a4893
https://conda.anaconda.org/conda-forge/linux-64/xorg-libxtst-1.2.5-hb9d3cd8_3.conda#7bbe9a0cc0df0ac5f5a8ad6d6a11af2f
https://conda.anaconda.org/conda-forge/linux-64/aws-crt-cpp-0.33.1-hb4fd278_2.conda#81c545e27e527ca1be0cc04b74c20386
https://conda.anaconda.org/conda-forge/linux-64/azure-storage-blobs-cpp-12.14.0-hb1c9500_1.conda#30da390c211967189c58f83ab58a6f0c
https://conda.anaconda.org/conda-forge/linux-64/cairo-1.18.4-h3394656_0.conda#09262e66b19567aff4f592fb53b28760
https://conda.anaconda.org/conda-forge/linux-64/libgoogle-cloud-storage-2.39.0-hdbdcf42_0.conda#bd21962ff8a9d1ce4720d42a35a4af40
https://conda.anaconda.org/conda-forge/linux-64/mkl-2024.2.2-ha770c72_17.conda#e4ab075598123e783b788b995afbdad0
https://conda.anaconda.org/conda-forge/linux-64/polars-default-1.31.0-py39hf521cc8_1.conda#85f9f61975ba5a8f3d40b477aef457cb
https://conda.anaconda.org/conda-forge/noarch/pytest-cov-6.2.1-pyhd8ed1ab_0.conda#ce978e1b9ed8b8d49164e90a5cdc94cd
https://conda.anaconda.org/conda-forge/noarch/pytest-xdist-3.8.0-pyhd8ed1ab_0.conda#8375cfbda7c57fbceeda18229be10417
https://conda.anaconda.org/conda-forge/noarch/sympy-1.14.0-pyh2585a3b_105.conda#8c09fac3785696e1c477156192d64b91
https://conda.anaconda.org/conda-forge/linux-64/aws-sdk-cpp-1.11.606-h31ade35_1.conda#e33b3d2a2d44ba0fb35373d2343b71dd
https://conda.anaconda.org/conda-forge/linux-64/azure-storage-files-datalake-cpp-12.12.0-h8b27e44_3.conda#7b738aea4f1b8ae2d1118156ad3ae993
https://conda.anaconda.org/conda-forge/linux-64/harfbuzz-11.3.3-hbb57e21_0.conda#0f69590f0c89bed08abc54d86cd87be5
https://conda.anaconda.org/conda-forge/linux-64/libblas-3.9.0-32_hfdb39a5_mkl.conda#eceb19ae9105bc4d0e8d5a321d66c426
https://conda.anaconda.org/conda-forge/linux-64/mkl-devel-2024.2.2-ha770c72_17.conda#e67269e07e58be5672f06441316f05f2
https://conda.anaconda.org/conda-forge/linux-64/polars-1.31.0-default_h70f2ef1_1.conda#0217d9e4176cf33942996a7ee3afac0e
https://conda.anaconda.org/conda-forge/linux-64/libarrow-21.0.0-hd5bb725_0_cpu.conda#e4b094a4c46fd7c598c2ff78e0080ba7
https://conda.anaconda.org/conda-forge/linux-64/libcblas-3.9.0-32_h372d94f_mkl.conda#68b55daaf083682f58d9b7f5d52aeb37
https://conda.anaconda.org/conda-forge/linux-64/liblapack-3.9.0-32_hc41d3b0_mkl.conda#6dc827963c12f90c79f5b2be4eaea072
https://conda.anaconda.org/conda-forge/linux-64/qt6-main-6.9.1-h6ac528c_2.conda#34ccdb55340a25761efbac1ff1504091
https://conda.anaconda.org/conda-forge/linux-64/libarrow-compute-21.0.0-he319acf_0_cpu.conda#901a69b8e4de174454a3f2bee13f118f
https://conda.anaconda.org/conda-forge/linux-64/liblapacke-3.9.0-32_hbc6e62b_mkl.conda#1524bf380c8b6a65a856a335feb4984e
https://conda.anaconda.org/conda-forge/linux-64/libparquet-21.0.0-h790f06f_0_cpu.conda#0567d0cd584c49fdff1393529af77118
https://conda.anaconda.org/conda-forge/linux-64/libtorch-2.7.1-cpu_mkl_hf38bc2d_103.conda#cc613cc921fe87d8ecda7a7c8fafc097
https://conda.anaconda.org/conda-forge/linux-64/numpy-2.3.2-py313hf6604e3_0.conda#34da5460bdcd8a5d360ef46cae9f626d
https://conda.anaconda.org/conda-forge/linux-64/pyside6-6.9.1-py313h7dabd7a_0.conda#42a24d0f4fe3a2e8307de3838e162452
https://conda.anaconda.org/conda-forge/noarch/array-api-strict-2.4.1-pyhe01879c_0.conda#648e253c455718227c61e26f4a4ce701
https://conda.anaconda.org/conda-forge/linux-64/blas-devel-3.9.0-32_hcf00494_mkl.conda#92820d2178317944b3f17760b03d73a9
https://conda.anaconda.org/conda-forge/linux-64/contourpy-1.3.3-py313h7037e92_1.conda#7efd370a0349ce5722b7b23232bfe36b
https://conda.anaconda.org/conda-forge/linux-64/libarrow-acero-21.0.0-h635bf11_0_cpu.conda#1f549118f553fda0889cff96f2ff1bdb
https://conda.anaconda.org/conda-forge/linux-64/pandas-2.3.1-py313h08cd8bf_0.conda#0b23bc9b44d838b88f3ec8ab780113f1
https://conda.anaconda.org/conda-forge/linux-64/pyarrow-core-21.0.0-py313he109ebe_0_cpu.conda#3018b7f30825c21c47a7a1e061459f96
https://conda.anaconda.org/conda-forge/linux-64/pytorch-2.7.1-cpu_mkl_py313_h58dab0e_103.conda#14fd59c6195a9d61987cf42e138b1a92
https://conda.anaconda.org/conda-forge/linux-64/scipy-1.16.0-py313h86fcf2b_0.conda#8c60fe574a5abab59cd365d32e279872
https://conda.anaconda.org/conda-forge/noarch/scipy-doctest-1.8.0-pyhe01879c_0.conda#5bc3f4bc1e027aa4ba6fdad1a84b5d3c
https://conda.anaconda.org/conda-forge/linux-64/blas-2.132-mkl.conda#b8b0988c5e1abbb5f05c7f086f76b6bd
https://conda.anaconda.org/conda-forge/linux-64/libarrow-dataset-21.0.0-h635bf11_0_cpu.conda#939fd9e5f73b435249268ddaa8425475
https://conda.anaconda.org/conda-forge/linux-64/matplotlib-base-3.10.5-py313h683a580_0.conda#9edc5badd11b451eb00eb8c492545fe2
https://conda.anaconda.org/conda-forge/linux-64/pyamg-5.2.1-py313hf0ab243_1.conda#4c769bf3858f424cb2ecf952175ec600
https://conda.anaconda.org/conda-forge/linux-64/pytorch-cpu-2.7.1-cpu_mkl_hc60beec_103.conda#5832b21e4193b05a096a8db177b14031
https://conda.anaconda.org/conda-forge/linux-64/libarrow-substrait-21.0.0-h3f74fd7_0_cpu.conda#343b0daf0ddc4acb9abd3438ebaf31ad
https://conda.anaconda.org/conda-forge/linux-64/matplotlib-3.10.5-py313h78bf25f_0.conda#0ca5238dd15d01f6609866bb370732e3
https://conda.anaconda.org/conda-forge/linux-64/pyarrow-21.0.0-py313h78bf25f_0.conda#1580ddd94606ccb60270877cb8838562
