# Generated by conda-lock.
# platform: linux-64
# input_hash: c37a5ebd9e5b96fd88fd4f70f9850219fb4ff1d23468f3ff179d0188e72b9538
@EXPLICIT
https://conda.anaconda.org/conda-forge/linux-64/_libgcc_mutex-0.1-conda_forge.tar.bz2#d7c89558ba9fa0495403155b64376d81
https://conda.anaconda.org/conda-forge/linux-64/ca-certificates-2022.6.15-ha878542_0.tar.bz2#c320890f77fd1d617fa876e0982002c2
https://conda.anaconda.org/conda-forge/noarch/font-ttf-dejavu-sans-mono-2.37-hab24e00_0.tar.bz2#0c96522c6bdaed4b1566d11387caaf45
https://conda.anaconda.org/conda-forge/noarch/font-ttf-inconsolata-3.000-h77eed37_0.tar.bz2#34893075a5c9e55cdafac56607368fc6
https://conda.anaconda.org/conda-forge/noarch/font-ttf-source-code-pro-2.038-h77eed37_0.tar.bz2#4d59c254e01d9cde7957100457e2d5fb
https://conda.anaconda.org/conda-forge/noarch/font-ttf-ubuntu-0.83-hab24e00_0.tar.bz2#19410c3df09dfb12d1206132a1d357c5
https://conda.anaconda.org/conda-forge/linux-64/ld_impl_linux-64-2.36.1-hea4e1c9_2.tar.bz2#bd4f2e711b39af170e7ff15163fe87ee
https://conda.anaconda.org/conda-forge/linux-64/libgfortran5-12.1.0-hdcd56e2_16.tar.bz2#b02605b875559ff99f04351fd5040760
https://conda.anaconda.org/conda-forge/linux-64/libstdcxx-ng-12.1.0-ha89aaad_16.tar.bz2#6f5ba041a41eb102a1027d9e68731be7
https://conda.anaconda.org/conda-forge/linux-64/mkl-include-2022.1.0-h84fe81f_915.tar.bz2#2dcd1acca05c11410d4494d7fc7dfa2a
https://conda.anaconda.org/conda-forge/noarch/tzdata-2022a-h191b570_0.tar.bz2#84be5301069417a2221187d2f435e0f7
https://conda.anaconda.org/conda-forge/noarch/fonts-conda-forge-1-0.tar.bz2#f766549260d6815b0c52253f1fb1bb29
https://conda.anaconda.org/conda-forge/linux-64/libgfortran-ng-12.1.0-h69a702a_16.tar.bz2#6bf15e29a20f614b18ae89368260d0a2
https://conda.anaconda.org/conda-forge/noarch/fonts-conda-ecosystem-1-0.tar.bz2#fee5683a3f04bd15cbd8318b096a27ab
https://conda.anaconda.org/conda-forge/linux-64/_openmp_mutex-4.5-2_kmp_llvm.tar.bz2#562b26ba2e19059551a811e72ab7f793
https://conda.anaconda.org/conda-forge/linux-64/libgcc-ng-12.1.0-h8d9b700_16.tar.bz2#4f05bc9844f7c101e6e147dab3c88d5c
https://conda.anaconda.org/conda-forge/linux-64/alsa-lib-1.2.6.1-h7f98852_0.tar.bz2#0347ce6a34f8b55b544b141432c6d4c7
https://conda.anaconda.org/conda-forge/linux-64/attr-2.5.1-h166bdaf_0.tar.bz2#ec47e97c8e0b27dcadbebc4d17764548
https://conda.anaconda.org/conda-forge/linux-64/bzip2-1.0.8-h7f98852_4.tar.bz2#a1fd65c7ccbf10880423d82bca54eb54
https://conda.anaconda.org/conda-forge/linux-64/expat-2.4.8-h27087fc_0.tar.bz2#e1b07832504eeba765d648389cc387a9
https://conda.anaconda.org/conda-forge/linux-64/fftw-3.3.10-nompi_h77c792f_102.tar.bz2#208f18b1d596b50c6a92a12b30ebe31f
https://conda.anaconda.org/conda-forge/linux-64/giflib-5.2.1-h36c2ea0_2.tar.bz2#626e68ae9cc5912d6adb79d318cf962d
https://conda.anaconda.org/conda-forge/linux-64/icu-70.1-h27087fc_0.tar.bz2#87473a15119779e021c314249d4b4aed
https://conda.anaconda.org/conda-forge/linux-64/jpeg-9e-h166bdaf_1.tar.bz2#4828c7f7208321cfbede4880463f4930
https://conda.anaconda.org/conda-forge/linux-64/keyutils-1.6.1-h166bdaf_0.tar.bz2#30186d27e2c9fa62b45fb1476b7200e3
https://conda.anaconda.org/conda-forge/linux-64/lerc-3.0-h9c3ff4c_0.tar.bz2#7fcefde484980d23f0ec24c11e314d2e
https://conda.anaconda.org/conda-forge/linux-64/libbrotlicommon-1.0.9-h166bdaf_7.tar.bz2#f82dc1c78bcf73583f2656433ce2933c
https://conda.anaconda.org/conda-forge/linux-64/libdb-6.2.32-h9c3ff4c_0.tar.bz2#3f3258d8f841fbac63b36b75bdac1afd
https://conda.anaconda.org/conda-forge/linux-64/libdeflate-1.12-h166bdaf_0.tar.bz2#d56e3db8fa642fb383f18f5be35eeef2
https://conda.anaconda.org/conda-forge/linux-64/libffi-3.4.2-h7f98852_5.tar.bz2#d645c6d2ac96843a2bfaccd2d62b3ac3
https://conda.anaconda.org/conda-forge/linux-64/libhiredis-1.0.2-h2cc385e_0.tar.bz2#b34907d3a81a3cd8095ee83d174c074a
https://conda.anaconda.org/conda-forge/linux-64/libiconv-1.16-h516909a_0.tar.bz2#5c0f338a513a2943c659ae619fca9211
https://conda.anaconda.org/conda-forge/linux-64/libnsl-2.0.0-h7f98852_0.tar.bz2#39b1328babf85c7c3a61636d9cd50206
https://conda.anaconda.org/conda-forge/linux-64/libogg-1.3.4-h7f98852_1.tar.bz2#6e8cc2173440d77708196c5b93771680
https://conda.anaconda.org/conda-forge/linux-64/libopus-1.3.1-h7f98852_1.tar.bz2#15345e56d527b330e1cacbdf58676e8f
https://conda.anaconda.org/conda-forge/linux-64/libtool-2.4.6-h9c3ff4c_1008.tar.bz2#16e143a1ed4b4fd169536373957f6fee
https://conda.anaconda.org/conda-forge/linux-64/libudev1-249-h166bdaf_4.tar.bz2#dc075ff6fcb46b3d3c7652e543d5f334
https://conda.anaconda.org/conda-forge/linux-64/libuuid-2.32.1-h7f98852_1000.tar.bz2#772d69f030955d9646d3d0eaf21d859d
https://conda.anaconda.org/conda-forge/linux-64/libwebp-base-1.2.2-h7f98852_1.tar.bz2#46cf26ecc8775a0aab300ea1821aaa3c
https://conda.anaconda.org/conda-forge/linux-64/libzlib-1.2.12-h166bdaf_1.tar.bz2#58eaff4f91891978af3625e7bbf958af
https://conda.anaconda.org/conda-forge/linux-64/lz4-c-1.9.3-h9c3ff4c_1.tar.bz2#fbe97e8fa6f275d7c76a09e795adc3e6
https://conda.anaconda.org/conda-forge/linux-64/ncurses-6.3-h27087fc_1.tar.bz2#4acfc691e64342b9dae57cf2adc63238
https://conda.anaconda.org/conda-forge/linux-64/nspr-4.32-h9c3ff4c_1.tar.bz2#29ded371806431b0499aaee146abfc3e
https://conda.anaconda.org/conda-forge/linux-64/openssl-1.1.1p-h166bdaf_0.tar.bz2#995e819f901ee0c4411e4f50d9b31a82
https://conda.anaconda.org/conda-forge/linux-64/pcre-8.45-h9c3ff4c_0.tar.bz2#c05d1820a6d34ff07aaaab7a9b7eddaa
https://conda.anaconda.org/conda-forge/linux-64/pthread-stubs-0.4-h36c2ea0_1001.tar.bz2#22dad4df6e8630e8dff2428f6f6a7036
https://conda.anaconda.org/conda-forge/linux-64/tbb-2021.5.0-h924138e_1.tar.bz2#6d0aabe2be9d714b1f4ce57514d05b4d
https://conda.anaconda.org/conda-forge/linux-64/xorg-libxau-1.0.9-h7f98852_0.tar.bz2#bf6f803a544f26ebbdc3bfff272eb179
https://conda.anaconda.org/conda-forge/linux-64/xorg-libxdmcp-1.1.3-h7f98852_0.tar.bz2#be93aabceefa2fac576e971aef407908
https://conda.anaconda.org/conda-forge/linux-64/xz-5.2.5-h516909a_1.tar.bz2#33f601066901f3e1a85af3522a8113f9
https://conda.anaconda.org/conda-forge/linux-64/gettext-0.19.8.1-h73d1719_1008.tar.bz2#af49250eca8e139378f8ff0ae9e57251
https://conda.anaconda.org/conda-forge/linux-64/libbrotlidec-1.0.9-h166bdaf_7.tar.bz2#37a460703214d0d1b421e2a47eb5e6d0
https://conda.anaconda.org/conda-forge/linux-64/libbrotlienc-1.0.9-h166bdaf_7.tar.bz2#785a9296ea478eb78c47593c4da6550f
https://conda.anaconda.org/conda-forge/linux-64/libcap-2.64-ha37c62d_0.tar.bz2#5896fbd58d0376df8556a4aba1ce4f71
https://conda.anaconda.org/conda-forge/linux-64/libedit-3.1.20191231-he28a2e2_2.tar.bz2#4d331e44109e3f0e19b4cb8f9b82f3e1
https://conda.anaconda.org/conda-forge/linux-64/libevent-2.1.10-h9b69904_4.tar.bz2#390026683aef81db27ff1b8570ca1336
https://conda.anaconda.org/conda-forge/linux-64/libllvm14-14.0.6-he0ac6c6_0.tar.bz2#f5759f0c80708fbf9c4836c0cb46d0fe
https://conda.anaconda.org/conda-forge/linux-64/libvorbis-1.3.7-h9c3ff4c_0.tar.bz2#309dec04b70a3cc0f1e84a4013683bc0
https://conda.anaconda.org/conda-forge/linux-64/libxcb-1.13-h7f98852_1004.tar.bz2#b3653fdc58d03face9724f602218a904
https://conda.anaconda.org/conda-forge/linux-64/llvm-openmp-14.0.4-he0ac6c6_0.tar.bz2#cecc6e3cb66570ffcfb820c637890f54
https://conda.anaconda.org/conda-forge/linux-64/mysql-common-8.0.29-haf5c9bc_1.tar.bz2#c01640c8bad562720d6caff0402dbd96
https://conda.anaconda.org/conda-forge/linux-64/portaudio-19.6.0-h57a0ea0_5.tar.bz2#5469312a373f481c05c380897fd7c923
https://conda.anaconda.org/conda-forge/linux-64/readline-8.1.2-h0f457ee_0.tar.bz2#db2ebbe2943aae81ed051a6a9af8e0fa
https://conda.anaconda.org/conda-forge/linux-64/tk-8.6.12-h27826a3_0.tar.bz2#5b8c42eb62e9fc961af70bdd6a26e168
https://conda.anaconda.org/conda-forge/linux-64/zlib-1.2.12-h166bdaf_1.tar.bz2#e4b67f2b4096807cd7d836227c026a43
https://conda.anaconda.org/conda-forge/linux-64/zstd-1.5.2-h8a70e8d_1.tar.bz2#3db63b53bb194dbaa7dc3d8833e98da2
https://conda.anaconda.org/conda-forge/linux-64/brotli-bin-1.0.9-h166bdaf_7.tar.bz2#1699c1211d56a23c66047524cd76796e
https://conda.anaconda.org/conda-forge/linux-64/ccache-4.5.1-haef5404_0.tar.bz2#8458e509920a0bb14bb6fedd248bed57
https://conda.anaconda.org/conda-forge/linux-64/krb5-1.19.3-h3790be6_0.tar.bz2#7d862b05445123144bec92cb1acc8ef8
https://conda.anaconda.org/conda-forge/linux-64/libclang13-14.0.5-default_h3a83d3e_0.tar.bz2#493aec1de0f0e09e921eff6206cafff6
https://conda.anaconda.org/conda-forge/linux-64/libflac-1.3.4-h27087fc_0.tar.bz2#620e52e160fd09eb8772dedd46bb19ef
https://conda.anaconda.org/conda-forge/linux-64/libglib-2.70.2-h174f98d_4.tar.bz2#d44314ffae96b17657fbf3f8e47b04fc
https://conda.anaconda.org/conda-forge/linux-64/libpng-1.6.37-h21135ba_2.tar.bz2#b6acf807307d033d4b7e758b4f44b036
https://conda.anaconda.org/conda-forge/linux-64/libtiff-4.4.0-hc85c160_1.tar.bz2#151f9fae3ab50f039c8735e47770aa2d
https://conda.anaconda.org/conda-forge/linux-64/libxml2-2.9.14-h22db469_0.tar.bz2#7d623237b73d93dd856b5dd0f5fedd6b
https://conda.anaconda.org/conda-forge/linux-64/mkl-2022.1.0-h84fe81f_915.tar.bz2#b9c8f925797a93dbff45e1626b025a6b
https://conda.anaconda.org/conda-forge/linux-64/mysql-libs-8.0.29-h28c427c_1.tar.bz2#36dbdbf505b131c7e79a3857f3537185
https://conda.anaconda.org/conda-forge/linux-64/sqlite-3.38.5-h4ff8645_0.tar.bz2#a1448f0c31baec3946d2dcf09f905c9e
https://conda.anaconda.org/conda-forge/linux-64/xcb-util-0.4.0-h166bdaf_0.tar.bz2#384e7fcb3cd162ba3e4aed4b687df566
https://conda.anaconda.org/conda-forge/linux-64/xcb-util-keysyms-0.4.0-h166bdaf_0.tar.bz2#637054603bb7594302e3bf83f0a99879
https://conda.anaconda.org/conda-forge/linux-64/xcb-util-renderutil-0.3.9-h166bdaf_0.tar.bz2#732e22f1741bccea861f5668cf7342a7
https://conda.anaconda.org/conda-forge/linux-64/xcb-util-wm-0.4.1-h166bdaf_0.tar.bz2#0a8e20a8aef954390b9481a527421a8c
https://conda.anaconda.org/conda-forge/linux-64/brotli-1.0.9-h166bdaf_7.tar.bz2#3889dec08a472eb0f423e5609c76bde1
https://conda.anaconda.org/conda-forge/linux-64/dbus-1.13.6-h5008d03_3.tar.bz2#ecfff944ba3960ecb334b9a2663d708d
https://conda.anaconda.org/conda-forge/linux-64/freetype-2.10.4-h0708190_1.tar.bz2#4a06f2ac2e5bfae7b6b245171c3f07aa
https://conda.anaconda.org/conda-forge/linux-64/glib-tools-2.70.2-h780b84a_4.tar.bz2#c66c6df8ef582a3b78702201b1eb8e94
https://conda.anaconda.org/conda-forge/linux-64/lcms2-2.12-hddcbb42_0.tar.bz2#797117394a4aa588de6d741b06fad80f
https://conda.anaconda.org/conda-forge/linux-64/libblas-3.9.0-15_linux64_mkl.tar.bz2#1ffa5033a4fa691d679dabca44bb60f4
https://conda.anaconda.org/conda-forge/linux-64/libclang-14.0.5-default_h2e3cab8_0.tar.bz2#8b1cd508fcf54a5c8c5766c549272b6e
https://conda.anaconda.org/conda-forge/linux-64/libcups-2.3.3-hf5a7f15_1.tar.bz2#005557d6df00af70e438bcd532ce2304
https://conda.anaconda.org/conda-forge/linux-64/libpq-14.4-hd77ab85_0.tar.bz2#7024df220bd8680192d4bad4024122d1
https://conda.anaconda.org/conda-forge/linux-64/libsndfile-1.0.31-h9c3ff4c_1.tar.bz2#fc4b6d93da04731db7601f2a1b1dc96a
https://conda.anaconda.org/conda-forge/linux-64/libwebp-1.2.2-h3452ae3_0.tar.bz2#c363665b4aabe56aae4f8981cff5b153
https://conda.anaconda.org/conda-forge/linux-64/libxkbcommon-1.0.3-he3ba5ed_0.tar.bz2#f9dbabc7e01c459ed7a1d1d64b206e9b
https://conda.anaconda.org/conda-forge/linux-64/mkl-devel-2022.1.0-ha770c72_916.tar.bz2#69ba49e445f87aea2cba343a71a35ca2
https://conda.anaconda.org/conda-forge/linux-64/nss-3.78-h2350873_0.tar.bz2#ab3df39f96742e6f1a9878b09274c1dc
https://conda.anaconda.org/conda-forge/linux-64/openjpeg-2.4.0-hb52868f_1.tar.bz2#b7ad78ad2e9ee155f59e6428406ee824
https://conda.anaconda.org/conda-forge/linux-64/python-3.10.5-h582c2e5_0_cpython.tar.bz2#ccbed83043b9b7b5693164591317f327
https://conda.anaconda.org/conda-forge/linux-64/xcb-util-image-0.4.0-h166bdaf_0.tar.bz2#c9b568bd804cb2903c6be6f5f68182e4
https://conda.anaconda.org/conda-forge/noarch/attrs-21.4.0-pyhd8ed1ab_0.tar.bz2#f70280205d7044c8b8358c8de3190e5d
https://conda.anaconda.org/conda-forge/noarch/charset-normalizer-2.0.12-pyhd8ed1ab_0.tar.bz2#1f5b32dabae0f1893ae3283dac7f799e
https://conda.anaconda.org/conda-forge/noarch/cycler-0.11.0-pyhd8ed1ab_0.tar.bz2#a50559fad0affdbb33729a68669ca1cb
https://conda.anaconda.org/conda-forge/noarch/execnet-1.9.0-pyhd8ed1ab_0.tar.bz2#0e521f7a5e60d508b121d38b04874fb2
https://conda.anaconda.org/conda-forge/linux-64/fontconfig-2.14.0-h8e229c2_0.tar.bz2#f314f79031fec74adc9bff50fbaffd89
https://conda.anaconda.org/conda-forge/linux-64/glib-2.70.2-h780b84a_4.tar.bz2#977c857d773389a51442ad3a716c0480
https://conda.anaconda.org/conda-forge/noarch/idna-3.3-pyhd8ed1ab_0.tar.bz2#40b50b8b030f5f2f22085c062ed013dd
https://conda.anaconda.org/conda-forge/noarch/iniconfig-1.1.1-pyh9f0ad1d_0.tar.bz2#39161f81cc5e5ca45b8226fbb06c6905
https://conda.anaconda.org/conda-forge/linux-64/jack-1.9.18-h8c3723f_1002.tar.bz2#7b3f287fcb7683f67b3d953b79f412ea
https://conda.anaconda.org/conda-forge/linux-64/libcblas-3.9.0-15_linux64_mkl.tar.bz2#98a0dc4760b53d7d7ae24e232b4a1e44
https://conda.anaconda.org/conda-forge/linux-64/liblapack-3.9.0-15_linux64_mkl.tar.bz2#8803915f72ba0742c4f4c86ab02e67d1
https://conda.anaconda.org/conda-forge/noarch/munkres-1.1.4-pyh9f0ad1d_0.tar.bz2#2ba8498c1018c1e9c61eb99b973dfe19
https://conda.anaconda.org/conda-forge/noarch/py-1.11.0-pyh6c4a22f_0.tar.bz2#b4613d7e7a493916d867842a6a148054
https://conda.anaconda.org/conda-forge/noarch/pycparser-2.21-pyhd8ed1ab_0.tar.bz2#076becd9e05608f8dc72757d5f3a91ff
https://conda.anaconda.org/conda-forge/noarch/pyparsing-3.0.9-pyhd8ed1ab_0.tar.bz2#e8fbc1b54b25f4b08281467bc13b70cc
https://conda.anaconda.org/conda-forge/linux-64/python_abi-3.10-2_cp310.tar.bz2#9e7160cd0d865e98f6803f1fe15c8b61
https://conda.anaconda.org/conda-forge/noarch/pytz-2022.1-pyhd8ed1ab_0.tar.bz2#b87d66d6d3991d988fb31510c95a9267
https://conda.anaconda.org/conda-forge/noarch/six-1.16.0-pyh6c4a22f_0.tar.bz2#e5f25f8dbc060e9a8d912e432202afc2
https://conda.anaconda.org/conda-forge/noarch/threadpoolctl-3.1.0-pyh8a188c0_0.tar.bz2#a2995ee828f65687ac5b1e71a2ab1e0c
https://conda.anaconda.org/conda-forge/noarch/toml-0.10.2-pyhd8ed1ab_0.tar.bz2#f832c45a477c78bebd107098db465095
https://conda.anaconda.org/conda-forge/noarch/tomli-2.0.1-pyhd8ed1ab_0.tar.bz2#5844808ffab9ebdb694585b50ba02a96
https://conda.anaconda.org/conda-forge/linux-64/certifi-2022.6.15-py310hff52083_0.tar.bz2#a5087d46181f812a662fbe20352961ee
https://conda.anaconda.org/conda-forge/linux-64/cffi-1.15.0-py310h0fdd8cc_0.tar.bz2#7b7366be82277a5a210e48cc6d25ce26
https://conda.anaconda.org/conda-forge/linux-64/coverage-6.2-py310h6acc77f_0.tar.bz2#3a96cddd907fb4ecb34d0ee8205ee708
https://conda.anaconda.org/conda-forge/linux-64/cython-0.29.30-py310hd8f1fbe_0.tar.bz2#1b9afbc3fabae40f4664d5390681da0a
https://conda.anaconda.org/conda-forge/linux-64/gstreamer-1.20.3-hd4edc92_0.tar.bz2#94cb81ffdce328f80c87ac9b01244632
https://conda.anaconda.org/conda-forge/linux-64/kiwisolver-1.4.3-py310hbf28c38_0.tar.bz2#93b57192dd2e93b6d5ed00be96e8ae55
https://conda.anaconda.org/conda-forge/linux-64/liblapacke-3.9.0-15_linux64_mkl.tar.bz2#ed59083832eb21f831ad847419a53855
https://conda.anaconda.org/conda-forge/linux-64/numpy-1.23.0-py310h53a5b5f_0.tar.bz2#16493af3907dbd772904e15bf24948d8
https://conda.anaconda.org/conda-forge/noarch/packaging-21.3-pyhd8ed1ab_0.tar.bz2#71f1ab2de48613876becddd496371c85
https://conda.anaconda.org/conda-forge/linux-64/pillow-9.1.1-py310he619898_1.tar.bz2#d7052b5cef119518ca362a2ff633a36d
https://conda.anaconda.org/conda-forge/linux-64/pluggy-1.0.0-py310hff52083_3.tar.bz2#97f9a22577338f91a94dfac5c1a65a50
https://conda.anaconda.org/conda-forge/linux-64/pulseaudio-14.0-h7f54b18_8.tar.bz2#f9dbcfbb942ec9a3c0249cb71da5c7d1
https://conda.anaconda.org/conda-forge/linux-64/pysocks-1.7.1-py310hff52083_5.tar.bz2#378f2260e871f3ea46c6fa58d9f05277
https://conda.anaconda.org/conda-forge/noarch/python-dateutil-2.8.2-pyhd8ed1ab_0.tar.bz2#dd999d1cc9f79e67dbb855c8924c7984
https://conda.anaconda.org/conda-forge/linux-64/setuptools-62.6.0-py310hff52083_0.tar.bz2#7fc5b1d6db9f6a9307330303a3edb04d
https://conda.anaconda.org/conda-forge/linux-64/tornado-6.1-py310h5764c6d_3.tar.bz2#8a5770e6392d29d99c9bc9c3635bba60
https://conda.anaconda.org/conda-forge/linux-64/unicodedata2-14.0.0-py310h5764c6d_1.tar.bz2#791689ce9e578e2e83b635974af61743
https://conda.anaconda.org/conda-forge/linux-64/blas-devel-3.9.0-15_linux64_mkl.tar.bz2#bf390b2b17bf22decf8bd7c1ad905fac
https://conda.anaconda.org/conda-forge/linux-64/brotlipy-0.7.0-py310h5764c6d_1004.tar.bz2#6499bb11b7feffb63b26847fc9181319
https://conda.anaconda.org/conda-forge/linux-64/cryptography-37.0.2-py310h597c629_0.tar.bz2#7b40622ed00061cc8f803c5ed3c62707
https://conda.anaconda.org/conda-forge/linux-64/fonttools-4.33.3-py310h5764c6d_0.tar.bz2#b2171665e9cd3ba4114d90b8da6815c8
https://conda.anaconda.org/conda-forge/linux-64/gst-plugins-base-1.20.3-hf6a322e_0.tar.bz2#6ea2ce6265c3207876ef2369b7479f08
https://conda.anaconda.org/conda-forge/noarch/joblib-1.1.0-pyhd8ed1ab_0.tar.bz2#07d1b5c8cde14d95998fd4767e1e62d2
https://conda.anaconda.org/conda-forge/linux-64/pandas-1.4.3-py310h769672d_0.tar.bz2#e48c810453df0f03bb8fcdff5e1d9e9d
https://conda.anaconda.org/conda-forge/linux-64/pytest-7.1.2-py310hff52083_0.tar.bz2#5d44c6ab93d445b6c433914753390e86
https://conda.anaconda.org/conda-forge/linux-64/scipy-1.8.1-py310h7612f91_0.tar.bz2#14a7ea0620e4c0801bee756171f4dc03
https://conda.anaconda.org/conda-forge/linux-64/sip-6.5.1-py310h122e73d_2.tar.bz2#f485cb3efb4c179928a96fb2e02e6f7e
https://conda.anaconda.org/conda-forge/linux-64/blas-2.115-mkl.tar.bz2#415a1741a10128d016b685ce5a9b8ac4
https://conda.anaconda.org/conda-forge/linux-64/matplotlib-base-3.5.2-py310h5701ce4_0.tar.bz2#b038b2e97ae14fea11159dcb2c5abf0a
https://conda.anaconda.org/conda-forge/linux-64/pyamg-4.2.3-py310hc4a4660_0.tar.bz2#4fa45d2d66864888df6f1ca29f516156
https://conda.anaconda.org/conda-forge/noarch/pyopenssl-22.0.0-pyhd8ed1ab_0.tar.bz2#1d7e241dfaf5475e893d4b824bb71b44
https://conda.anaconda.org/conda-forge/linux-64/pyqt5-sip-12.9.0-py310hd8f1fbe_1.tar.bz2#21ae1ac216cfc85e24dc7c09570ddf31
https://conda.anaconda.org/conda-forge/noarch/pytest-cov-3.0.0-pyhd8ed1ab_0.tar.bz2#0f7cac11bb696b62d378bde725bfc3eb
https://conda.anaconda.org/conda-forge/noarch/pytest-forked-1.4.0-pyhd8ed1ab_0.tar.bz2#95286e05a617de9ebfe3246cecbfb72f
https://conda.anaconda.org/conda-forge/linux-64/qt-main-5.15.4-ha5833f6_2.tar.bz2#dd3aa6715b9e9efaf842febf18ce4261
https://conda.anaconda.org/conda-forge/linux-64/pyqt-5.15.4-py310h29803b5_1.tar.bz2#d34f0b4c9ad5705d0ffe501d5d8aa26f
https://conda.anaconda.org/conda-forge/noarch/pytest-xdist-2.5.0-pyhd8ed1ab_0.tar.bz2#1fdd1f3baccf0deb647385c677a1a48e
https://conda.anaconda.org/conda-forge/noarch/urllib3-1.26.9-pyhd8ed1ab_0.tar.bz2#0ea179ee251aa7100807c35bc0252693
https://conda.anaconda.org/conda-forge/linux-64/matplotlib-3.5.2-py310hff52083_0.tar.bz2#0b90a9f77544f943264d47677d63ac9e
https://conda.anaconda.org/conda-forge/noarch/requests-2.28.0-pyhd8ed1ab_1.tar.bz2#5db4d14905f98da161e2153b1c9d2bce
https://conda.anaconda.org/conda-forge/noarch/codecov-2.1.11-pyhd3deb0d_0.tar.bz2#9c661c2c14b4667827218402e6624ad5
