# Generated by conda-lock.
# platform: win-64
# input_hash: 45a97b8a156c09454f0f3f322b920669670135d243e0a0638355572894663b46
@EXPLICIT
https://conda.anaconda.org/conda-forge/noarch/font-ttf-dejavu-sans-mono-2.37-hab24e00_0.tar.bz2#0c96522c6bdaed4b1566d11387caaf45
https://conda.anaconda.org/conda-forge/noarch/font-ttf-inconsolata-3.000-h77eed37_0.tar.bz2#34893075a5c9e55cdafac56607368fc6
https://conda.anaconda.org/conda-forge/noarch/font-ttf-source-code-pro-2.038-h77eed37_0.tar.bz2#4d59c254e01d9cde7957100457e2d5fb
https://conda.anaconda.org/conda-forge/noarch/font-ttf-ubuntu-0.83-h77eed37_3.conda#49023d73832ef61042f6a237cb2687e7
https://conda.anaconda.org/conda-forge/noarch/python_abi-3.10-8_cp310.conda#05e00f3b21e88bb3d658ac700b2ce58c
https://conda.anaconda.org/conda-forge/noarch/tzdata-2025b-h78e105d_0.conda#4222072737ccff51314b5ece9c7d6f5a
https://conda.anaconda.org/conda-forge/win-64/ucrt-10.0.26100.0-h57928b3_0.conda#71b24316859acd00bdb8b38f5e2ce328
https://conda.anaconda.org/conda-forge/noarch/ca-certificates-2025.8.3-h4c7d964_0.conda#c9e0c0f82f6e63323827db462b40ede8
https://conda.anaconda.org/conda-forge/noarch/fonts-conda-forge-1-0.tar.bz2#f766549260d6815b0c52253f1fb1bb29
https://conda.anaconda.org/conda-forge/win-64/libwinpthread-12.0.0.r4.gg4f2fc60ca-h57928b3_9.conda#08bfa5da6e242025304b206d152479ef
https://conda.anaconda.org/conda-forge/win-64/vcomp14-14.44.35208-h818238b_31.conda#a6b1d5c1fc3cb89f88f7179ee6a9afe3
https://conda.anaconda.org/conda-forge/noarch/fonts-conda-ecosystem-1-0.tar.bz2#fee5683a3f04bd15cbd8318b096a27ab
https://conda.anaconda.org/conda-forge/win-64/libgomp-15.1.0-h1383e82_5.conda#eae9a32a85152da8e6928a703a514d35
https://conda.anaconda.org/conda-forge/win-64/vc14_runtime-14.44.35208-h818238b_31.conda#603e41da40a765fd47995faa021da946
https://conda.anaconda.org/conda-forge/win-64/_openmp_mutex-4.5-2_gnu.conda#37e16618af5c4851a3f3d66dd0e11141
https://conda.anaconda.org/conda-forge/win-64/vc-14.3-h41ae7f8_31.conda#28f4ca1e0337d0f27afb8602663c5723
https://conda.anaconda.org/conda-forge/win-64/bzip2-1.0.8-h0ad9c76_8.conda#1077e9333c41ff0be8edd1a5ec0ddace
https://conda.anaconda.org/conda-forge/win-64/double-conversion-3.3.1-he0c23c2_0.conda#e9a1402439c18a4e3c7a52e4246e9e1c
https://conda.anaconda.org/conda-forge/win-64/graphite2-1.3.14-hac47afa_2.conda#b785694dd3ec77a011ccf0c24725382b
https://conda.anaconda.org/conda-forge/win-64/icu-75.1-he0c23c2_0.conda#8579b6bb8d18be7c0b27fb08adeeeb40
https://conda.anaconda.org/conda-forge/win-64/lerc-4.0.0-h6470a55_1.conda#c1b81da6d29a14b542da14a36c9fbf3f
https://conda.anaconda.org/conda-forge/win-64/libbrotlicommon-1.1.0-hfd05255_4.conda#58aec7a295039d8614175eae3a4f8778
https://conda.anaconda.org/conda-forge/win-64/libdeflate-1.24-h76ddb4d_0.conda#08d988e266c6ae77e03d164b83786dc4
https://conda.anaconda.org/conda-forge/win-64/libexpat-2.7.1-hac47afa_0.conda#3608ffde260281fa641e70d6e34b1b96
https://conda.anaconda.org/conda-forge/win-64/libffi-3.4.6-h537db12_1.conda#85d8fa5e55ed8f93f874b3b23ed54ec6
https://conda.anaconda.org/conda-forge/win-64/libgcc-15.1.0-h1383e82_5.conda#c84381a01ede0e28d632fdbeea2debb2
https://conda.anaconda.org/conda-forge/win-64/libiconv-1.18-hc1393d2_2.conda#64571d1dd6cdcfa25d0664a5950fdaa2
https://conda.anaconda.org/conda-forge/win-64/libjpeg-turbo-3.1.0-h2466b09_0.conda#7c51d27540389de84852daa1cdb9c63c
https://conda.anaconda.org/conda-forge/win-64/liblzma-5.8.1-h2466b09_2.conda#c15148b2e18da456f5108ccb5e411446
https://conda.anaconda.org/conda-forge/win-64/libopenblas-0.3.30-pthreads_ha4fe6b2_2.conda#4825b217f4d8f37ae2408bb65c8c9f50
https://conda.anaconda.org/conda-forge/win-64/libsqlite-3.50.4-hf5d6505_0.conda#ccb20d946040f86f0c05b644d5eadeca
https://conda.anaconda.org/conda-forge/win-64/libwebp-base-1.6.0-h4d5522a_0.conda#f9bbae5e2537e3b06e0f7310ba76c893
https://conda.anaconda.org/conda-forge/win-64/libzlib-1.3.1-h2466b09_2.conda#41fbfac52c601159df6c01f875de31b9
https://conda.anaconda.org/conda-forge/win-64/ninja-1.13.1-h477610d_0.conda#b8a603d4b32e113e3551b257b677de67
https://conda.anaconda.org/conda-forge/win-64/openssl-3.5.3-h725018a_0.conda#19b0ad594e05103080ad8c87fa782a35
https://conda.anaconda.org/conda-forge/win-64/pixman-0.46.4-h5112557_1.conda#08c8fa3b419df480d985e304f7884d35
https://conda.anaconda.org/conda-forge/win-64/qhull-2020.2-hc790b64_5.conda#854fbdff64b572b5c0b470f334d34c11
https://conda.anaconda.org/conda-forge/win-64/tk-8.6.13-h2c6b04d_2.conda#ebd0e761de9aa879a51d22cc721bd095
https://conda.anaconda.org/conda-forge/win-64/krb5-1.21.3-hdf4eb48_0.conda#31aec030344e962fbd7dbbbbd68e60a9
https://conda.anaconda.org/conda-forge/win-64/libblas-3.9.0-35_h6be65bb_openblas.conda#2ed4d9b155eece341a521f24c71b6c7b
https://conda.anaconda.org/conda-forge/win-64/libbrotlidec-1.1.0-hfd05255_4.conda#bf0ced5177fec8c18a7b51d568590b7c
https://conda.anaconda.org/conda-forge/win-64/libbrotlienc-1.1.0-hfd05255_4.conda#37f4669f8ac2f04d826440a8f3f42300
https://conda.anaconda.org/conda-forge/win-64/libintl-0.22.5-h5728263_3.conda#2cf0cf76cc15d360dfa2f17fd6cf9772
https://conda.anaconda.org/conda-forge/win-64/libpng-1.6.50-h7351971_1.conda#3ae6e9f5c47c495ebeed95651518be61
https://conda.anaconda.org/conda-forge/win-64/libxml2-2.13.8-h741aa76_1.conda#aeb49dc1f5531de13d2c0d57ffa6d0c8
https://conda.anaconda.org/conda-forge/win-64/openblas-0.3.30-pthreads_h4a7f399_2.conda#c25f5885508cb832ad8d35c483a24aa1
https://conda.anaconda.org/conda-forge/win-64/pcre2-10.46-h3402e2f_0.conda#889053e920d15353c2665fa6310d7a7a
https://conda.anaconda.org/conda-forge/win-64/pthread-stubs-0.4-h0e40799_1002.conda#3c8f2573569bb816483e5cf57efbbe29
https://conda.anaconda.org/conda-forge/win-64/python-3.10.18-h8c5b53a_0_cpython.conda#f1775dab55c8a073ebd024bfb2f689c1
https://conda.anaconda.org/conda-forge/win-64/xorg-libxau-1.0.12-h0e40799_0.conda#2ffbfae4548098297c033228256eb96e
https://conda.anaconda.org/conda-forge/win-64/xorg-libxdmcp-1.1.5-h0e40799_0.conda#8393c0f7e7870b4eb45553326f81f0ff
https://conda.anaconda.org/conda-forge/win-64/zstd-1.5.7-hbeecb71_2.conda#21f56217d6125fb30c3c3f10c786d751
https://conda.anaconda.org/conda-forge/win-64/brotli-bin-1.1.0-hfd05255_4.conda#ef022c8941d7dcc420c8533b0e419733
https://conda.anaconda.org/conda-forge/noarch/colorama-0.4.6-pyhd8ed1ab_1.conda#962b9857ee8e7018c22f2776ffa0b2d7
https://conda.anaconda.org/conda-forge/noarch/cycler-0.12.1-pyhd8ed1ab_1.conda#44600c4667a319d67dbe0681fc0bc833
https://conda.anaconda.org/conda-forge/win-64/cython-3.1.4-py310h4295968_2.conda#45b6b90abff26480be73296df964420e
https://conda.anaconda.org/conda-forge/noarch/execnet-2.1.1-pyhd8ed1ab_1.conda#a71efeae2c160f6789900ba2631a2c90
https://conda.anaconda.org/conda-forge/noarch/iniconfig-2.0.0-pyhd8ed1ab_1.conda#6837f3eff7dcea42ecd714ce1ac2b108
https://conda.anaconda.org/conda-forge/win-64/kiwisolver-1.4.9-py310h1e1005b_1.conda#a0695050d0379e201f0c40b89d3b58dd
https://conda.anaconda.org/conda-forge/win-64/libcblas-3.9.0-35_h2a8eebe_openblas.conda#b319a1bffa6c2c8ba7f6c8f12a40d898
https://conda.anaconda.org/conda-forge/win-64/libclang13-21.1.1-default_ha2db4b5_0.conda#17f5b2e04b696f148b1b8ff1d5d55b75
https://conda.anaconda.org/conda-forge/win-64/libfreetype6-2.14.1-hdbac1cb_0.conda#6e7c5c5ab485057b5d07fd8188ba5c28
https://conda.anaconda.org/conda-forge/win-64/libglib-2.86.0-h5f26cbf_0.conda#30a7c2c9d7ba29bb1354cd68fcca9cda
https://conda.anaconda.org/conda-forge/win-64/liblapack-3.9.0-35_hd232482_openblas.conda#e446e419a887c9e0a04fee684f9b0551
https://conda.anaconda.org/conda-forge/win-64/libtiff-4.7.0-h550210a_6.conda#72d45aa52ebca91aedb0cfd9eac62655
https://conda.anaconda.org/conda-forge/win-64/libxcb-1.17.0-h0e4246c_0.conda#a69bbf778a462da324489976c84cfc8c
https://conda.anaconda.org/conda-forge/win-64/libxslt-1.1.43-h25c3957_0.conda#e84f36aa02735c140099d992d491968d
https://conda.anaconda.org/conda-forge/noarch/meson-1.9.0-pyhcf101f3_0.conda#288989b6c775fa4181eb433114472274
https://conda.anaconda.org/conda-forge/noarch/munkres-1.1.4-pyhd8ed1ab_1.conda#37293a85a0f4f77bbd9cf7aaefc62609
https://conda.anaconda.org/conda-forge/noarch/packaging-25.0-pyh29332c3_1.conda#58335b26c38bf4a20f399384c33cbcf9
https://conda.anaconda.org/conda-forge/noarch/pluggy-1.6.0-pyhd8ed1ab_0.conda#7da7ccd349dbf6487a7778579d2bb971
https://conda.anaconda.org/conda-forge/noarch/pygments-2.19.2-pyhd8ed1ab_0.conda#6b6ece66ebcae2d5f326c77ef2c5a066
https://conda.anaconda.org/conda-forge/noarch/pyparsing-3.2.4-pyhcf101f3_0.conda#bf1f1292fc78307956289707e85cb1bf
https://conda.anaconda.org/conda-forge/noarch/setuptools-80.9.0-pyhff2d567_0.conda#4de79c071274a53dcaf2a8c749d1499e
https://conda.anaconda.org/conda-forge/noarch/six-1.17.0-pyhe01879c_1.conda#3339e3b65d58accf4ca4fb8748ab16b3
https://conda.anaconda.org/conda-forge/noarch/threadpoolctl-3.6.0-pyhecae5ae_0.conda#9d64911b31d57ca443e9f1e36b04385f
https://conda.anaconda.org/conda-forge/noarch/toml-0.10.2-pyhd8ed1ab_1.conda#b0dd904de08b7db706167240bf37b164
https://conda.anaconda.org/conda-forge/noarch/tomli-2.2.1-pyhe01879c_2.conda#30a0a26c8abccf4b7991d590fe17c699
https://conda.anaconda.org/conda-forge/win-64/tornado-6.5.2-py310h29418f3_1.conda#880cb8e0f344117c527902f48fcd6463
https://conda.anaconda.org/conda-forge/noarch/typing_extensions-4.15.0-pyhcf101f3_0.conda#0caa1af407ecff61170c9437a808404d
https://conda.anaconda.org/conda-forge/win-64/unicodedata2-16.0.0-py310h29418f3_1.conda#228ad20cfebef80487ad5903b33d3abd
https://conda.anaconda.org/conda-forge/noarch/wheel-0.45.1-pyhd8ed1ab_1.conda#75cb7132eb58d97896e173ef12ac9986
https://conda.anaconda.org/conda-forge/win-64/brotli-1.1.0-hfd05255_4.conda#441706c019985cf109ced06458e6f742
https://conda.anaconda.org/conda-forge/win-64/coverage-7.10.6-py310hdb0e946_1.conda#de8d07aa9fabb48922856f9f67233726
https://conda.anaconda.org/conda-forge/noarch/exceptiongroup-1.3.0-pyhd8ed1ab_0.conda#72e42d28960d875c7654614f8b50939a
https://conda.anaconda.org/conda-forge/noarch/joblib-1.5.2-pyhd8ed1ab_0.conda#4e717929cfa0d49cef92d911e31d0e90
https://conda.anaconda.org/conda-forge/win-64/lcms2-2.17-hbcf6048_0.conda#3538827f77b82a837fa681a4579e37a1
https://conda.anaconda.org/conda-forge/win-64/libfreetype-2.14.1-h57928b3_0.conda#3235024fe48d4087721797ebd6c9d28c
https://conda.anaconda.org/conda-forge/win-64/liblapacke-3.9.0-35_hbb0e6ff_openblas.conda#a6b26778d851c68f5b42a8eb8036c6cb
https://conda.anaconda.org/conda-forge/win-64/numpy-2.2.6-py310h4987827_0.conda#d2596785ac2cf5bab04e2ee9e5d04041
https://conda.anaconda.org/conda-forge/win-64/openjpeg-2.5.3-h24db6dd_1.conda#25f45acb1a234ad1c9b9a20e1e6c559e
https://conda.anaconda.org/conda-forge/noarch/pip-25.2-pyh8b19718_0.conda#dfce4b2af4bfe90cdcaf56ca0b28ddf5
https://conda.anaconda.org/conda-forge/noarch/pyproject-metadata-0.9.1-pyhd8ed1ab_0.conda#22ae7c6ea81e0c8661ef32168dda929b
https://conda.anaconda.org/conda-forge/noarch/python-dateutil-2.9.0.post0-pyhe01879c_2.conda#5b8d21249ff20967101ffa321cab24e8
https://conda.anaconda.org/conda-forge/win-64/blas-devel-3.9.0-35_ha590de0_openblas.conda#43ad018aa0f4a3b5bd46bafcda3b77c0
https://conda.anaconda.org/conda-forge/win-64/contourpy-1.3.2-py310hc19bc0b_0.conda#039416813b5290e7d100a05bb4326110
https://conda.anaconda.org/conda-forge/win-64/fonttools-4.59.2-py310hdb0e946_0.conda#2072c4ef8b99bee252d62c4bfbf6c2e6
https://conda.anaconda.org/conda-forge/win-64/freetype-2.14.1-h57928b3_0.conda#d69c21967f35eb2ce7f1f85d6b6022d3
https://conda.anaconda.org/conda-forge/noarch/meson-python-0.18.0-pyh70fd9c4_0.conda#576c04b9d9f8e45285fb4d9452c26133
https://conda.anaconda.org/conda-forge/noarch/pytest-8.4.2-pyhd8ed1ab_0.conda#1f987505580cb972cf28dc5f74a0f81b
https://conda.anaconda.org/conda-forge/win-64/scipy-1.15.2-py310h15c175c_0.conda#81798168111d1021e3d815217c444418
https://conda.anaconda.org/conda-forge/win-64/blas-2.135-openblas.conda#bf3ddcfefab94f14e884e601a94ddaed
https://conda.anaconda.org/conda-forge/win-64/fontconfig-2.15.0-h765892d_1.conda#9bb0026a2131b09404c59c4290c697cd
https://conda.anaconda.org/conda-forge/win-64/pillow-11.3.0-py310h6d647b9_2.conda#6ec956d1c708457a63581926c2d7b64c
https://conda.anaconda.org/conda-forge/noarch/pytest-cov-6.3.0-pyhd8ed1ab_0.conda#50d191b852fccb4bf9ab7b59b030c99d
https://conda.anaconda.org/conda-forge/noarch/pytest-xdist-3.8.0-pyhd8ed1ab_0.conda#8375cfbda7c57fbceeda18229be10417
https://conda.anaconda.org/conda-forge/win-64/cairo-1.18.4-h5782bbf_0.conda#20e32ced54300292aff690a69c5e7b97
https://conda.anaconda.org/conda-forge/win-64/matplotlib-base-3.10.6-py310h0bdd906_1.conda#240373a11b54351e7f8f1318408975bb
https://conda.anaconda.org/conda-forge/win-64/harfbuzz-11.5.0-h5f2951f_0.conda#b8a03acd6ea98e55700e5e8b33a43c66
https://conda.anaconda.org/conda-forge/win-64/qt6-main-6.9.2-ha0de62e_2.conda#a318de6656e3ecc332dcd42051c8b622
https://conda.anaconda.org/conda-forge/win-64/pyside6-6.9.2-py310h2d19612_1.conda#9af2adfe8fd544348e181cb17dde009d
https://conda.anaconda.org/conda-forge/win-64/matplotlib-3.10.6-py310h5588dad_1.conda#b63cfa192326a4c54143fe52901a6512
