# Generated by conda-lock.
# platform: win-64
# input_hash: ea607aaeb7b1d1f8a1f821a9f505b3601083a218ec4763e2d72d3d3d800e718c
@EXPLICIT
https://conda.anaconda.org/conda-forge/win-64/ca-certificates-2024.8.30-h56e8100_0.conda#4c4fd67c18619be5aa65dc5b6c72e490
https://conda.anaconda.org/conda-forge/noarch/font-ttf-dejavu-sans-mono-2.37-hab24e00_0.tar.bz2#0c96522c6bdaed4b1566d11387caaf45
https://conda.anaconda.org/conda-forge/noarch/font-ttf-inconsolata-3.000-h77eed37_0.tar.bz2#34893075a5c9e55cdafac56607368fc6
https://conda.anaconda.org/conda-forge/noarch/font-ttf-source-code-pro-2.038-h77eed37_0.tar.bz2#4d59c254e01d9cde7957100457e2d5fb
https://conda.anaconda.org/conda-forge/noarch/font-ttf-ubuntu-0.83-h77eed37_2.conda#cbbe59391138ea5ad3658c76912e147f
https://conda.anaconda.org/conda-forge/win-64/intel-openmp-2024.2.1-h57928b3_1083.conda#2d89243bfb53652c182a7c73182cce4f
https://conda.anaconda.org/conda-forge/win-64/mkl-include-2024.1.0-h66d3029_694.conda#1f80971a50e69c1f7af15707619df49e
https://conda.anaconda.org/conda-forge/win-64/msys2-conda-epoch-20160418-1.tar.bz2#b0309b72560df66f71a9d5e34a5efdfa
https://conda.anaconda.org/conda-forge/win-64/python_abi-3.9-5_cp39.conda#86ba1bbcf9b259d1592201f3c345c810
https://conda.anaconda.org/conda-forge/noarch/tzdata-2024a-h8827d51_1.conda#8bfdead4e0fff0383ae4c9c50d0531bd
https://conda.anaconda.org/conda-forge/win-64/ucrt-10.0.22621.0-h57928b3_0.tar.bz2#72608f6cd3e5898229c3ea16deb1ac43
https://conda.anaconda.org/conda-forge/noarch/fonts-conda-forge-1-0.tar.bz2#f766549260d6815b0c52253f1fb1bb29
https://conda.anaconda.org/conda-forge/win-64/m2w64-gmp-6.1.0-2.tar.bz2#53a1c73e1e3d185516d7e3af177596d9
https://conda.anaconda.org/conda-forge/win-64/m2w64-libwinpthread-git-5.0.0.4634.697f757-2.tar.bz2#774130a326dee16f1ceb05cc687ee4f0
https://conda.anaconda.org/conda-forge/win-64/vc14_runtime-14.40.33810-hcc2c482_20.conda#ad33c7cd933d69b9dee0f48317cdf137
https://conda.anaconda.org/conda-forge/noarch/fonts-conda-ecosystem-1-0.tar.bz2#fee5683a3f04bd15cbd8318b096a27ab
https://conda.anaconda.org/conda-forge/win-64/m2w64-gcc-libs-core-5.3.0-7.tar.bz2#4289d80fb4d272f1f3b56cfe87ac90bd
https://conda.anaconda.org/conda-forge/win-64/vc-14.3-h8a93ad2_20.conda#8558f367e1d7700554f7cdb823c46faf
https://conda.anaconda.org/conda-forge/win-64/vs2015_runtime-14.40.33810-h3bf8584_20.conda#c21f1b4a3a30bbc3ef35a50957578e0e
https://conda.anaconda.org/conda-forge/win-64/bzip2-1.0.8-h2466b09_7.conda#276e7ffe9ffe39688abc665ef0f45596
https://conda.anaconda.org/conda-forge/win-64/double-conversion-3.3.0-h63175ca_0.conda#1a8bc18b24014167b2184c5afbe6037e
https://conda.anaconda.org/conda-forge/win-64/graphite2-1.3.13-h63175ca_1003.conda#3194499ee7d1a67404a87d0eefdd92c6
https://conda.anaconda.org/conda-forge/win-64/icu-75.1-he0c23c2_0.conda#8579b6bb8d18be7c0b27fb08adeeeb40
https://conda.anaconda.org/conda-forge/win-64/lerc-4.0.0-h63175ca_0.tar.bz2#1900cb3cab5055833cfddb0ba233b074
https://conda.anaconda.org/conda-forge/win-64/libbrotlicommon-1.1.0-h2466b09_2.conda#f7dc9a8f21d74eab46456df301da2972
https://conda.anaconda.org/conda-forge/win-64/libdeflate-1.21-h2466b09_0.conda#4ebe2206ebf4bf38f6084ad836110361
https://conda.anaconda.org/conda-forge/win-64/libexpat-2.6.3-he0c23c2_0.conda#21415fbf4d0de6767a621160b43e5dea
https://conda.anaconda.org/conda-forge/win-64/libffi-3.4.2-h8ffe710_5.tar.bz2#2c96d1b6915b408893f9472569dee135
https://conda.anaconda.org/conda-forge/win-64/libiconv-1.17-hcfcfb64_2.conda#e1eb10b1cca179f2baa3601e4efc8712
https://conda.anaconda.org/conda-forge/win-64/libjpeg-turbo-3.0.0-hcfcfb64_1.conda#3f1b948619c45b1ca714d60c7389092c
https://conda.anaconda.org/conda-forge/win-64/libsqlite-3.46.1-h2466b09_0.conda#8a7c1ad01f58623bfbae8d601db7cf3b
https://conda.anaconda.org/conda-forge/win-64/libwebp-base-1.4.0-hcfcfb64_0.conda#abd61d0ab127ec5cd68f62c2969e6f34
https://conda.anaconda.org/conda-forge/win-64/libzlib-1.3.1-h2466b09_1.conda#d4483ca8afc57ddf1f6dded53b36c17f
https://conda.anaconda.org/conda-forge/win-64/m2w64-gcc-libgfortran-5.3.0-6.tar.bz2#066552ac6b907ec6d72c0ddab29050dc
https://conda.anaconda.org/conda-forge/win-64/ninja-1.12.1-hc790b64_0.conda#a557dde55343e03c68cd7e29e7f87279
https://conda.anaconda.org/conda-forge/win-64/openssl-3.3.2-h2466b09_0.conda#1dc86753693df5e3326bb8a85b74c589
https://conda.anaconda.org/conda-forge/win-64/pixman-0.43.4-h63175ca_0.conda#b98135614135d5f458b75ab9ebb9558c
https://conda.anaconda.org/conda-forge/win-64/pthreads-win32-2.9.1-hfa6e2cd_3.tar.bz2#e2da8758d7d51ff6aa78a14dfb9dbed4
https://conda.anaconda.org/conda-forge/win-64/qhull-2020.2-hc790b64_5.conda#854fbdff64b572b5c0b470f334d34c11
https://conda.anaconda.org/conda-forge/win-64/tk-8.6.13-h5226925_1.conda#fc048363eb8f03cd1737600a5d08aafe
https://conda.anaconda.org/conda-forge/win-64/xz-5.2.6-h8d14728_0.tar.bz2#515d77642eaa3639413c6b1bc3f94219
https://conda.anaconda.org/conda-forge/win-64/expat-2.6.3-he0c23c2_0.conda#a85588222941f75577eb39711058e1de
https://conda.anaconda.org/conda-forge/win-64/krb5-1.21.3-hdf4eb48_0.conda#31aec030344e962fbd7dbbbbd68e60a9
https://conda.anaconda.org/conda-forge/win-64/libbrotlidec-1.1.0-h2466b09_2.conda#9bae75ce723fa34e98e239d21d752a7e
https://conda.anaconda.org/conda-forge/win-64/libbrotlienc-1.1.0-h2466b09_2.conda#85741a24d97954a991e55e34bc55990b
https://conda.anaconda.org/conda-forge/win-64/libintl-0.22.5-h5728263_3.conda#2cf0cf76cc15d360dfa2f17fd6cf9772
https://conda.anaconda.org/conda-forge/win-64/libpng-1.6.43-h19919ed_0.conda#77e398acc32617a0384553aea29e866b
https://conda.anaconda.org/conda-forge/win-64/libxml2-2.12.7-h0f24e4e_4.conda#ed4d301f0d2149b34deb9c4fecafd836
https://conda.anaconda.org/conda-forge/win-64/m2w64-gcc-libs-5.3.0-7.tar.bz2#fe759119b8b3bfa720b8762c6fdc35de
https://conda.anaconda.org/conda-forge/win-64/pcre2-10.44-h3d7b363_2.conda#a3a3baddcfb8c80db84bec3cb7746fb8
https://conda.anaconda.org/conda-forge/win-64/python-3.9.19-h4de0772_0_cpython.conda#b6999bc275e0e6beae7b1c8ea0be1e85
https://conda.anaconda.org/conda-forge/win-64/zlib-1.3.1-h2466b09_1.conda#f8e0a35bf6df768ad87ed7bbbc36ab04
https://conda.anaconda.org/conda-forge/win-64/zstd-1.5.6-h0ea2cb4_0.conda#9a17230f95733c04dc40a2b1e5491d74
https://conda.anaconda.org/conda-forge/win-64/brotli-bin-1.1.0-h2466b09_2.conda#d22534a9be5771fc58eb7564947f669d
https://conda.anaconda.org/conda-forge/noarch/certifi-2024.8.30-pyhd8ed1ab_0.conda#12f7d00853807b0531775e9be891cb11
https://conda.anaconda.org/conda-forge/noarch/colorama-0.4.6-pyhd8ed1ab_0.tar.bz2#3faab06a954c2a04039983f2c4a50d99
https://conda.anaconda.org/conda-forge/noarch/cycler-0.12.1-pyhd8ed1ab_0.conda#5cd86562580f274031ede6aa6aa24441
https://conda.anaconda.org/conda-forge/win-64/cython-3.0.11-py39ha51f57c_2.conda#a84fdf498fa757da15a1bd0dd967f8ed
https://conda.anaconda.org/conda-forge/noarch/exceptiongroup-1.2.2-pyhd8ed1ab_0.conda#d02ae936e42063ca46af6cdad2dbd1e0
https://conda.anaconda.org/conda-forge/noarch/execnet-2.1.1-pyhd8ed1ab_0.conda#15dda3cdbf330abfe9f555d22f66db46
https://conda.anaconda.org/conda-forge/win-64/freetype-2.12.1-hdaf720e_2.conda#3761b23693f768dc75a8fd0a73ca053f
https://conda.anaconda.org/conda-forge/noarch/iniconfig-2.0.0-pyhd8ed1ab_0.conda#f800d2da156d08e289b14e87e43c1ae5
https://conda.anaconda.org/conda-forge/win-64/kiwisolver-1.4.7-py39h2b77a98_0.conda#c116c25e2e36f770f065559ad2a1da73
https://conda.anaconda.org/conda-forge/win-64/libclang13-18.1.8-default_ha5278ca_4.conda#e9d701da6db17a9638be8dc5569b0327
https://conda.anaconda.org/conda-forge/win-64/libglib-2.80.3-h7025463_2.conda#b60894793e7e4a555027bfb4e4ed1d54
https://conda.anaconda.org/conda-forge/win-64/libhwloc-2.11.1-default_h8125262_1000.conda#933bad6e4658157f1aec9b171374fde2
https://conda.anaconda.org/conda-forge/win-64/libtiff-4.6.0-hb151862_4.conda#7d35d9aa8f051d548116039f5813c8ec
https://conda.anaconda.org/conda-forge/win-64/libxslt-1.1.39-h3df6e99_0.conda#279ee338c9b34871d578cb3c7aa68f70
https://conda.anaconda.org/conda-forge/noarch/munkres-1.1.4-pyh9f0ad1d_0.tar.bz2#2ba8498c1018c1e9c61eb99b973dfe19
https://conda.anaconda.org/conda-forge/noarch/packaging-24.1-pyhd8ed1ab_0.conda#cbe1bb1f21567018ce595d9c2be0f0db
https://conda.anaconda.org/conda-forge/noarch/pluggy-1.5.0-pyhd8ed1ab_0.conda#d3483c8fc2dc2cc3f5cf43e26d60cabf
https://conda.anaconda.org/conda-forge/win-64/pthread-stubs-0.4-hcd874cb_1001.tar.bz2#a1f820480193ea83582b13249a7e7bd9
https://conda.anaconda.org/conda-forge/noarch/pyparsing-3.1.4-pyhd8ed1ab_0.conda#4d91352a50949d049cf9714c8563d433
https://conda.anaconda.org/conda-forge/noarch/setuptools-73.0.1-pyhd8ed1ab_0.conda#f0b618d7673d1b2464f600b34d912f6f
https://conda.anaconda.org/conda-forge/noarch/six-1.16.0-pyh6c4a22f_0.tar.bz2#e5f25f8dbc060e9a8d912e432202afc2
https://conda.anaconda.org/conda-forge/noarch/threadpoolctl-3.5.0-pyhc1e730c_0.conda#df68d78237980a159bd7149f33c0e8fd
https://conda.anaconda.org/conda-forge/noarch/toml-0.10.2-pyhd8ed1ab_0.tar.bz2#f832c45a477c78bebd107098db465095
https://conda.anaconda.org/conda-forge/noarch/tomli-2.0.1-pyhd8ed1ab_0.tar.bz2#5844808ffab9ebdb694585b50ba02a96
https://conda.anaconda.org/conda-forge/win-64/tornado-6.4.1-py39ha55e580_1.conda#4a93d22ed5b2cede80fbee7f7f775a9d
https://conda.anaconda.org/conda-forge/win-64/unicodedata2-15.1.0-py39ha55989b_0.conda#20ec896e8d97f2ff8be1124e624dc8f2
https://conda.anaconda.org/conda-forge/noarch/wheel-0.44.0-pyhd8ed1ab_0.conda#d44e3b085abcaef02983c6305b84b584
https://conda.anaconda.org/conda-forge/win-64/xorg-libxau-1.0.11-hcd874cb_0.conda#c46ba8712093cb0114404ae8a7582e1a
https://conda.anaconda.org/conda-forge/win-64/xorg-libxdmcp-1.1.3-hcd874cb_0.tar.bz2#46878ebb6b9cbd8afcf8088d7ef00ece
https://conda.anaconda.org/conda-forge/noarch/zipp-3.20.1-pyhd8ed1ab_0.conda#74a4befb4b38897e19a107693e49da20
https://conda.anaconda.org/conda-forge/win-64/brotli-1.1.0-h2466b09_2.conda#378f1c9421775dfe644731cb121c8979
https://conda.anaconda.org/conda-forge/win-64/coverage-7.6.1-py39ha55e580_1.conda#762cd375d661c49065ddaba3fd9e6259
https://conda.anaconda.org/conda-forge/win-64/fontconfig-2.14.2-hbde0cde_0.conda#08767992f1a4f1336a257af1241034bd
https://conda.anaconda.org/conda-forge/noarch/importlib_resources-6.4.4-pyhd8ed1ab_0.conda#99aa3edd3f452d61c305a30e78140513
https://conda.anaconda.org/conda-forge/noarch/joblib-1.4.2-pyhd8ed1ab_0.conda#25df261d4523d9f9783bcdb7208d872f
https://conda.anaconda.org/conda-forge/win-64/lcms2-2.16-h67d730c_0.conda#d3592435917b62a8becff3a60db674f6
https://conda.anaconda.org/conda-forge/win-64/libxcb-1.16-h013a479_1.conda#f0b599acdc82d5bc7e3b105833e7c5c8
https://conda.anaconda.org/conda-forge/noarch/meson-1.5.1-pyhd8ed1ab_1.conda#979087ee59bea1355f991a3b738af64e
https://conda.anaconda.org/conda-forge/win-64/openjpeg-2.5.2-h3d672ee_0.conda#7e7099ad94ac3b599808950cec30ad4e
https://conda.anaconda.org/conda-forge/noarch/pip-24.2-pyh8b19718_1.conda#6c78fbb8ddfd64bcb55b5cbafd2d2c43
https://conda.anaconda.org/conda-forge/noarch/pyproject-metadata-0.8.0-pyhd8ed1ab_0.conda#573fe09d7bd0cd4bcc210d8369b5ca47
https://conda.anaconda.org/conda-forge/noarch/pytest-8.3.2-pyhd8ed1ab_0.conda#e010a224b90f1f623a917c35addbb924
https://conda.anaconda.org/conda-forge/noarch/python-dateutil-2.9.0-pyhd8ed1ab_0.conda#2cf4264fffb9e6eff6031c5b6884d61c
https://conda.anaconda.org/conda-forge/win-64/tbb-2021.13.0-hc790b64_0.conda#28496a1e6af43c63927da4f80260348d
https://conda.anaconda.org/conda-forge/win-64/cairo-1.18.0-h32b962e_3.conda#8f43723a4925c51e55c2d81725a97db4
https://conda.anaconda.org/conda-forge/win-64/fonttools-4.53.1-py39ha55e580_1.conda#ac35799c16313c647f9adafbf12bd768
https://conda.anaconda.org/conda-forge/noarch/importlib-resources-6.4.4-pyhd8ed1ab_0.conda#c62e775953b6b65f2079c9ee2a62813c
https://conda.anaconda.org/conda-forge/noarch/meson-python-0.16.0-pyh0c530f3_0.conda#e16f0dbf502da873be9f9adb0dc52547
https://conda.anaconda.org/conda-forge/win-64/mkl-2024.1.0-h66d3029_694.conda#a17423859d3fb912c8f2e9797603ddb6
https://conda.anaconda.org/conda-forge/win-64/pillow-10.4.0-py39hfa8c767_0.conda#7b24bccfb14f05019c8a488d4ee084a8
https://conda.anaconda.org/conda-forge/noarch/pytest-cov-5.0.0-pyhd8ed1ab_0.conda#c54c0107057d67ddf077751339ec2c63
https://conda.anaconda.org/conda-forge/noarch/pytest-xdist-3.6.1-pyhd8ed1ab_0.conda#b39568655c127a9c4a44d178ac99b6d0
https://conda.anaconda.org/conda-forge/win-64/harfbuzz-9.0.0-h2bedf89_1.conda#254f119aaed2c0be271c1114ae18d09b
https://conda.anaconda.org/conda-forge/win-64/libblas-3.9.0-23_win64_mkl.conda#693407a31c27e70c750b5ae153251d9a
https://conda.anaconda.org/conda-forge/win-64/mkl-devel-2024.1.0-h57928b3_694.conda#cb1406a70154cdef203167c6a95f6351
https://conda.anaconda.org/conda-forge/win-64/libcblas-3.9.0-23_win64_mkl.conda#7ffb5b336cefd2e6d1e00ac1f7c9f2c9
https://conda.anaconda.org/conda-forge/win-64/liblapack-3.9.0-23_win64_mkl.conda#3580796ab7b7d68143f45d4d94d866b7
https://conda.anaconda.org/conda-forge/win-64/qt6-main-6.7.2-hbb46ec1_5.conda#e14fa5fe2da0bf8cc30d06314ce6ce33
https://conda.anaconda.org/conda-forge/win-64/liblapacke-3.9.0-23_win64_mkl.conda#f6e2619d4359c6806b97b3d405193741
https://conda.anaconda.org/conda-forge/win-64/numpy-2.0.2-py39h60232e0_0.conda#13c59f25f5d4ad7d1c677667555f6547
https://conda.anaconda.org/conda-forge/win-64/pyside6-6.7.2-py39h0285922_2.conda#12004e14d1835eca43c4207841c24e4f
https://conda.anaconda.org/conda-forge/win-64/blas-devel-3.9.0-23_win64_mkl.conda#5fd0882b94fa827533f51cc8c2e04392
https://conda.anaconda.org/conda-forge/win-64/contourpy-1.3.0-py39h2b77a98_1.conda#377d7375b3b8f025070254f625ca7f83
https://conda.anaconda.org/conda-forge/win-64/scipy-1.13.1-py39h1a10956_0.conda#9f8e571406af04d2f5fdcbecec704505
https://conda.anaconda.org/conda-forge/win-64/blas-2.123-mkl.conda#0d089770a9bc073da806864c60a0a173
https://conda.anaconda.org/conda-forge/win-64/matplotlib-base-3.9.2-py39h5376392_0.conda#bd0c448492ac46f8ba0d23dac3e2e9ff
https://conda.anaconda.org/conda-forge/win-64/matplotlib-3.9.2-py39hcbf5309_0.conda#0405102feb5b62c7ba7f924346953192
