# Generated by conda-lock.
# platform: linux-64
# input_hash: 65e3ed797c4adee3f15a519d65e7dd7ed27340eb62a52cd1d1b597c377bc77f5
@EXPLICIT
https://conda.anaconda.org/conda-forge/linux-64/_libgcc_mutex-0.1-conda_forge.tar.bz2#d7c89558ba9fa0495403155b64376d81
https://conda.anaconda.org/conda-forge/linux-64/ca-certificates-2023.7.22-hbcca054_0.conda#a73ecd2988327ad4c8f2c331482917f2
https://conda.anaconda.org/conda-forge/noarch/kernel-headers_linux-64-2.6.32-he073ed8_16.conda#7ca122655873935e02c91279c5b03c8c
https://conda.anaconda.org/conda-forge/linux-64/ld_impl_linux-64-2.36.1-hea4e1c9_2.tar.bz2#bd4f2e711b39af170e7ff15163fe87ee
https://conda.anaconda.org/conda-forge/linux-64/libgcc-devel_linux-64-7.5.0-hda03d7c_20.tar.bz2#2146b25eb2a762a44fab709338a7b6d9
https://conda.anaconda.org/conda-forge/linux-64/libgfortran4-7.5.0-h14aa051_20.tar.bz2#a072eab836c3a9578ce72b5640ce592d
https://conda.anaconda.org/conda-forge/linux-64/libstdcxx-devel_linux-64-7.5.0-hb016644_20.tar.bz2#31d5500f621954679ee41d7f5d1089fb
https://conda.anaconda.org/conda-forge/linux-64/libstdcxx-ng-13.1.0-hfd8a6a1_0.conda#067bcc23164642f4c226da631f2a2e1d
https://conda.anaconda.org/conda-forge/linux-64/python_abi-3.8-3_cp38.conda#2f3f7af062b42d664117662612022204
https://conda.anaconda.org/conda-forge/linux-64/libgfortran-ng-7.5.0-h14aa051_20.tar.bz2#c3b2ad091c043c08689e64b10741484b
https://conda.anaconda.org/conda-forge/linux-64/libgomp-13.1.0-he5830b7_0.conda#56ca14d57ac29a75d23a39eb3ee0ddeb
https://conda.anaconda.org/conda-forge/noarch/sysroot_linux-64-2.12-he073ed8_16.conda#071ea8dceff4d30ac511f4a2f8437cd1
https://conda.anaconda.org/conda-forge/linux-64/binutils_impl_linux-64-2.36.1-h193b22a_2.tar.bz2#32aae4265554a47ea77f7c09f86aeb3b
https://conda.anaconda.org/conda-forge/linux-64/binutils-2.36.1-hdd6e379_2.tar.bz2#3111f86041b5b6863545ca49130cca95
https://conda.anaconda.org/conda-forge/linux-64/binutils_linux-64-2.36-hf3e587d_33.tar.bz2#72b245322c589284f1b92a5c971e5cb6
https://conda.anaconda.org/conda-forge/linux-64/_openmp_mutex-4.5-2_kmp_llvm.tar.bz2#562b26ba2e19059551a811e72ab7f793
https://conda.anaconda.org/conda-forge/linux-64/libgcc-ng-13.1.0-he5830b7_0.conda#cd93f779ff018dd85c7544c015c9db3c
https://conda.anaconda.org/conda-forge/linux-64/gcc_impl_linux-64-7.5.0-habd7529_20.tar.bz2#42140612518a7ce78f571d64b6a50ba3
https://conda.anaconda.org/conda-forge/linux-64/gettext-0.21.1-h27087fc_0.tar.bz2#14947d8770185e5153fdd04d4673ed37
https://conda.anaconda.org/conda-forge/linux-64/icu-64.2-he1b5a44_1.tar.bz2#8e881214a23508f1541eb7a3135d6fcb
https://conda.anaconda.org/conda-forge/linux-64/jpeg-9e-h0b41bf4_3.conda#c7a069243e1fbe9a556ed2ec030e6407
https://conda.anaconda.org/conda-forge/linux-64/lerc-4.0.0-h27087fc_0.tar.bz2#76bbff344f0134279f225174e9064c8f
https://conda.anaconda.org/conda-forge/linux-64/libdeflate-1.17-h0b41bf4_0.conda#5cc781fd91968b11a8a7fdbee0982676
https://conda.anaconda.org/conda-forge/linux-64/libexpat-2.5.0-hcb278e6_1.conda#6305a3dd2752c76335295da4e581f2fd
https://conda.anaconda.org/conda-forge/linux-64/libffi-3.2.1-he1b5a44_1007.tar.bz2#11389072d7d6036fd811c3d9460475cd
https://conda.anaconda.org/conda-forge/linux-64/libiconv-1.17-h166bdaf_0.tar.bz2#b62b52da46c39ee2bc3c162ac7f1804d
https://conda.anaconda.org/conda-forge/linux-64/libuuid-2.38.1-h0b41bf4_0.conda#40b61aab5c7ba9ff276c41cfffe6b80b
https://conda.anaconda.org/conda-forge/linux-64/libwebp-base-1.3.1-hd590300_0.conda#82bf6f63eb15ef719b556b63feec3a77
https://conda.anaconda.org/conda-forge/linux-64/libxkbcommon-0.10.0-he1b5a44_0.tar.bz2#78ccac2098edcd3673af2ceb3e95f932
https://conda.anaconda.org/conda-forge/linux-64/libzlib-1.2.13-hd590300_5.conda#f36c115f1ee199da648e0597ec2047ad
https://conda.anaconda.org/conda-forge/linux-64/ncurses-6.4-hcb278e6_0.conda#681105bccc2a3f7f1a837d47d39c9179
https://conda.anaconda.org/conda-forge/linux-64/nspr-4.35-h27087fc_0.conda#da0ec11a6454ae19bff5b02ed881a2b1
https://conda.anaconda.org/conda-forge/linux-64/openssl-1.1.1v-hd590300_0.conda#b1701dc29287ef4638ccc7f12cf73405
https://conda.anaconda.org/conda-forge/linux-64/pcre-8.45-h9c3ff4c_0.tar.bz2#c05d1820a6d34ff07aaaab7a9b7eddaa
https://conda.anaconda.org/conda-forge/linux-64/pthread-stubs-0.4-h36c2ea0_1001.tar.bz2#22dad4df6e8630e8dff2428f6f6a7036
https://conda.anaconda.org/conda-forge/linux-64/xorg-libxau-1.0.11-hd590300_0.conda#2c80dc38fface310c9bd81b17037fee5
https://conda.anaconda.org/conda-forge/linux-64/xorg-libxdmcp-1.1.3-h7f98852_0.tar.bz2#be93aabceefa2fac576e971aef407908
https://conda.anaconda.org/conda-forge/linux-64/xz-5.2.6-h166bdaf_0.tar.bz2#2161070d867d1b1204ea749c8eec4ef0
https://conda.anaconda.org/conda-forge/linux-64/yaml-0.2.5-h7f98852_2.tar.bz2#4cb3ad778ec2d5a7acbdf254eb1c42ae
https://conda.anaconda.org/conda-forge/linux-64/expat-2.5.0-hcb278e6_1.conda#8b9b5aca60558d02ddaa09d599e55920
https://conda.anaconda.org/conda-forge/linux-64/gcc_linux-64-7.5.0-h47867f9_33.tar.bz2#3a31c3f430a31184a5d07e67d3b24e2c
https://conda.anaconda.org/conda-forge/linux-64/gfortran_impl_linux-64-7.5.0-h56cb351_20.tar.bz2#8f897b30195bd3a2251b4c51c3cc91cf
https://conda.anaconda.org/conda-forge/linux-64/gxx_impl_linux-64-7.5.0-hd0bb8aa_20.tar.bz2#dbe78fc5fb9c339f8e55426559e12f7b
https://conda.anaconda.org/conda-forge/linux-64/libllvm9-9.0.1-default_hc23dcda_7.tar.bz2#9f4686a2c319355fe8636ca13783c3b4
https://conda.anaconda.org/conda-forge/linux-64/libpng-1.6.39-h753d276_0.conda#e1c890aebdebbfbf87e2c917187b4416
https://conda.anaconda.org/conda-forge/linux-64/libsqlite-3.43.0-h2797004_0.conda#903fa782a9067d5934210df6d79220f6
https://conda.anaconda.org/conda-forge/linux-64/libxcb-1.13-h7f98852_1004.tar.bz2#b3653fdc58d03face9724f602218a904
https://conda.anaconda.org/conda-forge/linux-64/readline-8.2-h8228510_1.conda#47d31b792659ce70f470b5c82fdfb7a4
https://conda.anaconda.org/conda-forge/linux-64/tk-8.6.12-h27826a3_0.tar.bz2#5b8c42eb62e9fc961af70bdd6a26e168
https://conda.anaconda.org/conda-forge/linux-64/zlib-1.2.13-hd590300_5.conda#68c34ec6149623be41a1933ab996a209
https://conda.anaconda.org/conda-forge/linux-64/zstd-1.5.5-hfc55251_0.conda#04b88013080254850d6c01ed54810589
https://conda.anaconda.org/conda-forge/linux-64/c-compiler-1.1.1-h516909a_0.tar.bz2#d98aa4948ec35f52907e2d6152e2b255
https://conda.anaconda.org/conda-forge/linux-64/freetype-2.12.1-hca18f0e_1.conda#e1232042de76d24539a436d37597eb06
https://conda.anaconda.org/conda-forge/linux-64/gfortran_linux-64-7.5.0-h78c8a43_33.tar.bz2#b2879010fb369f4012040f7a27657cd8
https://conda.anaconda.org/conda-forge/linux-64/gxx_linux-64-7.5.0-h555fc39_33.tar.bz2#5cf979793d2c5130a012cb6480867adc
https://conda.anaconda.org/conda-forge/linux-64/libclang-9.0.1-default_hb4e5071_5.tar.bz2#9dde69aa2a8ecd575a16e44987bdc9f7
https://conda.anaconda.org/conda-forge/linux-64/libglib-2.66.3-hbe7bbb4_0.tar.bz2#d5a09a9e981849b751cb75656b7302a0
https://conda.anaconda.org/conda-forge/linux-64/libtiff-4.5.0-h6adf6a1_2.conda#2e648a34072eb39d7c4fc2a9981c5f0c
https://conda.anaconda.org/conda-forge/linux-64/libxml2-2.9.10-hee79883_0.tar.bz2#0217b0926808b1adf93247bba489d733
https://conda.anaconda.org/conda-forge/linux-64/llvm-openmp-16.0.6-h4dfa4b3_0.conda#b096c85c415519259e731d8fb719a3ef
https://conda.anaconda.org/conda-forge/linux-64/nss-3.92-h1d7d5a4_0.conda#22c89a3d87828fe925b310b9cdf0f574
https://conda.anaconda.org/conda-forge/linux-64/sqlite-3.43.0-h2c6b66d_0.conda#713f9eac95d051abe14c3774376854fe
https://conda.anaconda.org/conda-forge/linux-64/cxx-compiler-1.1.1-hc9558a2_0.tar.bz2#1eb7c67eb11eab0c98a87f84174fdde1
https://conda.anaconda.org/conda-forge/linux-64/fontconfig-2.14.2-h14ed4e7_0.conda#0f69b688f52ff6da70bccb7ff7001d1d
https://conda.anaconda.org/conda-forge/linux-64/fortran-compiler-1.1.1-he991be0_0.tar.bz2#e38ac82cc517b9e245c1ae99f9f140da
https://conda.anaconda.org/conda-forge/linux-64/lcms2-2.15-hfd0df8a_0.conda#aa8840cdf17ef0c6084d1e24abc7a28b
https://conda.anaconda.org/conda-forge/linux-64/mkl-2020.4-h726a3e6_304.tar.bz2#b9b35a50e5377b19da6ec0709ae77fc3
https://conda.anaconda.org/conda-forge/linux-64/openjpeg-2.5.0-hfec8fc6_2.conda#5ce6a42505c6e9e6151c54c3ec8d68ea
https://conda.anaconda.org/conda-forge/linux-64/python-3.8.6-h852b56e_0_cpython.tar.bz2#dd65401dfb61ac030edc0dc4d15c2c51
https://conda.anaconda.org/conda-forge/noarch/alabaster-0.7.13-pyhd8ed1ab_0.conda#06006184e203b61d3525f90de394471e
https://conda.anaconda.org/conda-forge/linux-64/brotli-python-1.1.0-py38h17151c0_0.conda#5b332445993432e76df706fe1ebe776d
https://conda.anaconda.org/conda-forge/noarch/certifi-2023.7.22-pyhd8ed1ab_0.conda#7f3dbc9179b4dde7da98dfb151d0ad22
https://conda.anaconda.org/conda-forge/noarch/charset-normalizer-3.2.0-pyhd8ed1ab_0.conda#313516e9a4b08b12dfb1e1cd390a96e3
https://conda.anaconda.org/conda-forge/noarch/click-8.1.7-unix_pyh707e725_0.conda#f3ad426304898027fc619827ff428eca
https://conda.anaconda.org/conda-forge/noarch/cloudpickle-2.2.1-pyhd8ed1ab_0.conda#b325bfc4cff7d7f8a868f1f7ecc4ed16
https://conda.anaconda.org/conda-forge/noarch/colorama-0.4.6-pyhd8ed1ab_0.tar.bz2#3faab06a954c2a04039983f2c4a50d99
https://conda.anaconda.org/conda-forge/linux-64/compilers-1.1.1-0.tar.bz2#1ba267e19dbaf3db9dd0404e6fb9cdb9
https://conda.anaconda.org/conda-forge/noarch/cycler-0.11.0-pyhd8ed1ab_0.tar.bz2#a50559fad0affdbb33729a68669ca1cb
https://conda.anaconda.org/conda-forge/linux-64/cython-0.29.33-py38h8dc9893_0.conda#5d50cd654981f0ccc7c878ac297afaa7
https://conda.anaconda.org/conda-forge/linux-64/docutils-0.19-py38h578d9bd_1.tar.bz2#3746b24949251f1a00ae0d616d4cdc1b
https://conda.anaconda.org/conda-forge/noarch/exceptiongroup-1.1.3-pyhd8ed1ab_0.conda#e6518222753f519e911e83136d2158d9
https://conda.anaconda.org/conda-forge/noarch/execnet-2.0.2-pyhd8ed1ab_0.conda#67de0d8241e1060a479e3c37793e26f9
https://conda.anaconda.org/conda-forge/noarch/fsspec-2023.6.0-pyh1a96a4e_0.conda#50ea2067ec92dfcc38b4f07992d7e235
https://conda.anaconda.org/conda-forge/linux-64/glib-2.66.3-h58526e2_0.tar.bz2#62c2e5c84f6cdc7ded2307ef9c30dc8c
https://conda.anaconda.org/conda-forge/noarch/idna-3.4-pyhd8ed1ab_0.tar.bz2#34272b248891bddccc64479f9a7fffed
https://conda.anaconda.org/conda-forge/noarch/imagesize-1.4.1-pyhd8ed1ab_0.tar.bz2#7de5386c8fea29e76b303f37dde4c352
https://conda.anaconda.org/conda-forge/noarch/iniconfig-2.0.0-pyhd8ed1ab_0.conda#f800d2da156d08e289b14e87e43c1ae5
https://conda.anaconda.org/conda-forge/linux-64/kiwisolver-1.4.5-py38h7f3f72f_0.conda#eec56ac40315e360dd57c2de6604a325
https://conda.anaconda.org/conda-forge/linux-64/libblas-3.8.0-20_mkl.tar.bz2#8fbce60932c01d0e193a1a814f2002be
https://conda.anaconda.org/conda-forge/noarch/locket-1.0.0-pyhd8ed1ab_0.tar.bz2#91e27ef3d05cc772ce627e51cff111c4
https://conda.anaconda.org/conda-forge/linux-64/markupsafe-2.1.3-py38h01eb140_0.conda#17d2a5314adf0f25220eeebb312d00a4
https://conda.anaconda.org/conda-forge/noarch/networkx-3.1-pyhd8ed1ab_0.conda#254f787d5068bc89f578bf63893ce8b4
https://conda.anaconda.org/conda-forge/noarch/packaging-23.1-pyhd8ed1ab_0.conda#91cda59e66e1e4afe9476f8ef98f5c30
https://conda.anaconda.org/conda-forge/linux-64/pillow-9.4.0-py38hde6dc18_1.conda#3de5619d3f556f966189e5251a266125
https://conda.anaconda.org/conda-forge/noarch/pluggy-1.3.0-pyhd8ed1ab_0.conda#2390bd10bed1f3fdc7a537fb5a447d8d
https://conda.anaconda.org/conda-forge/linux-64/psutil-5.9.5-py38h1de0b5d_0.conda#92e899e7b0ed27c793014d1fa54f9b7b
https://conda.anaconda.org/conda-forge/noarch/py-1.11.0-pyh6c4a22f_0.tar.bz2#b4613d7e7a493916d867842a6a148054
https://conda.anaconda.org/conda-forge/noarch/pygments-2.16.1-pyhd8ed1ab_0.conda#40e5cb18165466773619e5c963f00a7b
https://conda.anaconda.org/conda-forge/noarch/pyparsing-3.1.1-pyhd8ed1ab_0.conda#176f7d56f0cfe9008bdf1bccd7de02fb
https://conda.anaconda.org/conda-forge/noarch/pysocks-1.7.1-pyha2e5f31_6.tar.bz2#2a7de29fb590ca14b5243c4c812c8025
https://conda.anaconda.org/conda-forge/noarch/pytz-2023.3-pyhd8ed1ab_0.conda#d3076b483092a435832603243567bc31
https://conda.anaconda.org/conda-forge/linux-64/pyyaml-6.0.1-py38h01eb140_0.conda#ece207648b63c36c16a2caa201509e51
https://conda.anaconda.org/conda-forge/linux-64/setuptools-59.8.0-py38h578d9bd_1.tar.bz2#da023e4a9c777abc28434d7a6473dcc2
https://conda.anaconda.org/conda-forge/noarch/six-1.16.0-pyh6c4a22f_0.tar.bz2#e5f25f8dbc060e9a8d912e432202afc2
https://conda.anaconda.org/conda-forge/noarch/snowballstemmer-2.2.0-pyhd8ed1ab_0.tar.bz2#4d22a9315e78c6827f806065957d566e
https://conda.anaconda.org/conda-forge/noarch/sphinxcontrib-applehelp-1.0.4-pyhd8ed1ab_0.conda#5a31a7d564f551d0e6dff52fd8cb5b16
https://conda.anaconda.org/conda-forge/noarch/sphinxcontrib-devhelp-1.0.2-py_0.tar.bz2#68e01cac9d38d0e717cd5c87bc3d2cc9
https://conda.anaconda.org/conda-forge/noarch/sphinxcontrib-htmlhelp-2.0.1-pyhd8ed1ab_0.conda#6c8c4d6eb2325e59290ac6dbbeacd5f0
https://conda.anaconda.org/conda-forge/noarch/sphinxcontrib-jsmath-1.0.1-pyhd8ed1ab_0.conda#da1d979339e2714c30a8e806a33ec087
https://conda.anaconda.org/conda-forge/noarch/sphinxcontrib-qthelp-1.0.3-py_0.tar.bz2#d01180388e6d1838c3e1ad029590aa7a
https://conda.anaconda.org/conda-forge/noarch/sphinxcontrib-serializinghtml-1.1.5-pyhd8ed1ab_2.tar.bz2#9ff55a0901cf952f05c654394de76bf7
https://conda.anaconda.org/conda-forge/noarch/tenacity-8.2.3-pyhd8ed1ab_0.conda#1482e77f87c6a702a7e05ef22c9b197b
https://conda.anaconda.org/conda-forge/noarch/threadpoolctl-3.2.0-pyha21a80b_0.conda#978d03388b62173b8e6f79162cf52b86
https://conda.anaconda.org/conda-forge/noarch/tomli-2.0.1-pyhd8ed1ab_0.tar.bz2#5844808ffab9ebdb694585b50ba02a96
https://conda.anaconda.org/conda-forge/noarch/toolz-0.12.0-pyhd8ed1ab_0.tar.bz2#92facfec94bc02d6ccf42e7173831a36
https://conda.anaconda.org/conda-forge/linux-64/tornado-6.3.3-py38h01eb140_0.conda#465bbfc0eb2022837d957d045b6b627a
https://conda.anaconda.org/conda-forge/noarch/typing_extensions-4.7.1-pyha770c72_0.conda#c39d6a09fe819de4951c2642629d9115
https://conda.anaconda.org/conda-forge/noarch/wheel-0.41.2-pyhd8ed1ab_0.conda#1ccd092478b3e0ee10d7a891adbf8a4f
https://conda.anaconda.org/conda-forge/noarch/zipp-3.16.2-pyhd8ed1ab_0.conda#2da0451b54c4563c32490cb1b7cf68a1
https://conda.anaconda.org/conda-forge/noarch/babel-2.12.1-pyhd8ed1ab_1.conda#ac432e732804a81ddcf29c92ead57cde
https://conda.anaconda.org/conda-forge/linux-64/cytoolz-0.12.2-py38h01eb140_0.conda#e9d465b78d0b41beeb6bcceb6714520d
https://conda.anaconda.org/conda-forge/linux-64/dbus-1.13.6-hfdff14a_1.tar.bz2#4caaca6356992ee545080c7d7193b5a3
https://conda.anaconda.org/conda-forge/linux-64/gstreamer-1.14.5-h36ae1b5_2.tar.bz2#00084ab2657be5bf0ba0757ccde797ef
https://conda.anaconda.org/conda-forge/noarch/importlib-metadata-6.8.0-pyha770c72_0.conda#4e9f59a060c3be52bc4ddc46ee9b6946
https://conda.anaconda.org/conda-forge/noarch/jinja2-3.1.2-pyhd8ed1ab_1.tar.bz2#c8490ed5c70966d232fdd389d0dbed37
https://conda.anaconda.org/conda-forge/noarch/joblib-1.3.2-pyhd8ed1ab_0.conda#4da50d410f553db77e62ab62ffaa1abc
https://conda.anaconda.org/conda-forge/linux-64/libcblas-3.8.0-20_mkl.tar.bz2#14b25490fdcc44e879ac6c10fe764f68
https://conda.anaconda.org/conda-forge/linux-64/liblapack-3.8.0-20_mkl.tar.bz2#52c0ae3606eeae7e1d493f37f336f4f5
https://conda.anaconda.org/conda-forge/noarch/memory_profiler-0.61.0-pyhd8ed1ab_0.tar.bz2#8b45f9f2b2f7a98b0ec179c8991a4a9b
https://conda.anaconda.org/conda-forge/noarch/partd-1.4.0-pyhd8ed1ab_0.conda#721dab5803ea92ce02ddc4ee50aa0c48
https://conda.anaconda.org/conda-forge/noarch/pip-23.2.1-pyhd8ed1ab_0.conda#e2783aa3f9235225eec92f9081c5b801
https://conda.anaconda.org/conda-forge/noarch/plotly-5.14.0-pyhd8ed1ab_0.conda#6a7bcc42ef58dd6cf3da9333ea102433
https://conda.anaconda.org/conda-forge/noarch/pytest-7.4.0-pyhd8ed1ab_0.conda#3cfe9b9e958e7238a386933c75d190db
https://conda.anaconda.org/conda-forge/noarch/python-dateutil-2.8.2-pyhd8ed1ab_0.tar.bz2#dd999d1cc9f79e67dbb855c8924c7984
https://conda.anaconda.org/conda-forge/noarch/typing-extensions-4.7.1-hd8ed1ab_0.conda#f96688577f1faa58096d06a45136afa2
https://conda.anaconda.org/conda-forge/noarch/urllib3-2.0.4-pyhd8ed1ab_0.conda#18badd8fa3648d1beb1fcc7f2e0f756e
https://conda.anaconda.org/conda-forge/linux-64/gst-plugins-base-1.14.5-h0935bb2_2.tar.bz2#eb125ee86480e00a4a1ed45a577c3311
https://conda.anaconda.org/conda-forge/noarch/importlib_metadata-6.8.0-hd8ed1ab_0.conda#b279b07ce18058034e5b3606ba103a8b
https://conda.anaconda.org/conda-forge/linux-64/liblapacke-3.8.0-20_mkl.tar.bz2#8274dc30518af9df1de47f5d9e73165c
https://conda.anaconda.org/conda-forge/linux-64/numpy-1.17.3-py38h95a1406_0.tar.bz2#bc0cbf611fe2f86eab29b98e51404f5e
https://conda.anaconda.org/conda-forge/noarch/platformdirs-3.10.0-pyhd8ed1ab_0.conda#0809187ef9b89a3d94a5c24d13936236
https://conda.anaconda.org/conda-forge/noarch/pytest-forked-1.6.0-pyhd8ed1ab_0.conda#a46947638b6e005b63d2d6271da529b0
https://conda.anaconda.org/conda-forge/noarch/requests-2.31.0-pyhd8ed1ab_0.conda#a30144e4156cdbb236f99ebb49828f8b
https://conda.anaconda.org/conda-forge/linux-64/blas-2.20-mkl.tar.bz2#e7d09a07f5413e53dca5282b8fa50bed
https://conda.anaconda.org/conda-forge/noarch/dask-core-2023.5.0-pyhd8ed1ab_0.conda#03ed2d040648a5ba1063bf1cb0d87b78
https://conda.anaconda.org/conda-forge/noarch/imageio-2.31.1-pyh24c5eb1_0.conda#1051cc0376612ba101d4f59e954a1ff4
https://conda.anaconda.org/conda-forge/linux-64/matplotlib-base-3.1.3-py38h250f245_0.tar.bz2#eb182969d8ed019d4de6939f393270d2
https://conda.anaconda.org/conda-forge/linux-64/pandas-1.0.5-py38hcb8c335_0.tar.bz2#1e1b4382170fd26cf722ef008ffb651e
https://conda.anaconda.org/conda-forge/noarch/pooch-1.7.0-pyha770c72_3.conda#5936894aade8240c867d292aa0d980c6
https://conda.anaconda.org/conda-forge/noarch/pytest-xdist-2.5.0-pyhd8ed1ab_0.tar.bz2#1fdd1f3baccf0deb647385c677a1a48e
https://conda.anaconda.org/conda-forge/linux-64/pywavelets-1.1.1-py38h5c078b8_3.tar.bz2#dafeef887e68bd18ec84681747ca0fd5
https://conda.anaconda.org/conda-forge/linux-64/qt-5.12.5-hd8c4c69_1.tar.bz2#0e105d4afe0c3c81c4fbd9937ec4f359
https://conda.anaconda.org/conda-forge/linux-64/scipy-1.5.0-py38h18bccfc_0.tar.bz2#b6fda3b4ee494afef756621daa115d4d
https://conda.anaconda.org/conda-forge/noarch/sphinx-6.0.0-pyhd8ed1ab_2.conda#ac1d3b55da1669ee3a56973054fd7efb
https://conda.anaconda.org/conda-forge/noarch/numpydoc-1.2-pyhd8ed1ab_0.tar.bz2#025ad7ca2c7f65007ab6b6f5d93a56eb
https://conda.anaconda.org/conda-forge/noarch/patsy-0.5.3-pyhd8ed1ab_0.tar.bz2#50ef6b29b1fb0768ca82c5aeb4fb2d96
https://conda.anaconda.org/conda-forge/linux-64/pyamg-4.0.0-py38hf6732f7_1003.tar.bz2#44e00bf7a4b6a564e9313181aaea2615
https://conda.anaconda.org/conda-forge/linux-64/pyqt-5.12.3-py38ha8c2ead_3.tar.bz2#242c206b0c30fdc4c18aea16f04c4262
https://conda.anaconda.org/conda-forge/linux-64/scikit-image-0.16.2-py38hb3f55d8_0.tar.bz2#468b398fefac8884cd6e6513af66549b
https://conda.anaconda.org/conda-forge/noarch/seaborn-base-0.12.2-pyhd8ed1ab_0.conda#cf88f3a1c11536bc3c10c14ad00ccc42
https://conda.anaconda.org/conda-forge/noarch/sphinx-copybutton-0.5.2-pyhd8ed1ab_0.conda#ac832cc43adc79118cf6e23f1f9b8995
https://conda.anaconda.org/conda-forge/noarch/sphinx-gallery-0.10.1-pyhd8ed1ab_0.tar.bz2#4918585fe5e5341740f7e63c61743efb
https://conda.anaconda.org/conda-forge/noarch/sphinx-prompt-1.3.0-py_0.tar.bz2#9363002e2a134a287af4e32ff0f26cdc
https://conda.anaconda.org/conda-forge/linux-64/matplotlib-3.1.3-py38_0.tar.bz2#1992ab91bbff86ded8d99d1f488d8e8b
https://conda.anaconda.org/conda-forge/linux-64/statsmodels-0.12.2-py38h5c078b8_0.tar.bz2#33787719ad03d33cffc4e2e3ea82bc9e
https://conda.anaconda.org/conda-forge/noarch/seaborn-0.12.2-hd8ed1ab_0.conda#50847a47c07812f88581081c620f5160
# pip sphinxext-opengraph @ https://files.pythonhosted.org/packages/50/ac/c105ed3e0a00b14b28c0aa630935af858fd8a32affeff19574b16e2c6ae8/sphinxext_opengraph-0.4.2-py3-none-any.whl#sha256=a51f2604f9a5b6c0d25d3a88e694d5c02e20812dc0e482adf96c8628f9109357
